
Microsoft Visual Studio Solution File, Format Version 12.00
# Visual Studio Version 17
VisualStudioVersion = 17.3.32901.215
MinimumVisualStudioVersion = 10.0.40219.1
Project("{8BC9CEB8-8B4A-11D0-8D11-00A0C91BC942}") = "prog6-1", "prog6-1\prog6-1.vcxproj", "{2A7FD46F-DE9D-4E0B-B1A6-69BDE3B558B8}"
EndProject
Project("{8BC9CEB8-8B4A-11D0-8D11-00A0C91BC942}") = "prog6-2", "prog6-2\prog6-2.vcxproj", "{1D9524E0-5779-40CF-BA98-34D149A260F3}"
EndProject
Project("{8BC9CEB8-8B4A-11D0-8D11-00A0C91BC942}") = "prog6-3", "prog6-3\prog6-3.vcxproj", "{E67819E1-446D-4E72-8019-466D57FF7557}"
EndProject
Project("{8BC9CEB8-8B4A-11D0-8D11-00A0C91BC942}") = "prog6-8", "prog6-8\prog6-8.vcxproj", "{FE91765F-3291-459A-918A-62F492078378}"
EndProject
Project("{8BC9CEB8-8B4A-11D0-8D11-00A0C91BC942}") = "prog6-13", "prog6-13\prog6-13.vcxproj", "{433ADB78-103F-4046-82E9-C60276458252}"
EndProject
Project("{8BC9CEB8-8B4A-11D0-8D11-00A0C91BC942}") = "prog6-16", "prog6-16\prog6-16.vcxproj", "{CF9C15D5-8CA0-487B-9432-C5976E1151C7}"
EndProject
Project("{8BC9CEB8-8B4A-11D0-8D11-00A0C91BC942}") = "prog6-17", "prog6-17\prog6-17.vcxproj", "{99DD21C6-C14C-45DF-BE33-9974C59F0C4D}"
EndProject
Project("{8BC9CEB8-8B4A-11D0-8D11-00A0C91BC942}") = "prog6-19", "prog6-19\prog6-19.vcxproj", "{C2DDD540-3E96-46EF-9E21-71C61CB21C04}"
EndProject
Project("{8BC9CEB8-8B4A-11D0-8D11-00A0C91BC942}") = "prog6-26", "prog6-26\prog6-26.vcxproj", "{7287788D-76F4-4107-8D72-2EC5A548FDD3}"
EndProject
Project("{8BC9CEB8-8B4A-11D0-8D11-00A0C91BC942}") = "prog6-27", "prog6-27\prog6-27.vcxproj", "{C86318ED-E5A6-4399-90E7-BC12BA7A910B}"
EndProject
Project("{8BC9CEB8-8B4A-11D0-8D11-00A0C91BC942}") = "prog6-28", "prog6-28\prog6-28.vcxproj", "{78B89BCC-58B8-492E-82F4-AC8D7F31C0C7}"
EndProject
Project("{8BC9CEB8-8B4A-11D0-8D11-00A0C91BC942}") = "prog6-30", "prog6-30\prog6-30.vcxproj", "{DDF6256A-433B-4E37-BFB2-6EF6F1CA1306}"
EndProject
Project("{8BC9CEB8-8B4A-11D0-8D11-00A0C91BC942}") = "prog6-31", "prog6-31\prog6-31.vcxproj", "{33E98FBB-6E20-458D-ABEB-A6886BE80A45}"
EndProject
Project("{8BC9CEB8-8B4A-11D0-8D11-00A0C91BC942}") = "prog6-34", "prog6-34\prog6-34.vcxproj", "{CBA713E8-44FF-4E46-AE78-259CF90FBB50}"
EndProject
Project("{8BC9CEB8-8B4A-11D0-8D11-00A0C91BC942}") = "prog6-4", "prog6-4\prog6-4.vcxproj", "{58EBCB6D-2D5E-4F24-9BAE-68E1DFD710E1}"
EndProject
Project("{8BC9CEB8-8B4A-11D0-8D11-00A0C91BC942}") = "prog6-5", "prog6-5\prog6-5.vcxproj", "{BAF2441C-A70F-40C8-9C01-6848FD1904E0}"
EndProject
Project("{8BC9CEB8-8B4A-11D0-8D11-00A0C91BC942}") = "prog6-6", "prog6-6\prog6-6.vcxproj", "{703A88F5-1A98-4DC3-997B-9B046D2FC09C}"
EndProject
Project("{8BC9CEB8-8B4A-11D0-8D11-00A0C91BC942}") = "prog6-7", "prog6-7\prog6-7.vcxproj", "{0D863A66-5E82-41AE-A412-8225A6357F35}"
EndProject
Project("{8BC9CEB8-8B4A-11D0-8D11-00A0C91BC942}") = "prog6-9", "prog6-9\prog6-9.vcxproj", "{1FDE8900-9BC1-4603-9E8D-DDD3B3CF2D46}"
EndProject
Project("{8BC9CEB8-8B4A-11D0-8D11-00A0C91BC942}") = "prog6-10", "prog6-10\prog6-10.vcxproj", "{B049BB5A-5AF2-40F9-9294-6745520F9567}"
EndProject
Project("{8BC9CEB8-8B4A-11D0-8D11-00A0C91BC942}") = "prog6-11", "prog6-11\prog6-11.vcxproj", "{5199231B-AA5C-4D47-A390-D549A233D409}"
EndProject
Project("{8BC9CEB8-8B4A-11D0-8D11-00A0C91BC942}") = "prog6-12", "prog6-12\prog6-12.vcxproj", "{B12D4560-B6AD-44AF-B984-222B96597742}"
EndProject
Project("{8BC9CEB8-8B4A-11D0-8D11-00A0C91BC942}") = "prog6-14", "prog6-14\prog6-14.vcxproj", "{C3BE84AC-D9CF-4122-91E4-F374C5AA4171}"
EndProject
Project("{8BC9CEB8-8B4A-11D0-8D11-00A0C91BC942}") = "prog6-15", "prog6-15\prog6-15.vcxproj", "{D863105A-56FA-4CC9-A926-9FCB6D1FBDC6}"
EndProject
Project("{8BC9CEB8-8B4A-11D0-8D11-00A0C91BC942}") = "prog6-18", "prog6-18\prog6-18.vcxproj", "{82266F1C-8D90-4DA1-9096-59CDB2678F9D}"
EndProject
Project("{8BC9CEB8-8B4A-11D0-8D11-00A0C91BC942}") = "prog6-20", "prog6-20\prog6-20.vcxproj", "{55A81DA9-2E84-4B59-9184-888E796B9116}"
EndProject
Project("{8BC9CEB8-8B4A-11D0-8D11-00A0C91BC942}") = "prog6-21", "prog6-21\prog6-21.vcxproj", "{90B3D320-3364-4A5E-B7C2-2DAC28F6AF8E}"
EndProject
Project("{8BC9CEB8-8B4A-11D0-8D11-00A0C91BC942}") = "prog6-22", "prog6-22\prog6-22.vcxproj", "{63F76516-39A9-4332-8705-3C2281E7B817}"
EndProject
Project("{8BC9CEB8-8B4A-11D0-8D11-00A0C91BC942}") = "prog6-23", "prog6-23\prog6-23.vcxproj", "{D29BB046-6DB1-4DC5-9A21-8A18EC13F088}"
EndProject
Project("{8BC9CEB8-8B4A-11D0-8D11-00A0C91BC942}") = "prog6-24", "prog6-24\prog6-24.vcxproj", "{4F147AC4-DC8F-4F4A-BFAA-591809572711}"
EndProject
Project("{8BC9CEB8-8B4A-11D0-8D11-00A0C91BC942}") = "prog6-29", "prog6-29\prog6-29.vcxproj", "{75092F90-FE36-408A-80FE-C556F3B17785}"
EndProject
Project("{8BC9CEB8-8B4A-11D0-8D11-00A0C91BC942}") = "prog6-32", "prog6-32\prog6-32.vcxproj", "{D2DA651E-975A-4442-9BCD-D607D6A8D735}"
EndProject
Project("{8BC9CEB8-8B4A-11D0-8D11-00A0C91BC942}") = "prog6-33", "prog6-33\prog6-33.vcxproj", "{A2993F0B-ABC8-4918-9374-4935DFAEA5DD}"
EndProject
Project("{8BC9CEB8-8B4A-11D0-8D11-00A0C91BC942}") = "prog6-35", "prog6-35\prog6-35.vcxproj", "{FD4213FF-A666-4F27-8897-1739618CD8A8}"
EndProject
Project("{8BC9CEB8-8B4A-11D0-8D11-00A0C91BC942}") = "prog6-36", "prog6-36\prog6-36.vcxproj", "{0B24C1EC-EAB0-444E-AF0B-25AEC9456009}"
EndProject
Project("{8BC9CEB8-8B4A-11D0-8D11-00A0C91BC942}") = "prog6-37", "prog6-37\prog6-37.vcxproj", "{2B439ECA-7079-444D-BE85-D8F8D6F44FB9}"
EndProject
Project("{8BC9CEB8-8B4A-11D0-8D11-00A0C91BC942}") = "exec6-1", "exec-\exec-.vcxproj", "{AC761795-ACD8-4552-B056-0A248FC1690B}"
EndProject
Project("{8BC9CEB8-8B4A-11D0-8D11-00A0C91BC942}") = "exec6-2", "exec6-2\exec6-2.vcxproj", "{5382B0E3-1B18-4236-B822-9C3777AED9AE}"
EndProject
Project("{8BC9CEB8-8B4A-11D0-8D11-00A0C91BC942}") = "exec6-3", "exec6-3\exec6-3.vcxproj", "{325718B4-B9C8-4CEB-B86B-A98F996E9C69}"
EndProject
Project("{8BC9CEB8-8B4A-11D0-8D11-00A0C91BC942}") = "exec6-4", "exec6-4\exec6-4.vcxproj", "{3329A08B-24B5-412B-A365-BCF00EAE2FCF}"
EndProject
Project("{8BC9CEB8-8B4A-11D0-8D11-00A0C91BC942}") = "exec6-6", "exec6-6\exec6-6.vcxproj", "{0715D473-1765-4C18-BEFF-55319828F948}"
EndProject
Project("{8BC9CEB8-8B4A-11D0-8D11-00A0C91BC942}") = "hw6-1a", "hw6-1\hw6-1.vcxproj", "{0D2C51DA-CB5E-4DBA-B467-EABF52349180}"
EndProject
Project("{8BC9CEB8-8B4A-11D0-8D11-00A0C91BC942}") = "hw6-1b", "hw6-1b\hw6-1b.vcxproj", "{56E9383F-9516-48AE-8919-66430D5189E0}"
EndProject
Project("{8BC9CEB8-8B4A-11D0-8D11-00A0C91BC942}") = "exec6-7", "exec6-7\exec6-7.vcxproj", "{E0774C73-E173-4CEC-A26F-4B4E569CFBA8}"
EndProject
Project("{8BC9CEB8-8B4A-11D0-8D11-00A0C91BC942}") = "exec6-7a", "exec6-7a\exec6-7a.vcxproj", "{B872837D-2EBD-4E7F-8A49-6CA165F21F00}"
EndProject
Project("{8BC9CEB8-8B4A-11D0-8D11-00A0C91BC942}") = "exec6-9", "exec6-9\exec6-9.vcxproj", "{443C5221-3165-468B-806A-A1AEB2F99D7B}"
EndProject
Project("{8BC9CEB8-8B4A-11D0-8D11-00A0C91BC942}") = "exec6-15", "exec6-15\exec6-15.vcxproj", "{7779E10F-34DF-4B26-9F39-E40FBF3F2812}"
EndProject
Project("{8BC9CEB8-8B4A-11D0-8D11-00A0C91BC942}") = "exec6-16", "exec6-1\exec6-1.vcxproj", "{C6A5B754-64CC-4445-904C-8C0997881546}"
EndProject
Project("{8BC9CEB8-8B4A-11D0-8D11-00A0C91BC942}") = "exec6-18", "exec6-18\exec6-18.vcxproj", "{EDFCBE76-5229-464A-B6BE-57E3A1F2B594}"
EndProject
Project("{8BC9CEB8-8B4A-11D0-8D11-00A0C91BC942}") = "exec6-20", "exec6-20\exec6-20.vcxproj", "{81A99DD9-34FE-487C-BFDF-01A792CBF44E}"
EndProject
Project("{8BC9CEB8-8B4A-11D0-8D11-00A0C91BC942}") = "exec6-24", "exec6-24\exec6-24.vcxproj", "{3051E1BB-41B9-429B-8C83-79CF9C538A01}"
EndProject
Project("{8BC9CEB8-8B4A-11D0-8D11-00A0C91BC942}") = "hw6-7", "hw6-7\hw6-7.vcxproj", "{ACE7CA21-E071-41E6-B7C7-99D856F6D816}"
EndProject
Project("{8BC9CEB8-8B4A-11D0-8D11-00A0C91BC942}") = "hw6-2a", "hw6-2\hw6-2.vcxproj", "{02DCCA08-1C9F-4B38-A225-D9C64DE7CB65}"
EndProject
Project("{8BC9CEB8-8B4A-11D0-8D11-00A0C91BC942}") = "exec6-28", "exec6-28\exec6-28.vcxproj", "{1D706448-B21A-4A83-B843-5031A49463A0}"
EndProject
Project("{8BC9CEB8-8B4A-11D0-8D11-00A0C91BC942}") = "exec6-28a", "exec6-28a\exec6-28a.vcxproj", "{62B10986-F76F-4774-833E-5ADE2709A977}"
EndProject
Project("{8BC9CEB8-8B4A-11D0-8D11-00A0C91BC942}") = "exec6-30", "exec6-30\exec6-30.vcxproj", "{42F8FD79-8A70-468B-B1A1-E167FF3691D4}"
EndProject
Project("{8BC9CEB8-8B4A-11D0-8D11-00A0C91BC942}") = "exec6-30a", "exec6-30a\exec6-30a.vcxproj", "{1B4A69CE-68E0-432F-9745-F1859E4E89D0}"
EndProject
Project("{8BC9CEB8-8B4A-11D0-8D11-00A0C91BC942}") = "exec6-31", "exec6-31\exec6-31.vcxproj", "{3FC5CAEC-6AF2-4DE2-B14C-BBAE4D14DCEF}"
EndProject
Project("{8BC9CEB8-8B4A-11D0-8D11-00A0C91BC942}") = "hw6-9", "hw6-9\hw6-9.vcxproj", "{9B0CEA47-D4B9-485E-93D0-DB311AF62299}"
EndProject
Project("{8BC9CEB8-8B4A-11D0-8D11-00A0C91BC942}") = "exec6-34", "exec6-34\exec6-34.vcxproj", "{B144B8A5-2E6A-4B42-9919-E699E4E440DE}"
EndProject
Project("{8BC9CEB8-8B4A-11D0-8D11-00A0C91BC942}") = "exec6-35", "exec6-35\exec6-35.vcxproj", "{01D2E8D6-9206-4773-8EBD-B962E1F1DFE5}"
EndProject
Project("{8BC9CEB8-8B4A-11D0-8D11-00A0C91BC942}") = "exec6-35a", "exec6-35a\exec6-35a.vcxproj", "{E1CADA49-B65B-486C-ACAE-57FF9DC4F6B9}"
EndProject
Project("{8BC9CEB8-8B4A-11D0-8D11-00A0C91BC942}") = "hw6-3", "hw6-3\hw6-3.vcxproj", "{5E7E04DD-5CB1-4053-8C5B-727A18888433}"
EndProject
Project("{8BC9CEB8-8B4A-11D0-8D11-00A0C91BC942}") = "hw6-11", "hw6-11\hw6-11.vcxproj", "{D4E34EC0-6892-4468-8F3C-1E2BF0FAFFDC}"
EndProject
Global
	GlobalSection(SolutionConfigurationPlatforms) = preSolution
		Debug|x64 = Debug|x64
		Debug|x86 = Debug|x86
		Release|x64 = Release|x64
		Release|x86 = Release|x86
	EndGlobalSection
	GlobalSection(ProjectConfigurationPlatforms) = postSolution
		{2A7FD46F-DE9D-4E0B-B1A6-69BDE3B558B8}.Debug|x64.ActiveCfg = Debug|x64
		{2A7FD46F-DE9D-4E0B-B1A6-69BDE3B558B8}.Debug|x64.Build.0 = Debug|x64
		{2A7FD46F-DE9D-4E0B-B1A6-69BDE3B558B8}.Debug|x86.ActiveCfg = Debug|Win32
		{2A7FD46F-DE9D-4E0B-B1A6-69BDE3B558B8}.Debug|x86.Build.0 = Debug|Win32
		{2A7FD46F-DE9D-4E0B-B1A6-69BDE3B558B8}.Release|x64.ActiveCfg = Release|x64
		{2A7FD46F-DE9D-4E0B-B1A6-69BDE3B558B8}.Release|x64.Build.0 = Release|x64
		{2A7FD46F-DE9D-4E0B-B1A6-69BDE3B558B8}.Release|x86.ActiveCfg = Release|Win32
		{2A7FD46F-DE9D-4E0B-B1A6-69BDE3B558B8}.Release|x86.Build.0 = Release|Win32
		{1D9524E0-5779-40CF-BA98-34D149A260F3}.Debug|x64.ActiveCfg = Debug|x64
		{1D9524E0-5779-40CF-BA98-34D149A260F3}.Debug|x64.Build.0 = Debug|x64
		{1D9524E0-5779-40CF-BA98-34D149A260F3}.Debug|x86.ActiveCfg = Debug|Win32
		{1D9524E0-5779-40CF-BA98-34D149A260F3}.Debug|x86.Build.0 = Debug|Win32
		{1D9524E0-5779-40CF-BA98-34D149A260F3}.Release|x64.ActiveCfg = Release|x64
		{1D9524E0-5779-40CF-BA98-34D149A260F3}.Release|x64.Build.0 = Release|x64
		{1D9524E0-5779-40CF-BA98-34D149A260F3}.Release|x86.ActiveCfg = Release|Win32
		{1D9524E0-5779-40CF-BA98-34D149A260F3}.Release|x86.Build.0 = Release|Win32
		{E67819E1-446D-4E72-8019-466D57FF7557}.Debug|x64.ActiveCfg = Debug|x64
		{E67819E1-446D-4E72-8019-466D57FF7557}.Debug|x64.Build.0 = Debug|x64
		{E67819E1-446D-4E72-8019-466D57FF7557}.Debug|x86.ActiveCfg = Debug|Win32
		{E67819E1-446D-4E72-8019-466D57FF7557}.Debug|x86.Build.0 = Debug|Win32
		{E67819E1-446D-4E72-8019-466D57FF7557}.Release|x64.ActiveCfg = Release|x64
		{E67819E1-446D-4E72-8019-466D57FF7557}.Release|x64.Build.0 = Release|x64
		{E67819E1-446D-4E72-8019-466D57FF7557}.Release|x86.ActiveCfg = Release|Win32
		{E67819E1-446D-4E72-8019-466D57FF7557}.Release|x86.Build.0 = Release|Win32
		{FE91765F-3291-459A-918A-62F492078378}.Debug|x64.ActiveCfg = Debug|x64
		{FE91765F-3291-459A-918A-62F492078378}.Debug|x64.Build.0 = Debug|x64
		{FE91765F-3291-459A-918A-62F492078378}.Debug|x86.ActiveCfg = Debug|Win32
		{FE91765F-3291-459A-918A-62F492078378}.Debug|x86.Build.0 = Debug|Win32
		{FE91765F-3291-459A-918A-62F492078378}.Release|x64.ActiveCfg = Release|x64
		{FE91765F-3291-459A-918A-62F492078378}.Release|x64.Build.0 = Release|x64
		{FE91765F-3291-459A-918A-62F492078378}.Release|x86.ActiveCfg = Release|Win32
		{FE91765F-3291-459A-918A-62F492078378}.Release|x86.Build.0 = Release|Win32
		{433ADB78-103F-4046-82E9-C60276458252}.Debug|x64.ActiveCfg = Debug|x64
		{433ADB78-103F-4046-82E9-C60276458252}.Debug|x64.Build.0 = Debug|x64
		{433ADB78-103F-4046-82E9-C60276458252}.Debug|x86.ActiveCfg = Debug|Win32
		{433ADB78-103F-4046-82E9-C60276458252}.Debug|x86.Build.0 = Debug|Win32
		{433ADB78-103F-4046-82E9-C60276458252}.Release|x64.ActiveCfg = Release|x64
		{433ADB78-103F-4046-82E9-C60276458252}.Release|x64.Build.0 = Release|x64
		{433ADB78-103F-4046-82E9-C60276458252}.Release|x86.ActiveCfg = Release|Win32
		{433ADB78-103F-4046-82E9-C60276458252}.Release|x86.Build.0 = Release|Win32
		{CF9C15D5-8CA0-487B-9432-C5976E1151C7}.Debug|x64.ActiveCfg = Debug|x64
		{CF9C15D5-8CA0-487B-9432-C5976E1151C7}.Debug|x64.Build.0 = Debug|x64
		{CF9C15D5-8CA0-487B-9432-C5976E1151C7}.Debug|x86.ActiveCfg = Debug|Win32
		{CF9C15D5-8CA0-487B-9432-C5976E1151C7}.Debug|x86.Build.0 = Debug|Win32
		{CF9C15D5-8CA0-487B-9432-C5976E1151C7}.Release|x64.ActiveCfg = Release|x64
		{CF9C15D5-8CA0-487B-9432-C5976E1151C7}.Release|x64.Build.0 = Release|x64
		{CF9C15D5-8CA0-487B-9432-C5976E1151C7}.Release|x86.ActiveCfg = Release|Win32
		{CF9C15D5-8CA0-487B-9432-C5976E1151C7}.Release|x86.Build.0 = Release|Win32
		{99DD21C6-C14C-45DF-BE33-9974C59F0C4D}.Debug|x64.ActiveCfg = Debug|x64
		{99DD21C6-C14C-45DF-BE33-9974C59F0C4D}.Debug|x64.Build.0 = Debug|x64
		{99DD21C6-C14C-45DF-BE33-9974C59F0C4D}.Debug|x86.ActiveCfg = Debug|Win32
		{99DD21C6-C14C-45DF-BE33-9974C59F0C4D}.Debug|x86.Build.0 = Debug|Win32
		{99DD21C6-C14C-45DF-BE33-9974C59F0C4D}.Release|x64.ActiveCfg = Release|x64
		{99DD21C6-C14C-45DF-BE33-9974C59F0C4D}.Release|x64.Build.0 = Release|x64
		{99DD21C6-C14C-45DF-BE33-9974C59F0C4D}.Release|x86.ActiveCfg = Release|Win32
		{99DD21C6-C14C-45DF-BE33-9974C59F0C4D}.Release|x86.Build.0 = Release|Win32
		{C2DDD540-3E96-46EF-9E21-71C61CB21C04}.Debug|x64.ActiveCfg = Debug|x64
		{C2DDD540-3E96-46EF-9E21-71C61CB21C04}.Debug|x64.Build.0 = Debug|x64
		{C2DDD540-3E96-46EF-9E21-71C61CB21C04}.Debug|x86.ActiveCfg = Debug|Win32
		{C2DDD540-3E96-46EF-9E21-71C61CB21C04}.Debug|x86.Build.0 = Debug|Win32
		{C2DDD540-3E96-46EF-9E21-71C61CB21C04}.Release|x64.ActiveCfg = Release|x64
		{C2DDD540-3E96-46EF-9E21-71C61CB21C04}.Release|x64.Build.0 = Release|x64
		{C2DDD540-3E96-46EF-9E21-71C61CB21C04}.Release|x86.ActiveCfg = Release|Win32
		{C2DDD540-3E96-46EF-9E21-71C61CB21C04}.Release|x86.Build.0 = Release|Win32
		{7287788D-76F4-4107-8D72-2EC5A548FDD3}.Debug|x64.ActiveCfg = Debug|x64
		{7287788D-76F4-4107-8D72-2EC5A548FDD3}.Debug|x64.Build.0 = Debug|x64
		{7287788D-76F4-4107-8D72-2EC5A548FDD3}.Debug|x86.ActiveCfg = Debug|Win32
		{7287788D-76F4-4107-8D72-2EC5A548FDD3}.Debug|x86.Build.0 = Debug|Win32
		{7287788D-76F4-4107-8D72-2EC5A548FDD3}.Release|x64.ActiveCfg = Release|x64
		{7287788D-76F4-4107-8D72-2EC5A548FDD3}.Release|x64.Build.0 = Release|x64
		{7287788D-76F4-4107-8D72-2EC5A548FDD3}.Release|x86.ActiveCfg = Release|Win32
		{7287788D-76F4-4107-8D72-2EC5A548FDD3}.Release|x86.Build.0 = Release|Win32
		{C86318ED-E5A6-4399-90E7-BC12BA7A910B}.Debug|x64.ActiveCfg = Debug|x64
		{C86318ED-E5A6-4399-90E7-BC12BA7A910B}.Debug|x64.Build.0 = Debug|x64
		{C86318ED-E5A6-4399-90E7-BC12BA7A910B}.Debug|x86.ActiveCfg = Debug|Win32
		{C86318ED-E5A6-4399-90E7-BC12BA7A910B}.Debug|x86.Build.0 = Debug|Win32
		{C86318ED-E5A6-4399-90E7-BC12BA7A910B}.Release|x64.ActiveCfg = Release|x64
		{C86318ED-E5A6-4399-90E7-BC12BA7A910B}.Release|x64.Build.0 = Release|x64
		{C86318ED-E5A6-4399-90E7-BC12BA7A910B}.Release|x86.ActiveCfg = Release|Win32
		{C86318ED-E5A6-4399-90E7-BC12BA7A910B}.Release|x86.Build.0 = Release|Win32
		{78B89BCC-58B8-492E-82F4-AC8D7F31C0C7}.Debug|x64.ActiveCfg = Debug|x64
		{78B89BCC-58B8-492E-82F4-AC8D7F31C0C7}.Debug|x64.Build.0 = Debug|x64
		{78B89BCC-58B8-492E-82F4-AC8D7F31C0C7}.Debug|x86.ActiveCfg = Debug|Win32
		{78B89BCC-58B8-492E-82F4-AC8D7F31C0C7}.Debug|x86.Build.0 = Debug|Win32
		{78B89BCC-58B8-492E-82F4-AC8D7F31C0C7}.Release|x64.ActiveCfg = Release|x64
		{78B89BCC-58B8-492E-82F4-AC8D7F31C0C7}.Release|x64.Build.0 = Release|x64
		{78B89BCC-58B8-492E-82F4-AC8D7F31C0C7}.Release|x86.ActiveCfg = Release|Win32
		{78B89BCC-58B8-492E-82F4-AC8D7F31C0C7}.Release|x86.Build.0 = Release|Win32
		{DDF6256A-433B-4E37-BFB2-6EF6F1CA1306}.Debug|x64.ActiveCfg = Debug|x64
		{DDF6256A-433B-4E37-BFB2-6EF6F1CA1306}.Debug|x64.Build.0 = Debug|x64
		{DDF6256A-433B-4E37-BFB2-6EF6F1CA1306}.Debug|x86.ActiveCfg = Debug|Win32
		{DDF6256A-433B-4E37-BFB2-6EF6F1CA1306}.Debug|x86.Build.0 = Debug|Win32
		{DDF6256A-433B-4E37-BFB2-6EF6F1CA1306}.Release|x64.ActiveCfg = Release|x64
		{DDF6256A-433B-4E37-BFB2-6EF6F1CA1306}.Release|x64.Build.0 = Release|x64
		{DDF6256A-433B-4E37-BFB2-6EF6F1CA1306}.Release|x86.ActiveCfg = Release|Win32
		{DDF6256A-433B-4E37-BFB2-6EF6F1CA1306}.Release|x86.Build.0 = Release|Win32
		{33E98FBB-6E20-458D-ABEB-A6886BE80A45}.Debug|x64.ActiveCfg = Debug|x64
		{33E98FBB-6E20-458D-ABEB-A6886BE80A45}.Debug|x64.Build.0 = Debug|x64
		{33E98FBB-6E20-458D-ABEB-A6886BE80A45}.Debug|x86.ActiveCfg = Debug|Win32
		{33E98FBB-6E20-458D-ABEB-A6886BE80A45}.Debug|x86.Build.0 = Debug|Win32
		{33E98FBB-6E20-458D-ABEB-A6886BE80A45}.Release|x64.ActiveCfg = Release|x64
		{33E98FBB-6E20-458D-ABEB-A6886BE80A45}.Release|x64.Build.0 = Release|x64
		{33E98FBB-6E20-458D-ABEB-A6886BE80A45}.Release|x86.ActiveCfg = Release|Win32
		{33E98FBB-6E20-458D-ABEB-A6886BE80A45}.Release|x86.Build.0 = Release|Win32
		{CBA713E8-44FF-4E46-AE78-259CF90FBB50}.Debug|x64.ActiveCfg = Debug|x64
		{CBA713E8-44FF-4E46-AE78-259CF90FBB50}.Debug|x64.Build.0 = Debug|x64
		{CBA713E8-44FF-4E46-AE78-259CF90FBB50}.Debug|x86.ActiveCfg = Debug|Win32
		{CBA713E8-44FF-4E46-AE78-259CF90FBB50}.Debug|x86.Build.0 = Debug|Win32
		{CBA713E8-44FF-4E46-AE78-259CF90FBB50}.Release|x64.ActiveCfg = Release|x64
		{CBA713E8-44FF-4E46-AE78-259CF90FBB50}.Release|x64.Build.0 = Release|x64
		{CBA713E8-44FF-4E46-AE78-259CF90FBB50}.Release|x86.ActiveCfg = Release|Win32
		{CBA713E8-44FF-4E46-AE78-259CF90FBB50}.Release|x86.Build.0 = Release|Win32
		{58EBCB6D-2D5E-4F24-9BAE-68E1DFD710E1}.Debug|x64.ActiveCfg = Debug|x64
		{58EBCB6D-2D5E-4F24-9BAE-68E1DFD710E1}.Debug|x64.Build.0 = Debug|x64
		{58EBCB6D-2D5E-4F24-9BAE-68E1DFD710E1}.Debug|x86.ActiveCfg = Debug|Win32
		{58EBCB6D-2D5E-4F24-9BAE-68E1DFD710E1}.Debug|x86.Build.0 = Debug|Win32
		{58EBCB6D-2D5E-4F24-9BAE-68E1DFD710E1}.Release|x64.ActiveCfg = Release|x64
		{58EBCB6D-2D5E-4F24-9BAE-68E1DFD710E1}.Release|x64.Build.0 = Release|x64
		{58EBCB6D-2D5E-4F24-9BAE-68E1DFD710E1}.Release|x86.ActiveCfg = Release|Win32
		{58EBCB6D-2D5E-4F24-9BAE-68E1DFD710E1}.Release|x86.Build.0 = Release|Win32
		{BAF2441C-A70F-40C8-9C01-6848FD1904E0}.Debug|x64.ActiveCfg = Debug|x64
		{BAF2441C-A70F-40C8-9C01-6848FD1904E0}.Debug|x64.Build.0 = Debug|x64
		{BAF2441C-A70F-40C8-9C01-6848FD1904E0}.Debug|x86.ActiveCfg = Debug|Win32
		{BAF2441C-A70F-40C8-9C01-6848FD1904E0}.Debug|x86.Build.0 = Debug|Win32
		{BAF2441C-A70F-40C8-9C01-6848FD1904E0}.Release|x64.ActiveCfg = Release|x64
		{BAF2441C-A70F-40C8-9C01-6848FD1904E0}.Release|x64.Build.0 = Release|x64
		{BAF2441C-A70F-40C8-9C01-6848FD1904E0}.Release|x86.ActiveCfg = Release|Win32
		{BAF2441C-A70F-40C8-9C01-6848FD1904E0}.Release|x86.Build.0 = Release|Win32
		{703A88F5-1A98-4DC3-997B-9B046D2FC09C}.Debug|x64.ActiveCfg = Debug|x64
		{703A88F5-1A98-4DC3-997B-9B046D2FC09C}.Debug|x64.Build.0 = Debug|x64
		{703A88F5-1A98-4DC3-997B-9B046D2FC09C}.Debug|x86.ActiveCfg = Debug|Win32
		{703A88F5-1A98-4DC3-997B-9B046D2FC09C}.Debug|x86.Build.0 = Debug|Win32
		{703A88F5-1A98-4DC3-997B-9B046D2FC09C}.Release|x64.ActiveCfg = Release|x64
		{703A88F5-1A98-4DC3-997B-9B046D2FC09C}.Release|x64.Build.0 = Release|x64
		{703A88F5-1A98-4DC3-997B-9B046D2FC09C}.Release|x86.ActiveCfg = Release|Win32
		{703A88F5-1A98-4DC3-997B-9B046D2FC09C}.Release|x86.Build.0 = Release|Win32
		{0D863A66-5E82-41AE-A412-8225A6357F35}.Debug|x64.ActiveCfg = Debug|x64
		{0D863A66-5E82-41AE-A412-8225A6357F35}.Debug|x64.Build.0 = Debug|x64
		{0D863A66-5E82-41AE-A412-8225A6357F35}.Debug|x86.ActiveCfg = Debug|Win32
		{0D863A66-5E82-41AE-A412-8225A6357F35}.Debug|x86.Build.0 = Debug|Win32
		{0D863A66-5E82-41AE-A412-8225A6357F35}.Release|x64.ActiveCfg = Release|x64
		{0D863A66-5E82-41AE-A412-8225A6357F35}.Release|x64.Build.0 = Release|x64
		{0D863A66-5E82-41AE-A412-8225A6357F35}.Release|x86.ActiveCfg = Release|Win32
		{0D863A66-5E82-41AE-A412-8225A6357F35}.Release|x86.Build.0 = Release|Win32
		{1FDE8900-9BC1-4603-9E8D-DDD3B3CF2D46}.Debug|x64.ActiveCfg = Debug|x64
		{1FDE8900-9BC1-4603-9E8D-DDD3B3CF2D46}.Debug|x64.Build.0 = Debug|x64
		{1FDE8900-9BC1-4603-9E8D-DDD3B3CF2D46}.Debug|x86.ActiveCfg = Debug|Win32
		{1FDE8900-9BC1-4603-9E8D-DDD3B3CF2D46}.Debug|x86.Build.0 = Debug|Win32
		{1FDE8900-9BC1-4603-9E8D-DDD3B3CF2D46}.Release|x64.ActiveCfg = Release|x64
		{1FDE8900-9BC1-4603-9E8D-DDD3B3CF2D46}.Release|x64.Build.0 = Release|x64
		{1FDE8900-9BC1-4603-9E8D-DDD3B3CF2D46}.Release|x86.ActiveCfg = Release|Win32
		{1FDE8900-9BC1-4603-9E8D-DDD3B3CF2D46}.Release|x86.Build.0 = Release|Win32
		{B049BB5A-5AF2-40F9-9294-6745520F9567}.Debug|x64.ActiveCfg = Debug|x64
		{B049BB5A-5AF2-40F9-9294-6745520F9567}.Debug|x64.Build.0 = Debug|x64
		{B049BB5A-5AF2-40F9-9294-6745520F9567}.Debug|x86.ActiveCfg = Debug|Win32
		{B049BB5A-5AF2-40F9-9294-6745520F9567}.Debug|x86.Build.0 = Debug|Win32
		{B049BB5A-5AF2-40F9-9294-6745520F9567}.Release|x64.ActiveCfg = Release|x64
		{B049BB5A-5AF2-40F9-9294-6745520F9567}.Release|x64.Build.0 = Release|x64
		{B049BB5A-5AF2-40F9-9294-6745520F9567}.Release|x86.ActiveCfg = Release|Win32
		{B049BB5A-5AF2-40F9-9294-6745520F9567}.Release|x86.Build.0 = Release|Win32
		{5199231B-AA5C-4D47-A390-D549A233D409}.Debug|x64.ActiveCfg = Debug|x64
		{5199231B-AA5C-4D47-A390-D549A233D409}.Debug|x64.Build.0 = Debug|x64
		{5199231B-AA5C-4D47-A390-D549A233D409}.Debug|x86.ActiveCfg = Debug|Win32
		{5199231B-AA5C-4D47-A390-D549A233D409}.Debug|x86.Build.0 = Debug|Win32
		{5199231B-AA5C-4D47-A390-D549A233D409}.Release|x64.ActiveCfg = Release|x64
		{5199231B-AA5C-4D47-A390-D549A233D409}.Release|x64.Build.0 = Release|x64
		{5199231B-AA5C-4D47-A390-D549A233D409}.Release|x86.ActiveCfg = Release|Win32
		{5199231B-AA5C-4D47-A390-D549A233D409}.Release|x86.Build.0 = Release|Win32
		{B12D4560-B6AD-44AF-B984-222B96597742}.Debug|x64.ActiveCfg = Debug|x64
		{B12D4560-B6AD-44AF-B984-222B96597742}.Debug|x64.Build.0 = Debug|x64
		{B12D4560-B6AD-44AF-B984-222B96597742}.Debug|x86.ActiveCfg = Debug|Win32
		{B12D4560-B6AD-44AF-B984-222B96597742}.Debug|x86.Build.0 = Debug|Win32
		{B12D4560-B6AD-44AF-B984-222B96597742}.Release|x64.ActiveCfg = Release|x64
		{B12D4560-B6AD-44AF-B984-222B96597742}.Release|x64.Build.0 = Release|x64
		{B12D4560-B6AD-44AF-B984-222B96597742}.Release|x86.ActiveCfg = Release|Win32
		{B12D4560-B6AD-44AF-B984-222B96597742}.Release|x86.Build.0 = Release|Win32
		{C3BE84AC-D9CF-4122-91E4-F374C5AA4171}.Debug|x64.ActiveCfg = Debug|x64
		{C3BE84AC-D9CF-4122-91E4-F374C5AA4171}.Debug|x64.Build.0 = Debug|x64
		{C3BE84AC-D9CF-4122-91E4-F374C5AA4171}.Debug|x86.ActiveCfg = Debug|Win32
		{C3BE84AC-D9CF-4122-91E4-F374C5AA4171}.Debug|x86.Build.0 = Debug|Win32
		{C3BE84AC-D9CF-4122-91E4-F374C5AA4171}.Release|x64.ActiveCfg = Release|x64
		{C3BE84AC-D9CF-4122-91E4-F374C5AA4171}.Release|x64.Build.0 = Release|x64
		{C3BE84AC-D9CF-4122-91E4-F374C5AA4171}.Release|x86.ActiveCfg = Release|Win32
		{C3BE84AC-D9CF-4122-91E4-F374C5AA4171}.Release|x86.Build.0 = Release|Win32
		{D863105A-56FA-4CC9-A926-9FCB6D1FBDC6}.Debug|x64.ActiveCfg = Debug|x64
		{D863105A-56FA-4CC9-A926-9FCB6D1FBDC6}.Debug|x64.Build.0 = Debug|x64
		{D863105A-56FA-4CC9-A926-9FCB6D1FBDC6}.Debug|x86.ActiveCfg = Debug|Win32
		{D863105A-56FA-4CC9-A926-9FCB6D1FBDC6}.Debug|x86.Build.0 = Debug|Win32
		{D863105A-56FA-4CC9-A926-9FCB6D1FBDC6}.Release|x64.ActiveCfg = Release|x64
		{D863105A-56FA-4CC9-A926-9FCB6D1FBDC6}.Release|x64.Build.0 = Release|x64
		{D863105A-56FA-4CC9-A926-9FCB6D1FBDC6}.Release|x86.ActiveCfg = Release|Win32
		{D863105A-56FA-4CC9-A926-9FCB6D1FBDC6}.Release|x86.Build.0 = Release|Win32
		{82266F1C-8D90-4DA1-9096-59CDB2678F9D}.Debug|x64.ActiveCfg = Debug|x64
		{82266F1C-8D90-4DA1-9096-59CDB2678F9D}.Debug|x64.Build.0 = Debug|x64
		{82266F1C-8D90-4DA1-9096-59CDB2678F9D}.Debug|x86.ActiveCfg = Debug|Win32
		{82266F1C-8D90-4DA1-9096-59CDB2678F9D}.Debug|x86.Build.0 = Debug|Win32
		{82266F1C-8D90-4DA1-9096-59CDB2678F9D}.Release|x64.ActiveCfg = Release|x64
		{82266F1C-8D90-4DA1-9096-59CDB2678F9D}.Release|x64.Build.0 = Release|x64
		{82266F1C-8D90-4DA1-9096-59CDB2678F9D}.Release|x86.ActiveCfg = Release|Win32
		{82266F1C-8D90-4DA1-9096-59CDB2678F9D}.Release|x86.Build.0 = Release|Win32
		{55A81DA9-2E84-4B59-9184-888E796B9116}.Debug|x64.ActiveCfg = Debug|x64
		{55A81DA9-2E84-4B59-9184-888E796B9116}.Debug|x64.Build.0 = Debug|x64
		{55A81DA9-2E84-4B59-9184-888E796B9116}.Debug|x86.ActiveCfg = Debug|Win32
		{55A81DA9-2E84-4B59-9184-888E796B9116}.Debug|x86.Build.0 = Debug|Win32
		{55A81DA9-2E84-4B59-9184-888E796B9116}.Release|x64.ActiveCfg = Release|x64
		{55A81DA9-2E84-4B59-9184-888E796B9116}.Release|x64.Build.0 = Release|x64
		{55A81DA9-2E84-4B59-9184-888E796B9116}.Release|x86.ActiveCfg = Release|Win32
		{55A81DA9-2E84-4B59-9184-888E796B9116}.Release|x86.Build.0 = Release|Win32
		{90B3D320-3364-4A5E-B7C2-2DAC28F6AF8E}.Debug|x64.ActiveCfg = Debug|x64
		{90B3D320-3364-4A5E-B7C2-2DAC28F6AF8E}.Debug|x64.Build.0 = Debug|x64
		{90B3D320-3364-4A5E-B7C2-2DAC28F6AF8E}.Debug|x86.ActiveCfg = Debug|Win32
		{90B3D320-3364-4A5E-B7C2-2DAC28F6AF8E}.Debug|x86.Build.0 = Debug|Win32
		{90B3D320-3364-4A5E-B7C2-2DAC28F6AF8E}.Release|x64.ActiveCfg = Release|x64
		{90B3D320-3364-4A5E-B7C2-2DAC28F6AF8E}.Release|x64.Build.0 = Release|x64
		{90B3D320-3364-4A5E-B7C2-2DAC28F6AF8E}.Release|x86.ActiveCfg = Release|Win32
		{90B3D320-3364-4A5E-B7C2-2DAC28F6AF8E}.Release|x86.Build.0 = Release|Win32
		{63F76516-39A9-4332-8705-3C2281E7B817}.Debug|x64.ActiveCfg = Debug|x64
		{63F76516-39A9-4332-8705-3C2281E7B817}.Debug|x64.Build.0 = Debug|x64
		{63F76516-39A9-4332-8705-3C2281E7B817}.Debug|x86.ActiveCfg = Debug|Win32
		{63F76516-39A9-4332-8705-3C2281E7B817}.Debug|x86.Build.0 = Debug|Win32
		{63F76516-39A9-4332-8705-3C2281E7B817}.Release|x64.ActiveCfg = Release|x64
		{63F76516-39A9-4332-8705-3C2281E7B817}.Release|x64.Build.0 = Release|x64
		{63F76516-39A9-4332-8705-3C2281E7B817}.Release|x86.ActiveCfg = Release|Win32
		{63F76516-39A9-4332-8705-3C2281E7B817}.Release|x86.Build.0 = Release|Win32
		{D29BB046-6DB1-4DC5-9A21-8A18EC13F088}.Debug|x64.ActiveCfg = Debug|x64
		{D29BB046-6DB1-4DC5-9A21-8A18EC13F088}.Debug|x64.Build.0 = Debug|x64
		{D29BB046-6DB1-4DC5-9A21-8A18EC13F088}.Debug|x86.ActiveCfg = Debug|Win32
		{D29BB046-6DB1-4DC5-9A21-8A18EC13F088}.Debug|x86.Build.0 = Debug|Win32
		{D29BB046-6DB1-4DC5-9A21-8A18EC13F088}.Release|x64.ActiveCfg = Release|x64
		{D29BB046-6DB1-4DC5-9A21-8A18EC13F088}.Release|x64.Build.0 = Release|x64
		{D29BB046-6DB1-4DC5-9A21-8A18EC13F088}.Release|x86.ActiveCfg = Release|Win32
		{D29BB046-6DB1-4DC5-9A21-8A18EC13F088}.Release|x86.Build.0 = Release|Win32
		{4F147AC4-DC8F-4F4A-BFAA-591809572711}.Debug|x64.ActiveCfg = Debug|x64
		{4F147AC4-DC8F-4F4A-BFAA-591809572711}.Debug|x64.Build.0 = Debug|x64
		{4F147AC4-DC8F-4F4A-BFAA-591809572711}.Debug|x86.ActiveCfg = Debug|Win32
		{4F147AC4-DC8F-4F4A-BFAA-591809572711}.Debug|x86.Build.0 = Debug|Win32
		{4F147AC4-DC8F-4F4A-BFAA-591809572711}.Release|x64.ActiveCfg = Release|x64
		{4F147AC4-DC8F-4F4A-BFAA-591809572711}.Release|x64.Build.0 = Release|x64
		{4F147AC4-DC8F-4F4A-BFAA-591809572711}.Release|x86.ActiveCfg = Release|Win32
		{4F147AC4-DC8F-4F4A-BFAA-591809572711}.Release|x86.Build.0 = Release|Win32
		{75092F90-FE36-408A-80FE-C556F3B17785}.Debug|x64.ActiveCfg = Debug|x64
		{75092F90-FE36-408A-80FE-C556F3B17785}.Debug|x64.Build.0 = Debug|x64
		{75092F90-FE36-408A-80FE-C556F3B17785}.Debug|x86.ActiveCfg = Debug|Win32
		{75092F90-FE36-408A-80FE-C556F3B17785}.Debug|x86.Build.0 = Debug|Win32
		{75092F90-FE36-408A-80FE-C556F3B17785}.Release|x64.ActiveCfg = Release|x64
		{75092F90-FE36-408A-80FE-C556F3B17785}.Release|x64.Build.0 = Release|x64
		{75092F90-FE36-408A-80FE-C556F3B17785}.Release|x86.ActiveCfg = Release|Win32
		{75092F90-FE36-408A-80FE-C556F3B17785}.Release|x86.Build.0 = Release|Win32
		{D2DA651E-975A-4442-9BCD-D607D6A8D735}.Debug|x64.ActiveCfg = Debug|x64
		{D2DA651E-975A-4442-9BCD-D607D6A8D735}.Debug|x64.Build.0 = Debug|x64
		{D2DA651E-975A-4442-9BCD-D607D6A8D735}.Debug|x86.ActiveCfg = Debug|Win32
		{D2DA651E-975A-4442-9BCD-D607D6A8D735}.Debug|x86.Build.0 = Debug|Win32
		{D2DA651E-975A-4442-9BCD-D607D6A8D735}.Release|x64.ActiveCfg = Release|x64
		{D2DA651E-975A-4442-9BCD-D607D6A8D735}.Release|x64.Build.0 = Release|x64
		{D2DA651E-975A-4442-9BCD-D607D6A8D735}.Release|x86.ActiveCfg = Release|Win32
		{D2DA651E-975A-4442-9BCD-D607D6A8D735}.Release|x86.Build.0 = Release|Win32
		{A2993F0B-ABC8-4918-9374-4935DFAEA5DD}.Debug|x64.ActiveCfg = Debug|x64
		{A2993F0B-ABC8-4918-9374-4935DFAEA5DD}.Debug|x64.Build.0 = Debug|x64
		{A2993F0B-ABC8-4918-9374-4935DFAEA5DD}.Debug|x86.ActiveCfg = Debug|Win32
		{A2993F0B-ABC8-4918-9374-4935DFAEA5DD}.Debug|x86.Build.0 = Debug|Win32
		{A2993F0B-ABC8-4918-9374-4935DFAEA5DD}.Release|x64.ActiveCfg = Release|x64
		{A2993F0B-ABC8-4918-9374-4935DFAEA5DD}.Release|x64.Build.0 = Release|x64
		{A2993F0B-ABC8-4918-9374-4935DFAEA5DD}.Release|x86.ActiveCfg = Release|Win32
		{A2993F0B-ABC8-4918-9374-4935DFAEA5DD}.Release|x86.Build.0 = Release|Win32
		{FD4213FF-A666-4F27-8897-1739618CD8A8}.Debug|x64.ActiveCfg = Debug|x64
		{FD4213FF-A666-4F27-8897-1739618CD8A8}.Debug|x64.Build.0 = Debug|x64
		{FD4213FF-A666-4F27-8897-1739618CD8A8}.Debug|x86.ActiveCfg = Debug|Win32
		{FD4213FF-A666-4F27-8897-1739618CD8A8}.Debug|x86.Build.0 = Debug|Win32
		{FD4213FF-A666-4F27-8897-1739618CD8A8}.Release|x64.ActiveCfg = Release|x64
		{FD4213FF-A666-4F27-8897-1739618CD8A8}.Release|x64.Build.0 = Release|x64
		{FD4213FF-A666-4F27-8897-1739618CD8A8}.Release|x86.ActiveCfg = Release|Win32
		{FD4213FF-A666-4F27-8897-1739618CD8A8}.Release|x86.Build.0 = Release|Win32
		{0B24C1EC-EAB0-444E-AF0B-25AEC9456009}.Debug|x64.ActiveCfg = Debug|x64
		{0B24C1EC-EAB0-444E-AF0B-25AEC9456009}.Debug|x64.Build.0 = Debug|x64
		{0B24C1EC-EAB0-444E-AF0B-25AEC9456009}.Debug|x86.ActiveCfg = Debug|Win32
		{0B24C1EC-EAB0-444E-AF0B-25AEC9456009}.Debug|x86.Build.0 = Debug|Win32
		{0B24C1EC-EAB0-444E-AF0B-25AEC9456009}.Release|x64.ActiveCfg = Release|x64
		{0B24C1EC-EAB0-444E-AF0B-25AEC9456009}.Release|x64.Build.0 = Release|x64
		{0B24C1EC-EAB0-444E-AF0B-25AEC9456009}.Release|x86.ActiveCfg = Release|Win32
		{0B24C1EC-EAB0-444E-AF0B-25AEC9456009}.Release|x86.Build.0 = Release|Win32
		{2B439ECA-7079-444D-BE85-D8F8D6F44FB9}.Debug|x64.ActiveCfg = Debug|x64
		{2B439ECA-7079-444D-BE85-D8F8D6F44FB9}.Debug|x64.Build.0 = Debug|x64
		{2B439ECA-7079-444D-BE85-D8F8D6F44FB9}.Debug|x86.ActiveCfg = Debug|Win32
		{2B439ECA-7079-444D-BE85-D8F8D6F44FB9}.Debug|x86.Build.0 = Debug|Win32
		{2B439ECA-7079-444D-BE85-D8F8D6F44FB9}.Release|x64.ActiveCfg = Release|x64
		{2B439ECA-7079-444D-BE85-D8F8D6F44FB9}.Release|x64.Build.0 = Release|x64
		{2B439ECA-7079-444D-BE85-D8F8D6F44FB9}.Release|x86.ActiveCfg = Release|Win32
		{2B439ECA-7079-444D-BE85-D8F8D6F44FB9}.Release|x86.Build.0 = Release|Win32
		{AC761795-ACD8-4552-B056-0A248FC1690B}.Debug|x64.ActiveCfg = Debug|x64
		{AC761795-ACD8-4552-B056-0A248FC1690B}.Debug|x64.Build.0 = Debug|x64
		{AC761795-ACD8-4552-B056-0A248FC1690B}.Debug|x86.ActiveCfg = Debug|Win32
		{AC761795-ACD8-4552-B056-0A248FC1690B}.Debug|x86.Build.0 = Debug|Win32
		{AC761795-ACD8-4552-B056-0A248FC1690B}.Release|x64.ActiveCfg = Release|x64
		{AC761795-ACD8-4552-B056-0A248FC1690B}.Release|x64.Build.0 = Release|x64
		{AC761795-ACD8-4552-B056-0A248FC1690B}.Release|x86.ActiveCfg = Release|Win32
		{AC761795-ACD8-4552-B056-0A248FC1690B}.Release|x86.Build.0 = Release|Win32
		{5382B0E3-1B18-4236-B822-9C3777AED9AE}.Debug|x64.ActiveCfg = Debug|x64
		{5382B0E3-1B18-4236-B822-9C3777AED9AE}.Debug|x64.Build.0 = Debug|x64
		{5382B0E3-1B18-4236-B822-9C3777AED9AE}.Debug|x86.ActiveCfg = Debug|Win32
		{5382B0E3-1B18-4236-B822-9C3777AED9AE}.Debug|x86.Build.0 = Debug|Win32
		{5382B0E3-1B18-4236-B822-9C3777AED9AE}.Release|x64.ActiveCfg = Release|x64
		{5382B0E3-1B18-4236-B822-9C3777AED9AE}.Release|x64.Build.0 = Release|x64
		{5382B0E3-1B18-4236-B822-9C3777AED9AE}.Release|x86.ActiveCfg = Release|Win32
		{5382B0E3-1B18-4236-B822-9C3777AED9AE}.Release|x86.Build.0 = Release|Win32
		{325718B4-B9C8-4CEB-B86B-A98F996E9C69}.Debug|x64.ActiveCfg = Debug|x64
		{325718B4-B9C8-4CEB-B86B-A98F996E9C69}.Debug|x64.Build.0 = Debug|x64
		{325718B4-B9C8-4CEB-B86B-A98F996E9C69}.Debug|x86.ActiveCfg = Debug|Win32
		{325718B4-B9C8-4CEB-B86B-A98F996E9C69}.Debug|x86.Build.0 = Debug|Win32
		{325718B4-B9C8-4CEB-B86B-A98F996E9C69}.Release|x64.ActiveCfg = Release|x64
		{325718B4-B9C8-4CEB-B86B-A98F996E9C69}.Release|x64.Build.0 = Release|x64
		{325718B4-B9C8-4CEB-B86B-A98F996E9C69}.Release|x86.ActiveCfg = Release|Win32
		{325718B4-B9C8-4CEB-B86B-A98F996E9C69}.Release|x86.Build.0 = Release|Win32
		{3329A08B-24B5-412B-A365-BCF00EAE2FCF}.Debug|x64.ActiveCfg = Debug|x64
		{3329A08B-24B5-412B-A365-BCF00EAE2FCF}.Debug|x64.Build.0 = Debug|x64
		{3329A08B-24B5-412B-A365-BCF00EAE2FCF}.Debug|x86.ActiveCfg = Debug|Win32
		{3329A08B-24B5-412B-A365-BCF00EAE2FCF}.Debug|x86.Build.0 = Debug|Win32
		{3329A08B-24B5-412B-A365-BCF00EAE2FCF}.Release|x64.ActiveCfg = Release|x64
		{3329A08B-24B5-412B-A365-BCF00EAE2FCF}.Release|x64.Build.0 = Release|x64
		{3329A08B-24B5-412B-A365-BCF00EAE2FCF}.Release|x86.ActiveCfg = Release|Win32
		{3329A08B-24B5-412B-A365-BCF00EAE2FCF}.Release|x86.Build.0 = Release|Win32
		{0715D473-1765-4C18-BEFF-55319828F948}.Debug|x64.ActiveCfg = Debug|x64
		{0715D473-1765-4C18-BEFF-55319828F948}.Debug|x64.Build.0 = Debug|x64
		{0715D473-1765-4C18-BEFF-55319828F948}.Debug|x86.ActiveCfg = Debug|Win32
		{0715D473-1765-4C18-BEFF-55319828F948}.Debug|x86.Build.0 = Debug|Win32
		{0715D473-1765-4C18-BEFF-55319828F948}.Release|x64.ActiveCfg = Release|x64
		{0715D473-1765-4C18-BEFF-55319828F948}.Release|x64.Build.0 = Release|x64
		{0715D473-1765-4C18-BEFF-55319828F948}.Release|x86.ActiveCfg = Release|Win32
		{0715D473-1765-4C18-BEFF-55319828F948}.Release|x86.Build.0 = Release|Win32
		{0D2C51DA-CB5E-4DBA-B467-EABF52349180}.Debug|x64.ActiveCfg = Debug|x64
		{0D2C51DA-CB5E-4DBA-B467-EABF52349180}.Debug|x64.Build.0 = Debug|x64
		{0D2C51DA-CB5E-4DBA-B467-EABF52349180}.Debug|x86.ActiveCfg = Debug|Win32
		{0D2C51DA-CB5E-4DBA-B467-EABF52349180}.Debug|x86.Build.0 = Debug|Win32
		{0D2C51DA-CB5E-4DBA-B467-EABF52349180}.Release|x64.ActiveCfg = Release|x64
		{0D2C51DA-CB5E-4DBA-B467-EABF52349180}.Release|x64.Build.0 = Release|x64
		{0D2C51DA-CB5E-4DBA-B467-EABF52349180}.Release|x86.ActiveCfg = Release|Win32
		{0D2C51DA-CB5E-4DBA-B467-EABF52349180}.Release|x86.Build.0 = Release|Win32
		{56E9383F-9516-48AE-8919-66430D5189E0}.Debug|x64.ActiveCfg = Debug|x64
		{56E9383F-9516-48AE-8919-66430D5189E0}.Debug|x64.Build.0 = Debug|x64
		{56E9383F-9516-48AE-8919-66430D5189E0}.Debug|x86.ActiveCfg = Debug|Win32
		{56E9383F-9516-48AE-8919-66430D5189E0}.Debug|x86.Build.0 = Debug|Win32
		{56E9383F-9516-48AE-8919-66430D5189E0}.Release|x64.ActiveCfg = Release|x64
		{56E9383F-9516-48AE-8919-66430D5189E0}.Release|x64.Build.0 = Release|x64
		{56E9383F-9516-48AE-8919-66430D5189E0}.Release|x86.ActiveCfg = Release|Win32
		{56E9383F-9516-48AE-8919-66430D5189E0}.Release|x86.Build.0 = Release|Win32
		{E0774C73-E173-4CEC-A26F-4B4E569CFBA8}.Debug|x64.ActiveCfg = Debug|x64
		{E0774C73-E173-4CEC-A26F-4B4E569CFBA8}.Debug|x64.Build.0 = Debug|x64
		{E0774C73-E173-4CEC-A26F-4B4E569CFBA8}.Debug|x86.ActiveCfg = Debug|Win32
		{E0774C73-E173-4CEC-A26F-4B4E569CFBA8}.Debug|x86.Build.0 = Debug|Win32
		{E0774C73-E173-4CEC-A26F-4B4E569CFBA8}.Release|x64.ActiveCfg = Release|x64
		{E0774C73-E173-4CEC-A26F-4B4E569CFBA8}.Release|x64.Build.0 = Release|x64
		{E0774C73-E173-4CEC-A26F-4B4E569CFBA8}.Release|x86.ActiveCfg = Release|Win32
		{E0774C73-E173-4CEC-A26F-4B4E569CFBA8}.Release|x86.Build.0 = Release|Win32
		{B872837D-2EBD-4E7F-8A49-6CA165F21F00}.Debug|x64.ActiveCfg = Debug|x64
		{B872837D-2EBD-4E7F-8A49-6CA165F21F00}.Debug|x64.Build.0 = Debug|x64
		{B872837D-2EBD-4E7F-8A49-6CA165F21F00}.Debug|x86.ActiveCfg = Debug|Win32
		{B872837D-2EBD-4E7F-8A49-6CA165F21F00}.Debug|x86.Build.0 = Debug|Win32
		{B872837D-2EBD-4E7F-8A49-6CA165F21F00}.Release|x64.ActiveCfg = Release|x64
		{B872837D-2EBD-4E7F-8A49-6CA165F21F00}.Release|x64.Build.0 = Release|x64
		{B872837D-2EBD-4E7F-8A49-6CA165F21F00}.Release|x86.ActiveCfg = Release|Win32
		{B872837D-2EBD-4E7F-8A49-6CA165F21F00}.Release|x86.Build.0 = Release|Win32
		{443C5221-3165-468B-806A-A1AEB2F99D7B}.Debug|x64.ActiveCfg = Debug|x64
		{443C5221-3165-468B-806A-A1AEB2F99D7B}.Debug|x64.Build.0 = Debug|x64
		{443C5221-3165-468B-806A-A1AEB2F99D7B}.Debug|x86.ActiveCfg = Debug|Win32
		{443C5221-3165-468B-806A-A1AEB2F99D7B}.Debug|x86.Build.0 = Debug|Win32
		{443C5221-3165-468B-806A-A1AEB2F99D7B}.Release|x64.ActiveCfg = Release|x64
		{443C5221-3165-468B-806A-A1AEB2F99D7B}.Release|x64.Build.0 = Release|x64
		{443C5221-3165-468B-806A-A1AEB2F99D7B}.Release|x86.ActiveCfg = Release|Win32
		{443C5221-3165-468B-806A-A1AEB2F99D7B}.Release|x86.Build.0 = Release|Win32
		{7779E10F-34DF-4B26-9F39-E40FBF3F2812}.Debug|x64.ActiveCfg = Debug|x64
		{7779E10F-34DF-4B26-9F39-E40FBF3F2812}.Debug|x64.Build.0 = Debug|x64
		{7779E10F-34DF-4B26-9F39-E40FBF3F2812}.Debug|x86.ActiveCfg = Debug|Win32
		{7779E10F-34DF-4B26-9F39-E40FBF3F2812}.Debug|x86.Build.0 = Debug|Win32
		{7779E10F-34DF-4B26-9F39-E40FBF3F2812}.Release|x64.ActiveCfg = Release|x64
		{7779E10F-34DF-4B26-9F39-E40FBF3F2812}.Release|x64.Build.0 = Release|x64
		{7779E10F-34DF-4B26-9F39-E40FBF3F2812}.Release|x86.ActiveCfg = Release|Win32
		{7779E10F-34DF-4B26-9F39-E40FBF3F2812}.Release|x86.Build.0 = Release|Win32
		{C6A5B754-64CC-4445-904C-8C0997881546}.Debug|x64.ActiveCfg = Debug|x64
		{C6A5B754-64CC-4445-904C-8C0997881546}.Debug|x64.Build.0 = Debug|x64
		{C6A5B754-64CC-4445-904C-8C0997881546}.Debug|x86.ActiveCfg = Debug|Win32
		{C6A5B754-64CC-4445-904C-8C0997881546}.Debug|x86.Build.0 = Debug|Win32
		{C6A5B754-64CC-4445-904C-8C0997881546}.Release|x64.ActiveCfg = Release|x64
		{C6A5B754-64CC-4445-904C-8C0997881546}.Release|x64.Build.0 = Release|x64
		{C6A5B754-64CC-4445-904C-8C0997881546}.Release|x86.ActiveCfg = Release|Win32
		{C6A5B754-64CC-4445-904C-8C0997881546}.Release|x86.Build.0 = Release|Win32
		{EDFCBE76-5229-464A-B6BE-57E3A1F2B594}.Debug|x64.ActiveCfg = Debug|x64
		{EDFCBE76-5229-464A-B6BE-57E3A1F2B594}.Debug|x64.Build.0 = Debug|x64
		{EDFCBE76-5229-464A-B6BE-57E3A1F2B594}.Debug|x86.ActiveCfg = Debug|Win32
		{EDFCBE76-5229-464A-B6BE-57E3A1F2B594}.Debug|x86.Build.0 = Debug|Win32
		{EDFCBE76-5229-464A-B6BE-57E3A1F2B594}.Release|x64.ActiveCfg = Release|x64
		{EDFCBE76-5229-464A-B6BE-57E3A1F2B594}.Release|x64.Build.0 = Release|x64
		{EDFCBE76-5229-464A-B6BE-57E3A1F2B594}.Release|x86.ActiveCfg = Release|Win32
		{EDFCBE76-5229-464A-B6BE-57E3A1F2B594}.Release|x86.Build.0 = Release|Win32
		{81A99DD9-34FE-487C-BFDF-01A792CBF44E}.Debug|x64.ActiveCfg = Debug|x64
		{81A99DD9-34FE-487C-BFDF-01A792CBF44E}.Debug|x64.Build.0 = Debug|x64
		{81A99DD9-34FE-487C-BFDF-01A792CBF44E}.Debug|x86.ActiveCfg = Debug|Win32
		{81A99DD9-34FE-487C-BFDF-01A792CBF44E}.Debug|x86.Build.0 = Debug|Win32
		{81A99DD9-34FE-487C-BFDF-01A792CBF44E}.Release|x64.ActiveCfg = Release|x64
		{81A99DD9-34FE-487C-BFDF-01A792CBF44E}.Release|x64.Build.0 = Release|x64
		{81A99DD9-34FE-487C-BFDF-01A792CBF44E}.Release|x86.ActiveCfg = Release|Win32
		{81A99DD9-34FE-487C-BFDF-01A792CBF44E}.Release|x86.Build.0 = Release|Win32
		{3051E1BB-41B9-429B-8C83-79CF9C538A01}.Debug|x64.ActiveCfg = Debug|x64
		{3051E1BB-41B9-429B-8C83-79CF9C538A01}.Debug|x64.Build.0 = Debug|x64
		{3051E1BB-41B9-429B-8C83-79CF9C538A01}.Debug|x86.ActiveCfg = Debug|Win32
		{3051E1BB-41B9-429B-8C83-79CF9C538A01}.Debug|x86.Build.0 = Debug|Win32
		{3051E1BB-41B9-429B-8C83-79CF9C538A01}.Release|x64.ActiveCfg = Release|x64
		{3051E1BB-41B9-429B-8C83-79CF9C538A01}.Release|x64.Build.0 = Release|x64
		{3051E1BB-41B9-429B-8C83-79CF9C538A01}.Release|x86.ActiveCfg = Release|Win32
		{3051E1BB-41B9-429B-8C83-79CF9C538A01}.Release|x86.Build.0 = Release|Win32
		{ACE7CA21-E071-41E6-B7C7-99D856F6D816}.Debug|x64.ActiveCfg = Debug|x64
		{ACE7CA21-E071-41E6-B7C7-99D856F6D816}.Debug|x64.Build.0 = Debug|x64
		{ACE7CA21-E071-41E6-B7C7-99D856F6D816}.Debug|x86.ActiveCfg = Debug|Win32
		{ACE7CA21-E071-41E6-B7C7-99D856F6D816}.Debug|x86.Build.0 = Debug|Win32
		{ACE7CA21-E071-41E6-B7C7-99D856F6D816}.Release|x64.ActiveCfg = Release|x64
		{ACE7CA21-E071-41E6-B7C7-99D856F6D816}.Release|x64.Build.0 = Release|x64
		{ACE7CA21-E071-41E6-B7C7-99D856F6D816}.Release|x86.ActiveCfg = Release|Win32
		{ACE7CA21-E071-41E6-B7C7-99D856F6D816}.Release|x86.Build.0 = Release|Win32
		{02DCCA08-1C9F-4B38-A225-D9C64DE7CB65}.Debug|x64.ActiveCfg = Debug|x64
		{02DCCA08-1C9F-4B38-A225-D9C64DE7CB65}.Debug|x64.Build.0 = Debug|x64
		{02DCCA08-1C9F-4B38-A225-D9C64DE7CB65}.Debug|x86.ActiveCfg = Debug|Win32
		{02DCCA08-1C9F-4B38-A225-D9C64DE7CB65}.Debug|x86.Build.0 = Debug|Win32
		{02DCCA08-1C9F-4B38-A225-D9C64DE7CB65}.Release|x64.ActiveCfg = Release|x64
		{02DCCA08-1C9F-4B38-A225-D9C64DE7CB65}.Release|x64.Build.0 = Release|x64
		{02DCCA08-1C9F-4B38-A225-D9C64DE7CB65}.Release|x86.ActiveCfg = Release|Win32
		{02DCCA08-1C9F-4B38-A225-D9C64DE7CB65}.Release|x86.Build.0 = Release|Win32
		{1D706448-B21A-4A83-B843-5031A49463A0}.Debug|x64.ActiveCfg = Debug|x64
		{1D706448-B21A-4A83-B843-5031A49463A0}.Debug|x64.Build.0 = Debug|x64
		{1D706448-B21A-4A83-B843-5031A49463A0}.Debug|x86.ActiveCfg = Debug|Win32
		{1D706448-B21A-4A83-B843-5031A49463A0}.Debug|x86.Build.0 = Debug|Win32
		{1D706448-B21A-4A83-B843-5031A49463A0}.Release|x64.ActiveCfg = Release|x64
		{1D706448-B21A-4A83-B843-5031A49463A0}.Release|x64.Build.0 = Release|x64
		{1D706448-B21A-4A83-B843-5031A49463A0}.Release|x86.ActiveCfg = Release|Win32
		{1D706448-B21A-4A83-B843-5031A49463A0}.Release|x86.Build.0 = Release|Win32
		{62B10986-F76F-4774-833E-5ADE2709A977}.Debug|x64.ActiveCfg = Debug|x64
		{62B10986-F76F-4774-833E-5ADE2709A977}.Debug|x64.Build.0 = Debug|x64
		{62B10986-F76F-4774-833E-5ADE2709A977}.Debug|x86.ActiveCfg = Debug|Win32
		{62B10986-F76F-4774-833E-5ADE2709A977}.Debug|x86.Build.0 = Debug|Win32
		{62B10986-F76F-4774-833E-5ADE2709A977}.Release|x64.ActiveCfg = Release|x64
		{62B10986-F76F-4774-833E-5ADE2709A977}.Release|x64.Build.0 = Release|x64
		{62B10986-F76F-4774-833E-5ADE2709A977}.Release|x86.ActiveCfg = Release|Win32
		{62B10986-F76F-4774-833E-5ADE2709A977}.Release|x86.Build.0 = Release|Win32
		{42F8FD79-8A70-468B-B1A1-E167FF3691D4}.Debug|x64.ActiveCfg = Debug|x64
		{42F8FD79-8A70-468B-B1A1-E167FF3691D4}.Debug|x64.Build.0 = Debug|x64
		{42F8FD79-8A70-468B-B1A1-E167FF3691D4}.Debug|x86.ActiveCfg = Debug|Win32
		{42F8FD79-8A70-468B-B1A1-E167FF3691D4}.Debug|x86.Build.0 = Debug|Win32
		{42F8FD79-8A70-468B-B1A1-E167FF3691D4}.Release|x64.ActiveCfg = Release|x64
		{42F8FD79-8A70-468B-B1A1-E167FF3691D4}.Release|x64.Build.0 = Release|x64
		{42F8FD79-8A70-468B-B1A1-E167FF3691D4}.Release|x86.ActiveCfg = Release|Win32
		{42F8FD79-8A70-468B-B1A1-E167FF3691D4}.Release|x86.Build.0 = Release|Win32
		{1B4A69CE-68E0-432F-9745-F1859E4E89D0}.Debug|x64.ActiveCfg = Debug|x64
		{1B4A69CE-68E0-432F-9745-F1859E4E89D0}.Debug|x64.Build.0 = Debug|x64
		{1B4A69CE-68E0-432F-9745-F1859E4E89D0}.Debug|x86.ActiveCfg = Debug|Win32
		{1B4A69CE-68E0-432F-9745-F1859E4E89D0}.Debug|x86.Build.0 = Debug|Win32
		{1B4A69CE-68E0-432F-9745-F1859E4E89D0}.Release|x64.ActiveCfg = Release|x64
		{1B4A69CE-68E0-432F-9745-F1859E4E89D0}.Release|x64.Build.0 = Release|x64
		{1B4A69CE-68E0-432F-9745-F1859E4E89D0}.Release|x86.ActiveCfg = Release|Win32
		{1B4A69CE-68E0-432F-9745-F1859E4E89D0}.Release|x86.Build.0 = Release|Win32
		{3FC5CAEC-6AF2-4DE2-B14C-BBAE4D14DCEF}.Debug|x64.ActiveCfg = Debug|x64
		{3FC5CAEC-6AF2-4DE2-B14C-BBAE4D14DCEF}.Debug|x64.Build.0 = Debug|x64
		{3FC5CAEC-6AF2-4DE2-B14C-BBAE4D14DCEF}.Debug|x86.ActiveCfg = Debug|Win32
		{3FC5CAEC-6AF2-4DE2-B14C-BBAE4D14DCEF}.Debug|x86.Build.0 = Debug|Win32
		{3FC5CAEC-6AF2-4DE2-B14C-BBAE4D14DCEF}.Release|x64.ActiveCfg = Release|x64
		{3FC5CAEC-6AF2-4DE2-B14C-BBAE4D14DCEF}.Release|x64.Build.0 = Release|x64
		{3FC5CAEC-6AF2-4DE2-B14C-BBAE4D14DCEF}.Release|x86.ActiveCfg = Release|Win32
		{3FC5CAEC-6AF2-4DE2-B14C-BBAE4D14DCEF}.Release|x86.Build.0 = Release|Win32
		{9B0CEA47-D4B9-485E-93D0-DB311AF62299}.Debug|x64.ActiveCfg = Debug|x64
		{9B0CEA47-D4B9-485E-93D0-DB311AF62299}.Debug|x64.Build.0 = Debug|x64
		{9B0CEA47-D4B9-485E-93D0-DB311AF62299}.Debug|x86.ActiveCfg = Debug|Win32
		{9B0CEA47-D4B9-485E-93D0-DB311AF62299}.Debug|x86.Build.0 = Debug|Win32
		{9B0CEA47-D4B9-485E-93D0-DB311AF62299}.Release|x64.ActiveCfg = Release|x64
		{9B0CEA47-D4B9-485E-93D0-DB311AF62299}.Release|x64.Build.0 = Release|x64
		{9B0CEA47-D4B9-485E-93D0-DB311AF62299}.Release|x86.ActiveCfg = Release|Win32
		{9B0CEA47-D4B9-485E-93D0-DB311AF62299}.Release|x86.Build.0 = Release|Win32
		{B144B8A5-2E6A-4B42-9919-E699E4E440DE}.Debug|x64.ActiveCfg = Debug|x64
		{B144B8A5-2E6A-4B42-9919-E699E4E440DE}.Debug|x64.Build.0 = Debug|x64
		{B144B8A5-2E6A-4B42-9919-E699E4E440DE}.Debug|x86.ActiveCfg = Debug|Win32
		{B144B8A5-2E6A-4B42-9919-E699E4E440DE}.Debug|x86.Build.0 = Debug|Win32
		{B144B8A5-2E6A-4B42-9919-E699E4E440DE}.Release|x64.ActiveCfg = Release|x64
		{B144B8A5-2E6A-4B42-9919-E699E4E440DE}.Release|x64.Build.0 = Release|x64
		{B144B8A5-2E6A-4B42-9919-E699E4E440DE}.Release|x86.ActiveCfg = Release|Win32
		{B144B8A5-2E6A-4B42-9919-E699E4E440DE}.Release|x86.Build.0 = Release|Win32
		{01D2E8D6-9206-4773-8EBD-B962E1F1DFE5}.Debug|x64.ActiveCfg = Debug|x64
		{01D2E8D6-9206-4773-8EBD-B962E1F1DFE5}.Debug|x64.Build.0 = Debug|x64
		{01D2E8D6-9206-4773-8EBD-B962E1F1DFE5}.Debug|x86.ActiveCfg = Debug|Win32
		{01D2E8D6-9206-4773-8EBD-B962E1F1DFE5}.Debug|x86.Build.0 = Debug|Win32
		{01D2E8D6-9206-4773-8EBD-B962E1F1DFE5}.Release|x64.ActiveCfg = Release|x64
		{01D2E8D6-9206-4773-8EBD-B962E1F1DFE5}.Release|x64.Build.0 = Release|x64
		{01D2E8D6-9206-4773-8EBD-B962E1F1DFE5}.Release|x86.ActiveCfg = Release|Win32
		{01D2E8D6-9206-4773-8EBD-B962E1F1DFE5}.Release|x86.Build.0 = Release|Win32
		{E1CADA49-B65B-486C-ACAE-57FF9DC4F6B9}.Debug|x64.ActiveCfg = Debug|x64
		{E1CADA49-B65B-486C-ACAE-57FF9DC4F6B9}.Debug|x64.Build.0 = Debug|x64
		{E1CADA49-B65B-486C-ACAE-57FF9DC4F6B9}.Debug|x86.ActiveCfg = Debug|Win32
		{E1CADA49-B65B-486C-ACAE-57FF9DC4F6B9}.Debug|x86.Build.0 = Debug|Win32
		{E1CADA49-B65B-486C-ACAE-57FF9DC4F6B9}.Release|x64.ActiveCfg = Release|x64
		{E1CADA49-B65B-486C-ACAE-57FF9DC4F6B9}.Release|x64.Build.0 = Release|x64
		{E1CADA49-B65B-486C-ACAE-57FF9DC4F6B9}.Release|x86.ActiveCfg = Release|Win32
		{E1CADA49-B65B-486C-ACAE-57FF9DC4F6B9}.Release|x86.Build.0 = Release|Win32
		{5E7E04DD-5CB1-4053-8C5B-727A18888433}.Debug|x64.ActiveCfg = Debug|x64
		{5E7E04DD-5CB1-4053-8C5B-727A18888433}.Debug|x64.Build.0 = Debug|x64
		{5E7E04DD-5CB1-4053-8C5B-727A18888433}.Debug|x86.ActiveCfg = Debug|Win32
		{5E7E04DD-5CB1-4053-8C5B-727A18888433}.Debug|x86.Build.0 = Debug|Win32
		{5E7E04DD-5CB1-4053-8C5B-727A18888433}.Release|x64.ActiveCfg = Release|x64
		{5E7E04DD-5CB1-4053-8C5B-727A18888433}.Release|x64.Build.0 = Release|x64
		{5E7E04DD-5CB1-4053-8C5B-727A18888433}.Release|x86.ActiveCfg = Release|Win32
		{5E7E04DD-5CB1-4053-8C5B-727A18888433}.Release|x86.Build.0 = Release|Win32
		{D4E34EC0-6892-4468-8F3C-1E2BF0FAFFDC}.Debug|x64.ActiveCfg = Debug|x64
		{D4E34EC0-6892-4468-8F3C-1E2BF0FAFFDC}.Debug|x64.Build.0 = Debug|x64
		{D4E34EC0-6892-4468-8F3C-1E2BF0FAFFDC}.Debug|x86.ActiveCfg = Debug|Win32
		{D4E34EC0-6892-4468-8F3C-1E2BF0FAFFDC}.Debug|x86.Build.0 = Debug|Win32
		{D4E34EC0-6892-4468-8F3C-1E2BF0FAFFDC}.Release|x64.ActiveCfg = Release|x64
		{D4E34EC0-6892-4468-8F3C-1E2BF0FAFFDC}.Release|x64.Build.0 = Release|x64
		{D4E34EC0-6892-4468-8F3C-1E2BF0FAFFDC}.Release|x86.ActiveCfg = Release|Win32
		{D4E34EC0-6892-4468-8F3C-1E2BF0FAFFDC}.Release|x86.Build.0 = Release|Win32
	EndGlobalSection
	GlobalSection(SolutionProperties) = preSolution
		HideSolutionNode = FALSE
	EndGlobalSection
	GlobalSection(ExtensibilityGlobals) = postSolution
		SolutionGuid = {79D02D78-3BCB-447D-A106-2B6855B57812}
	EndGlobalSection
EndGlobal
