
Microsoft Visual Studio Solution File, Format Version 12.00
# Visual Studio Version 17
VisualStudioVersion = 17.3.32901.215
MinimumVisualStudioVersion = 10.0.40219.1
Project("{8BC9CEB8-8B4A-11D0-8D11-00A0C91BC942}") = "prog5-1", "prog5-1\prog5-1.vcxproj", "{63100A89-C3AC-4049-A801-A13991A2874D}"
EndProject
Project("{8BC9CEB8-8B4A-11D0-8D11-00A0C91BC942}") = "prog5-3", "prog5-3\prog5-3.vcxproj", "{B528EEA2-239C-4E0E-9B53-E143F9A6F875}"
EndProject
Project("{8BC9CEB8-8B4A-11D0-8D11-00A0C91BC942}") = "prog5-4", "prog5-4\prog5-4.vcxproj", "{96DB58D9-0D11-49B5-A499-ADDFDE6CB058}"
EndProject
Project("{8BC9CEB8-8B4A-11D0-8D11-00A0C91BC942}") = "prog5-5", "prog5-5\prog5-5.vcxproj", "{A6365B10-BCE5-4B82-8F82-BDD0D862F0B4}"
EndProject
Project("{8BC9CEB8-8B4A-11D0-8D11-00A0C91BC942}") = "prog5-6", "prog5-6\prog5-6.vcxproj", "{1EA3F1D7-43B7-424E-8EA7-C6AEE3CF3916}"
EndProject
Project("{8BC9CEB8-8B4A-11D0-8D11-00A0C91BC942}") = "prog5-7", "prog5-7\prog5-7.vcxproj", "{46CC81DF-5630-4157-838E-6A1560F5F58E}"
EndProject
Project("{8BC9CEB8-8B4A-11D0-8D11-00A0C91BC942}") = "prog5-8", "prog5-8\prog5-8.vcxproj", "{FE92632F-42AB-4CEC-A371-FE6983E2E653}"
EndProject
Project("{8BC9CEB8-8B4A-11D0-8D11-00A0C91BC942}") = "prog5-18", "prog5-18\prog5-18.vcxproj", "{FC68AE4E-DC7F-450F-BD2B-49F2FCDC3066}"
EndProject
Project("{8BC9CEB8-8B4A-11D0-8D11-00A0C91BC942}") = "prog5-22", "prog5-22\prog5-22.vcxproj", "{1044BB03-0C91-4C41-90E9-D2D821DAC5E7}"
EndProject
Project("{8BC9CEB8-8B4A-11D0-8D11-00A0C91BC942}") = "prog5-2", "prog5-2\prog5-2.vcxproj", "{F98EA362-6077-466E-9FE0-C511E1FE729E}"
EndProject
Project("{8BC9CEB8-8B4A-11D0-8D11-00A0C91BC942}") = "prog5-9", "prog5-9\prog5-9.vcxproj", "{C66E8B46-4526-47A4-B4F1-364EA5A8167A}"
EndProject
Project("{8BC9CEB8-8B4A-11D0-8D11-00A0C91BC942}") = "prog5-10", "prog5-10\prog5-10.vcxproj", "{5B89018C-B872-4823-9351-0C7298503B52}"
EndProject
Project("{8BC9CEB8-8B4A-11D0-8D11-00A0C91BC942}") = "prog5-11", "prog5-11\prog5-11.vcxproj", "{B1B3D269-D459-4B82-83F3-F5BFC88B1976}"
EndProject
Project("{8BC9CEB8-8B4A-11D0-8D11-00A0C91BC942}") = "prog5-12", "prog5-12\prog5-12.vcxproj", "{B8F84086-05F8-4A0F-B2F1-101CF1E6C111}"
EndProject
Project("{8BC9CEB8-8B4A-11D0-8D11-00A0C91BC942}") = "prog5-13", "prog5-13\prog5-13.vcxproj", "{41661CE0-E7D1-485D-8763-C190723D42AD}"
EndProject
Project("{8BC9CEB8-8B4A-11D0-8D11-00A0C91BC942}") = "prog5-14", "prog5-14\prog5-14.vcxproj", "{A1E44A9C-DBFF-4E3F-BFCD-D0AEFB3C58F0}"
EndProject
Project("{8BC9CEB8-8B4A-11D0-8D11-00A0C91BC942}") = "prog5-15", "prog5-15\prog5-15.vcxproj", "{96AB21CC-BE76-463C-8070-7CFD65C42124}"
EndProject
Project("{8BC9CEB8-8B4A-11D0-8D11-00A0C91BC942}") = "prog5-16", "prog5-16\prog5-16.vcxproj", "{B3802EE9-E311-412C-B328-A11230B00A58}"
EndProject
Project("{8BC9CEB8-8B4A-11D0-8D11-00A0C91BC942}") = "prog5-17", "prog5-17\prog5-17.vcxproj", "{6035DE6E-53D1-4A6B-A8F2-FE225AA5F95B}"
EndProject
Project("{8BC9CEB8-8B4A-11D0-8D11-00A0C91BC942}") = "prog5-19", "prog5-19\prog5-19.vcxproj", "{950265C4-91E1-4920-9DB7-CED77542A07A}"
EndProject
Project("{8BC9CEB8-8B4A-11D0-8D11-00A0C91BC942}") = "prog5-20", "prog5-20\prog5-20.vcxproj", "{746EBB1B-C9D7-44FD-9256-B240017F5CB7}"
EndProject
Project("{8BC9CEB8-8B4A-11D0-8D11-00A0C91BC942}") = "prog5-21", "prog5-21\prog5-21.vcxproj", "{08F86DC1-C07D-4FCA-88F6-E9209B3D68EB}"
EndProject
Project("{8BC9CEB8-8B4A-11D0-8D11-00A0C91BC942}") = "exec5-1", "exec5-1\exec5-1.vcxproj", "{78BA92E1-86C5-47DB-B24E-67D2967A1BD8}"
EndProject
Project("{8BC9CEB8-8B4A-11D0-8D11-00A0C91BC942}") = "exec5-2", "exec5-2\exec5-2.vcxproj", "{491A3DE2-E6C2-4F8A-A502-A92EC7490D17}"
EndProject
Project("{8BC9CEB8-8B4A-11D0-8D11-00A0C91BC942}") = "exec5-6", "exec5-6\exec5-6.vcxproj", "{35A514C1-6FA9-4788-91B0-A52ECD36BAE8}"
EndProject
Project("{8BC9CEB8-8B4A-11D0-8D11-00A0C91BC942}") = "exec5-7", "exec5-7\exec5-7.vcxproj", "{A86EDBD2-7FCA-4282-8EC3-9AB9379784E0}"
EndProject
Project("{8BC9CEB8-8B4A-11D0-8D11-00A0C91BC942}") = "exec5-7a", "exec5-7a\exec5-7a.vcxproj", "{E72A32BE-245E-4577-B6C4-883D5E4A86D9}"
EndProject
Project("{8BC9CEB8-8B4A-11D0-8D11-00A0C91BC942}") = "exec5-8", "exec5-8\exec5-8.vcxproj", "{ABEA6483-CC81-4E87-A197-09DF3181CCD0}"
EndProject
Project("{8BC9CEB8-8B4A-11D0-8D11-00A0C91BC942}") = "exec5-8a", "exec5-8a\exec5-8a.vcxproj", "{26B08E3F-AE39-4371-A916-1BFEA27B6B66}"
EndProject
Project("{8BC9CEB8-8B4A-11D0-8D11-00A0C91BC942}") = "exec5-10", "exec5-10\exec5-10.vcxproj", "{70B80987-91C5-4248-9B61-A0CCA09DEC99}"
EndProject
Project("{8BC9CEB8-8B4A-11D0-8D11-00A0C91BC942}") = "hw5-1", "hw5-1\hw5-1.vcxproj", "{21601D80-982F-4126-94CB-ED17FAE41A1F}"
EndProject
Project("{8BC9CEB8-8B4A-11D0-8D11-00A0C91BC942}") = "hw5-7", "hw5-7\hw5-7.vcxproj", "{08CCDA3F-2B96-430A-B9F9-42C935738AC8}"
EndProject
Project("{8BC9CEB8-8B4A-11D0-8D11-00A0C91BC942}") = "exec5-14", "exec5-14\exec5-14.vcxproj", "{4CCD5597-559E-4066-A487-AB71EF02CC09}"
EndProject
Project("{8BC9CEB8-8B4A-11D0-8D11-00A0C91BC942}") = "exec5-18", "exec5-18\exec5-18.vcxproj", "{5FEE59B6-B11B-43B9-84EE-4355FCD07EDE}"
EndProject
Project("{8BC9CEB8-8B4A-11D0-8D11-00A0C91BC942}") = "hw5-2", "hw5-2\hw5-2.vcxproj", "{AE790030-8FA9-4E08-9383-301A56CEF74C}"
EndProject
Project("{8BC9CEB8-8B4A-11D0-8D11-00A0C91BC942}") = "hw5-5", "hw5-5\hw5-5.vcxproj", "{506AF587-8545-4F48-B485-F30F50BEB5EE}"
EndProject
Project("{8BC9CEB8-8B4A-11D0-8D11-00A0C91BC942}") = "hw5-6", "hw5-6\hw5-6.vcxproj", "{0B23D7C7-E429-4A8B-85DD-1AAB9D8D6BC5}"
EndProject
Project("{8BC9CEB8-8B4A-11D0-8D11-00A0C91BC942}") = "exec5-15", "exec5-15\exec5-15.vcxproj", "{CB0CB67C-9965-4534-AB46-6B13C0499D4E}"
EndProject
Global
	GlobalSection(SolutionConfigurationPlatforms) = preSolution
		Debug|x64 = Debug|x64
		Debug|x86 = Debug|x86
		Release|x64 = Release|x64
		Release|x86 = Release|x86
	EndGlobalSection
	GlobalSection(ProjectConfigurationPlatforms) = postSolution
		{63100A89-C3AC-4049-A801-A13991A2874D}.Debug|x64.ActiveCfg = Debug|x64
		{63100A89-C3AC-4049-A801-A13991A2874D}.Debug|x64.Build.0 = Debug|x64
		{63100A89-C3AC-4049-A801-A13991A2874D}.Debug|x86.ActiveCfg = Debug|Win32
		{63100A89-C3AC-4049-A801-A13991A2874D}.Debug|x86.Build.0 = Debug|Win32
		{63100A89-C3AC-4049-A801-A13991A2874D}.Release|x64.ActiveCfg = Release|x64
		{63100A89-C3AC-4049-A801-A13991A2874D}.Release|x64.Build.0 = Release|x64
		{63100A89-C3AC-4049-A801-A13991A2874D}.Release|x86.ActiveCfg = Release|Win32
		{63100A89-C3AC-4049-A801-A13991A2874D}.Release|x86.Build.0 = Release|Win32
		{B528EEA2-239C-4E0E-9B53-E143F9A6F875}.Debug|x64.ActiveCfg = Debug|x64
		{B528EEA2-239C-4E0E-9B53-E143F9A6F875}.Debug|x64.Build.0 = Debug|x64
		{B528EEA2-239C-4E0E-9B53-E143F9A6F875}.Debug|x86.ActiveCfg = Debug|Win32
		{B528EEA2-239C-4E0E-9B53-E143F9A6F875}.Debug|x86.Build.0 = Debug|Win32
		{B528EEA2-239C-4E0E-9B53-E143F9A6F875}.Release|x64.ActiveCfg = Release|x64
		{B528EEA2-239C-4E0E-9B53-E143F9A6F875}.Release|x64.Build.0 = Release|x64
		{B528EEA2-239C-4E0E-9B53-E143F9A6F875}.Release|x86.ActiveCfg = Release|Win32
		{B528EEA2-239C-4E0E-9B53-E143F9A6F875}.Release|x86.Build.0 = Release|Win32
		{96DB58D9-0D11-49B5-A499-ADDFDE6CB058}.Debug|x64.ActiveCfg = Debug|x64
		{96DB58D9-0D11-49B5-A499-ADDFDE6CB058}.Debug|x64.Build.0 = Debug|x64
		{96DB58D9-0D11-49B5-A499-ADDFDE6CB058}.Debug|x86.ActiveCfg = Debug|Win32
		{96DB58D9-0D11-49B5-A499-ADDFDE6CB058}.Debug|x86.Build.0 = Debug|Win32
		{96DB58D9-0D11-49B5-A499-ADDFDE6CB058}.Release|x64.ActiveCfg = Release|x64
		{96DB58D9-0D11-49B5-A499-ADDFDE6CB058}.Release|x64.Build.0 = Release|x64
		{96DB58D9-0D11-49B5-A499-ADDFDE6CB058}.Release|x86.ActiveCfg = Release|Win32
		{96DB58D9-0D11-49B5-A499-ADDFDE6CB058}.Release|x86.Build.0 = Release|Win32
		{A6365B10-BCE5-4B82-8F82-BDD0D862F0B4}.Debug|x64.ActiveCfg = Debug|x64
		{A6365B10-BCE5-4B82-8F82-BDD0D862F0B4}.Debug|x64.Build.0 = Debug|x64
		{A6365B10-BCE5-4B82-8F82-BDD0D862F0B4}.Debug|x86.ActiveCfg = Debug|Win32
		{A6365B10-BCE5-4B82-8F82-BDD0D862F0B4}.Debug|x86.Build.0 = Debug|Win32
		{A6365B10-BCE5-4B82-8F82-BDD0D862F0B4}.Release|x64.ActiveCfg = Release|x64
		{A6365B10-BCE5-4B82-8F82-BDD0D862F0B4}.Release|x64.Build.0 = Release|x64
		{A6365B10-BCE5-4B82-8F82-BDD0D862F0B4}.Release|x86.ActiveCfg = Release|Win32
		{A6365B10-BCE5-4B82-8F82-BDD0D862F0B4}.Release|x86.Build.0 = Release|Win32
		{1EA3F1D7-43B7-424E-8EA7-C6AEE3CF3916}.Debug|x64.ActiveCfg = Debug|x64
		{1EA3F1D7-43B7-424E-8EA7-C6AEE3CF3916}.Debug|x64.Build.0 = Debug|x64
		{1EA3F1D7-43B7-424E-8EA7-C6AEE3CF3916}.Debug|x86.ActiveCfg = Debug|Win32
		{1EA3F1D7-43B7-424E-8EA7-C6AEE3CF3916}.Debug|x86.Build.0 = Debug|Win32
		{1EA3F1D7-43B7-424E-8EA7-C6AEE3CF3916}.Release|x64.ActiveCfg = Release|x64
		{1EA3F1D7-43B7-424E-8EA7-C6AEE3CF3916}.Release|x64.Build.0 = Release|x64
		{1EA3F1D7-43B7-424E-8EA7-C6AEE3CF3916}.Release|x86.ActiveCfg = Release|Win32
		{1EA3F1D7-43B7-424E-8EA7-C6AEE3CF3916}.Release|x86.Build.0 = Release|Win32
		{46CC81DF-5630-4157-838E-6A1560F5F58E}.Debug|x64.ActiveCfg = Debug|x64
		{46CC81DF-5630-4157-838E-6A1560F5F58E}.Debug|x64.Build.0 = Debug|x64
		{46CC81DF-5630-4157-838E-6A1560F5F58E}.Debug|x86.ActiveCfg = Debug|Win32
		{46CC81DF-5630-4157-838E-6A1560F5F58E}.Debug|x86.Build.0 = Debug|Win32
		{46CC81DF-5630-4157-838E-6A1560F5F58E}.Release|x64.ActiveCfg = Release|x64
		{46CC81DF-5630-4157-838E-6A1560F5F58E}.Release|x64.Build.0 = Release|x64
		{46CC81DF-5630-4157-838E-6A1560F5F58E}.Release|x86.ActiveCfg = Release|Win32
		{46CC81DF-5630-4157-838E-6A1560F5F58E}.Release|x86.Build.0 = Release|Win32
		{FE92632F-42AB-4CEC-A371-FE6983E2E653}.Debug|x64.ActiveCfg = Debug|x64
		{FE92632F-42AB-4CEC-A371-FE6983E2E653}.Debug|x64.Build.0 = Debug|x64
		{FE92632F-42AB-4CEC-A371-FE6983E2E653}.Debug|x86.ActiveCfg = Debug|Win32
		{FE92632F-42AB-4CEC-A371-FE6983E2E653}.Debug|x86.Build.0 = Debug|Win32
		{FE92632F-42AB-4CEC-A371-FE6983E2E653}.Release|x64.ActiveCfg = Release|x64
		{FE92632F-42AB-4CEC-A371-FE6983E2E653}.Release|x64.Build.0 = Release|x64
		{FE92632F-42AB-4CEC-A371-FE6983E2E653}.Release|x86.ActiveCfg = Release|Win32
		{FE92632F-42AB-4CEC-A371-FE6983E2E653}.Release|x86.Build.0 = Release|Win32
		{FC68AE4E-DC7F-450F-BD2B-49F2FCDC3066}.Debug|x64.ActiveCfg = Debug|x64
		{FC68AE4E-DC7F-450F-BD2B-49F2FCDC3066}.Debug|x64.Build.0 = Debug|x64
		{FC68AE4E-DC7F-450F-BD2B-49F2FCDC3066}.Debug|x86.ActiveCfg = Debug|Win32
		{FC68AE4E-DC7F-450F-BD2B-49F2FCDC3066}.Debug|x86.Build.0 = Debug|Win32
		{FC68AE4E-DC7F-450F-BD2B-49F2FCDC3066}.Release|x64.ActiveCfg = Release|x64
		{FC68AE4E-DC7F-450F-BD2B-49F2FCDC3066}.Release|x64.Build.0 = Release|x64
		{FC68AE4E-DC7F-450F-BD2B-49F2FCDC3066}.Release|x86.ActiveCfg = Release|Win32
		{FC68AE4E-DC7F-450F-BD2B-49F2FCDC3066}.Release|x86.Build.0 = Release|Win32
		{1044BB03-0C91-4C41-90E9-D2D821DAC5E7}.Debug|x64.ActiveCfg = Debug|x64
		{1044BB03-0C91-4C41-90E9-D2D821DAC5E7}.Debug|x64.Build.0 = Debug|x64
		{1044BB03-0C91-4C41-90E9-D2D821DAC5E7}.Debug|x86.ActiveCfg = Debug|Win32
		{1044BB03-0C91-4C41-90E9-D2D821DAC5E7}.Debug|x86.Build.0 = Debug|Win32
		{1044BB03-0C91-4C41-90E9-D2D821DAC5E7}.Release|x64.ActiveCfg = Release|x64
		{1044BB03-0C91-4C41-90E9-D2D821DAC5E7}.Release|x64.Build.0 = Release|x64
		{1044BB03-0C91-4C41-90E9-D2D821DAC5E7}.Release|x86.ActiveCfg = Release|Win32
		{1044BB03-0C91-4C41-90E9-D2D821DAC5E7}.Release|x86.Build.0 = Release|Win32
		{F98EA362-6077-466E-9FE0-C511E1FE729E}.Debug|x64.ActiveCfg = Debug|x64
		{F98EA362-6077-466E-9FE0-C511E1FE729E}.Debug|x64.Build.0 = Debug|x64
		{F98EA362-6077-466E-9FE0-C511E1FE729E}.Debug|x86.ActiveCfg = Debug|Win32
		{F98EA362-6077-466E-9FE0-C511E1FE729E}.Debug|x86.Build.0 = Debug|Win32
		{F98EA362-6077-466E-9FE0-C511E1FE729E}.Release|x64.ActiveCfg = Release|x64
		{F98EA362-6077-466E-9FE0-C511E1FE729E}.Release|x64.Build.0 = Release|x64
		{F98EA362-6077-466E-9FE0-C511E1FE729E}.Release|x86.ActiveCfg = Release|Win32
		{F98EA362-6077-466E-9FE0-C511E1FE729E}.Release|x86.Build.0 = Release|Win32
		{C66E8B46-4526-47A4-B4F1-364EA5A8167A}.Debug|x64.ActiveCfg = Debug|x64
		{C66E8B46-4526-47A4-B4F1-364EA5A8167A}.Debug|x64.Build.0 = Debug|x64
		{C66E8B46-4526-47A4-B4F1-364EA5A8167A}.Debug|x86.ActiveCfg = Debug|Win32
		{C66E8B46-4526-47A4-B4F1-364EA5A8167A}.Debug|x86.Build.0 = Debug|Win32
		{C66E8B46-4526-47A4-B4F1-364EA5A8167A}.Release|x64.ActiveCfg = Release|x64
		{C66E8B46-4526-47A4-B4F1-364EA5A8167A}.Release|x64.Build.0 = Release|x64
		{C66E8B46-4526-47A4-B4F1-364EA5A8167A}.Release|x86.ActiveCfg = Release|Win32
		{C66E8B46-4526-47A4-B4F1-364EA5A8167A}.Release|x86.Build.0 = Release|Win32
		{5B89018C-B872-4823-9351-0C7298503B52}.Debug|x64.ActiveCfg = Debug|x64
		{5B89018C-B872-4823-9351-0C7298503B52}.Debug|x64.Build.0 = Debug|x64
		{5B89018C-B872-4823-9351-0C7298503B52}.Debug|x86.ActiveCfg = Debug|Win32
		{5B89018C-B872-4823-9351-0C7298503B52}.Debug|x86.Build.0 = Debug|Win32
		{5B89018C-B872-4823-9351-0C7298503B52}.Release|x64.ActiveCfg = Release|x64
		{5B89018C-B872-4823-9351-0C7298503B52}.Release|x64.Build.0 = Release|x64
		{5B89018C-B872-4823-9351-0C7298503B52}.Release|x86.ActiveCfg = Release|Win32
		{5B89018C-B872-4823-9351-0C7298503B52}.Release|x86.Build.0 = Release|Win32
		{B1B3D269-D459-4B82-83F3-F5BFC88B1976}.Debug|x64.ActiveCfg = Debug|x64
		{B1B3D269-D459-4B82-83F3-F5BFC88B1976}.Debug|x64.Build.0 = Debug|x64
		{B1B3D269-D459-4B82-83F3-F5BFC88B1976}.Debug|x86.ActiveCfg = Debug|Win32
		{B1B3D269-D459-4B82-83F3-F5BFC88B1976}.Debug|x86.Build.0 = Debug|Win32
		{B1B3D269-D459-4B82-83F3-F5BFC88B1976}.Release|x64.ActiveCfg = Release|x64
		{B1B3D269-D459-4B82-83F3-F5BFC88B1976}.Release|x64.Build.0 = Release|x64
		{B1B3D269-D459-4B82-83F3-F5BFC88B1976}.Release|x86.ActiveCfg = Release|Win32
		{B1B3D269-D459-4B82-83F3-F5BFC88B1976}.Release|x86.Build.0 = Release|Win32
		{B8F84086-05F8-4A0F-B2F1-101CF1E6C111}.Debug|x64.ActiveCfg = Debug|x64
		{B8F84086-05F8-4A0F-B2F1-101CF1E6C111}.Debug|x64.Build.0 = Debug|x64
		{B8F84086-05F8-4A0F-B2F1-101CF1E6C111}.Debug|x86.ActiveCfg = Debug|Win32
		{B8F84086-05F8-4A0F-B2F1-101CF1E6C111}.Debug|x86.Build.0 = Debug|Win32
		{B8F84086-05F8-4A0F-B2F1-101CF1E6C111}.Release|x64.ActiveCfg = Release|x64
		{B8F84086-05F8-4A0F-B2F1-101CF1E6C111}.Release|x64.Build.0 = Release|x64
		{B8F84086-05F8-4A0F-B2F1-101CF1E6C111}.Release|x86.ActiveCfg = Release|Win32
		{B8F84086-05F8-4A0F-B2F1-101CF1E6C111}.Release|x86.Build.0 = Release|Win32
		{41661CE0-E7D1-485D-8763-C190723D42AD}.Debug|x64.ActiveCfg = Debug|x64
		{41661CE0-E7D1-485D-8763-C190723D42AD}.Debug|x64.Build.0 = Debug|x64
		{41661CE0-E7D1-485D-8763-C190723D42AD}.Debug|x86.ActiveCfg = Debug|Win32
		{41661CE0-E7D1-485D-8763-C190723D42AD}.Debug|x86.Build.0 = Debug|Win32
		{41661CE0-E7D1-485D-8763-C190723D42AD}.Release|x64.ActiveCfg = Release|x64
		{41661CE0-E7D1-485D-8763-C190723D42AD}.Release|x64.Build.0 = Release|x64
		{41661CE0-E7D1-485D-8763-C190723D42AD}.Release|x86.ActiveCfg = Release|Win32
		{41661CE0-E7D1-485D-8763-C190723D42AD}.Release|x86.Build.0 = Release|Win32
		{A1E44A9C-DBFF-4E3F-BFCD-D0AEFB3C58F0}.Debug|x64.ActiveCfg = Debug|x64
		{A1E44A9C-DBFF-4E3F-BFCD-D0AEFB3C58F0}.Debug|x64.Build.0 = Debug|x64
		{A1E44A9C-DBFF-4E3F-BFCD-D0AEFB3C58F0}.Debug|x86.ActiveCfg = Debug|Win32
		{A1E44A9C-DBFF-4E3F-BFCD-D0AEFB3C58F0}.Debug|x86.Build.0 = Debug|Win32
		{A1E44A9C-DBFF-4E3F-BFCD-D0AEFB3C58F0}.Release|x64.ActiveCfg = Release|x64
		{A1E44A9C-DBFF-4E3F-BFCD-D0AEFB3C58F0}.Release|x64.Build.0 = Release|x64
		{A1E44A9C-DBFF-4E3F-BFCD-D0AEFB3C58F0}.Release|x86.ActiveCfg = Release|Win32
		{A1E44A9C-DBFF-4E3F-BFCD-D0AEFB3C58F0}.Release|x86.Build.0 = Release|Win32
		{96AB21CC-BE76-463C-8070-7CFD65C42124}.Debug|x64.ActiveCfg = Debug|x64
		{96AB21CC-BE76-463C-8070-7CFD65C42124}.Debug|x64.Build.0 = Debug|x64
		{96AB21CC-BE76-463C-8070-7CFD65C42124}.Debug|x86.ActiveCfg = Debug|Win32
		{96AB21CC-BE76-463C-8070-7CFD65C42124}.Debug|x86.Build.0 = Debug|Win32
		{96AB21CC-BE76-463C-8070-7CFD65C42124}.Release|x64.ActiveCfg = Release|x64
		{96AB21CC-BE76-463C-8070-7CFD65C42124}.Release|x64.Build.0 = Release|x64
		{96AB21CC-BE76-463C-8070-7CFD65C42124}.Release|x86.ActiveCfg = Release|Win32
		{96AB21CC-BE76-463C-8070-7CFD65C42124}.Release|x86.Build.0 = Release|Win32
		{B3802EE9-E311-412C-B328-A11230B00A58}.Debug|x64.ActiveCfg = Debug|x64
		{B3802EE9-E311-412C-B328-A11230B00A58}.Debug|x64.Build.0 = Debug|x64
		{B3802EE9-E311-412C-B328-A11230B00A58}.Debug|x86.ActiveCfg = Debug|Win32
		{B3802EE9-E311-412C-B328-A11230B00A58}.Debug|x86.Build.0 = Debug|Win32
		{B3802EE9-E311-412C-B328-A11230B00A58}.Release|x64.ActiveCfg = Release|x64
		{B3802EE9-E311-412C-B328-A11230B00A58}.Release|x64.Build.0 = Release|x64
		{B3802EE9-E311-412C-B328-A11230B00A58}.Release|x86.ActiveCfg = Release|Win32
		{B3802EE9-E311-412C-B328-A11230B00A58}.Release|x86.Build.0 = Release|Win32
		{6035DE6E-53D1-4A6B-A8F2-FE225AA5F95B}.Debug|x64.ActiveCfg = Debug|x64
		{6035DE6E-53D1-4A6B-A8F2-FE225AA5F95B}.Debug|x64.Build.0 = Debug|x64
		{6035DE6E-53D1-4A6B-A8F2-FE225AA5F95B}.Debug|x86.ActiveCfg = Debug|Win32
		{6035DE6E-53D1-4A6B-A8F2-FE225AA5F95B}.Debug|x86.Build.0 = Debug|Win32
		{6035DE6E-53D1-4A6B-A8F2-FE225AA5F95B}.Release|x64.ActiveCfg = Release|x64
		{6035DE6E-53D1-4A6B-A8F2-FE225AA5F95B}.Release|x64.Build.0 = Release|x64
		{6035DE6E-53D1-4A6B-A8F2-FE225AA5F95B}.Release|x86.ActiveCfg = Release|Win32
		{6035DE6E-53D1-4A6B-A8F2-FE225AA5F95B}.Release|x86.Build.0 = Release|Win32
		{950265C4-91E1-4920-9DB7-CED77542A07A}.Debug|x64.ActiveCfg = Debug|x64
		{950265C4-91E1-4920-9DB7-CED77542A07A}.Debug|x64.Build.0 = Debug|x64
		{950265C4-91E1-4920-9DB7-CED77542A07A}.Debug|x86.ActiveCfg = Debug|Win32
		{950265C4-91E1-4920-9DB7-CED77542A07A}.Debug|x86.Build.0 = Debug|Win32
		{950265C4-91E1-4920-9DB7-CED77542A07A}.Release|x64.ActiveCfg = Release|x64
		{950265C4-91E1-4920-9DB7-CED77542A07A}.Release|x64.Build.0 = Release|x64
		{950265C4-91E1-4920-9DB7-CED77542A07A}.Release|x86.ActiveCfg = Release|Win32
		{950265C4-91E1-4920-9DB7-CED77542A07A}.Release|x86.Build.0 = Release|Win32
		{746EBB1B-C9D7-44FD-9256-B240017F5CB7}.Debug|x64.ActiveCfg = Debug|x64
		{746EBB1B-C9D7-44FD-9256-B240017F5CB7}.Debug|x64.Build.0 = Debug|x64
		{746EBB1B-C9D7-44FD-9256-B240017F5CB7}.Debug|x86.ActiveCfg = Debug|Win32
		{746EBB1B-C9D7-44FD-9256-B240017F5CB7}.Debug|x86.Build.0 = Debug|Win32
		{746EBB1B-C9D7-44FD-9256-B240017F5CB7}.Release|x64.ActiveCfg = Release|x64
		{746EBB1B-C9D7-44FD-9256-B240017F5CB7}.Release|x64.Build.0 = Release|x64
		{746EBB1B-C9D7-44FD-9256-B240017F5CB7}.Release|x86.ActiveCfg = Release|Win32
		{746EBB1B-C9D7-44FD-9256-B240017F5CB7}.Release|x86.Build.0 = Release|Win32
		{08F86DC1-C07D-4FCA-88F6-E9209B3D68EB}.Debug|x64.ActiveCfg = Debug|x64
		{08F86DC1-C07D-4FCA-88F6-E9209B3D68EB}.Debug|x64.Build.0 = Debug|x64
		{08F86DC1-C07D-4FCA-88F6-E9209B3D68EB}.Debug|x86.ActiveCfg = Debug|Win32
		{08F86DC1-C07D-4FCA-88F6-E9209B3D68EB}.Debug|x86.Build.0 = Debug|Win32
		{08F86DC1-C07D-4FCA-88F6-E9209B3D68EB}.Release|x64.ActiveCfg = Release|x64
		{08F86DC1-C07D-4FCA-88F6-E9209B3D68EB}.Release|x64.Build.0 = Release|x64
		{08F86DC1-C07D-4FCA-88F6-E9209B3D68EB}.Release|x86.ActiveCfg = Release|Win32
		{08F86DC1-C07D-4FCA-88F6-E9209B3D68EB}.Release|x86.Build.0 = Release|Win32
		{78BA92E1-86C5-47DB-B24E-67D2967A1BD8}.Debug|x64.ActiveCfg = Debug|x64
		{78BA92E1-86C5-47DB-B24E-67D2967A1BD8}.Debug|x64.Build.0 = Debug|x64
		{78BA92E1-86C5-47DB-B24E-67D2967A1BD8}.Debug|x86.ActiveCfg = Debug|Win32
		{78BA92E1-86C5-47DB-B24E-67D2967A1BD8}.Debug|x86.Build.0 = Debug|Win32
		{78BA92E1-86C5-47DB-B24E-67D2967A1BD8}.Release|x64.ActiveCfg = Release|x64
		{78BA92E1-86C5-47DB-B24E-67D2967A1BD8}.Release|x64.Build.0 = Release|x64
		{78BA92E1-86C5-47DB-B24E-67D2967A1BD8}.Release|x86.ActiveCfg = Release|Win32
		{78BA92E1-86C5-47DB-B24E-67D2967A1BD8}.Release|x86.Build.0 = Release|Win32
		{491A3DE2-E6C2-4F8A-A502-A92EC7490D17}.Debug|x64.ActiveCfg = Debug|x64
		{491A3DE2-E6C2-4F8A-A502-A92EC7490D17}.Debug|x64.Build.0 = Debug|x64
		{491A3DE2-E6C2-4F8A-A502-A92EC7490D17}.Debug|x86.ActiveCfg = Debug|Win32
		{491A3DE2-E6C2-4F8A-A502-A92EC7490D17}.Debug|x86.Build.0 = Debug|Win32
		{491A3DE2-E6C2-4F8A-A502-A92EC7490D17}.Release|x64.ActiveCfg = Release|x64
		{491A3DE2-E6C2-4F8A-A502-A92EC7490D17}.Release|x64.Build.0 = Release|x64
		{491A3DE2-E6C2-4F8A-A502-A92EC7490D17}.Release|x86.ActiveCfg = Release|Win32
		{491A3DE2-E6C2-4F8A-A502-A92EC7490D17}.Release|x86.Build.0 = Release|Win32
		{35A514C1-6FA9-4788-91B0-A52ECD36BAE8}.Debug|x64.ActiveCfg = Debug|x64
		{35A514C1-6FA9-4788-91B0-A52ECD36BAE8}.Debug|x64.Build.0 = Debug|x64
		{35A514C1-6FA9-4788-91B0-A52ECD36BAE8}.Debug|x86.ActiveCfg = Debug|Win32
		{35A514C1-6FA9-4788-91B0-A52ECD36BAE8}.Debug|x86.Build.0 = Debug|Win32
		{35A514C1-6FA9-4788-91B0-A52ECD36BAE8}.Release|x64.ActiveCfg = Release|x64
		{35A514C1-6FA9-4788-91B0-A52ECD36BAE8}.Release|x64.Build.0 = Release|x64
		{35A514C1-6FA9-4788-91B0-A52ECD36BAE8}.Release|x86.ActiveCfg = Release|Win32
		{35A514C1-6FA9-4788-91B0-A52ECD36BAE8}.Release|x86.Build.0 = Release|Win32
		{A86EDBD2-7FCA-4282-8EC3-9AB9379784E0}.Debug|x64.ActiveCfg = Debug|x64
		{A86EDBD2-7FCA-4282-8EC3-9AB9379784E0}.Debug|x64.Build.0 = Debug|x64
		{A86EDBD2-7FCA-4282-8EC3-9AB9379784E0}.Debug|x86.ActiveCfg = Debug|Win32
		{A86EDBD2-7FCA-4282-8EC3-9AB9379784E0}.Debug|x86.Build.0 = Debug|Win32
		{A86EDBD2-7FCA-4282-8EC3-9AB9379784E0}.Release|x64.ActiveCfg = Release|x64
		{A86EDBD2-7FCA-4282-8EC3-9AB9379784E0}.Release|x64.Build.0 = Release|x64
		{A86EDBD2-7FCA-4282-8EC3-9AB9379784E0}.Release|x86.ActiveCfg = Release|Win32
		{A86EDBD2-7FCA-4282-8EC3-9AB9379784E0}.Release|x86.Build.0 = Release|Win32
		{E72A32BE-245E-4577-B6C4-883D5E4A86D9}.Debug|x64.ActiveCfg = Debug|x64
		{E72A32BE-245E-4577-B6C4-883D5E4A86D9}.Debug|x64.Build.0 = Debug|x64
		{E72A32BE-245E-4577-B6C4-883D5E4A86D9}.Debug|x86.ActiveCfg = Debug|Win32
		{E72A32BE-245E-4577-B6C4-883D5E4A86D9}.Debug|x86.Build.0 = Debug|Win32
		{E72A32BE-245E-4577-B6C4-883D5E4A86D9}.Release|x64.ActiveCfg = Release|x64
		{E72A32BE-245E-4577-B6C4-883D5E4A86D9}.Release|x64.Build.0 = Release|x64
		{E72A32BE-245E-4577-B6C4-883D5E4A86D9}.Release|x86.ActiveCfg = Release|Win32
		{E72A32BE-245E-4577-B6C4-883D5E4A86D9}.Release|x86.Build.0 = Release|Win32
		{ABEA6483-CC81-4E87-A197-09DF3181CCD0}.Debug|x64.ActiveCfg = Debug|x64
		{ABEA6483-CC81-4E87-A197-09DF3181CCD0}.Debug|x64.Build.0 = Debug|x64
		{ABEA6483-CC81-4E87-A197-09DF3181CCD0}.Debug|x86.ActiveCfg = Debug|Win32
		{ABEA6483-CC81-4E87-A197-09DF3181CCD0}.Debug|x86.Build.0 = Debug|Win32
		{ABEA6483-CC81-4E87-A197-09DF3181CCD0}.Release|x64.ActiveCfg = Release|x64
		{ABEA6483-CC81-4E87-A197-09DF3181CCD0}.Release|x64.Build.0 = Release|x64
		{ABEA6483-CC81-4E87-A197-09DF3181CCD0}.Release|x86.ActiveCfg = Release|Win32
		{ABEA6483-CC81-4E87-A197-09DF3181CCD0}.Release|x86.Build.0 = Release|Win32
		{26B08E3F-AE39-4371-A916-1BFEA27B6B66}.Debug|x64.ActiveCfg = Debug|x64
		{26B08E3F-AE39-4371-A916-1BFEA27B6B66}.Debug|x64.Build.0 = Debug|x64
		{26B08E3F-AE39-4371-A916-1BFEA27B6B66}.Debug|x86.ActiveCfg = Debug|Win32
		{26B08E3F-AE39-4371-A916-1BFEA27B6B66}.Debug|x86.Build.0 = Debug|Win32
		{26B08E3F-AE39-4371-A916-1BFEA27B6B66}.Release|x64.ActiveCfg = Release|x64
		{26B08E3F-AE39-4371-A916-1BFEA27B6B66}.Release|x64.Build.0 = Release|x64
		{26B08E3F-AE39-4371-A916-1BFEA27B6B66}.Release|x86.ActiveCfg = Release|Win32
		{26B08E3F-AE39-4371-A916-1BFEA27B6B66}.Release|x86.Build.0 = Release|Win32
		{70B80987-91C5-4248-9B61-A0CCA09DEC99}.Debug|x64.ActiveCfg = Debug|x64
		{70B80987-91C5-4248-9B61-A0CCA09DEC99}.Debug|x64.Build.0 = Debug|x64
		{70B80987-91C5-4248-9B61-A0CCA09DEC99}.Debug|x86.ActiveCfg = Debug|Win32
		{70B80987-91C5-4248-9B61-A0CCA09DEC99}.Debug|x86.Build.0 = Debug|Win32
		{70B80987-91C5-4248-9B61-A0CCA09DEC99}.Release|x64.ActiveCfg = Release|x64
		{70B80987-91C5-4248-9B61-A0CCA09DEC99}.Release|x64.Build.0 = Release|x64
		{70B80987-91C5-4248-9B61-A0CCA09DEC99}.Release|x86.ActiveCfg = Release|Win32
		{70B80987-91C5-4248-9B61-A0CCA09DEC99}.Release|x86.Build.0 = Release|Win32
		{21601D80-982F-4126-94CB-ED17FAE41A1F}.Debug|x64.ActiveCfg = Debug|x64
		{21601D80-982F-4126-94CB-ED17FAE41A1F}.Debug|x64.Build.0 = Debug|x64
		{21601D80-982F-4126-94CB-ED17FAE41A1F}.Debug|x86.ActiveCfg = Debug|Win32
		{21601D80-982F-4126-94CB-ED17FAE41A1F}.Debug|x86.Build.0 = Debug|Win32
		{21601D80-982F-4126-94CB-ED17FAE41A1F}.Release|x64.ActiveCfg = Release|x64
		{21601D80-982F-4126-94CB-ED17FAE41A1F}.Release|x64.Build.0 = Release|x64
		{21601D80-982F-4126-94CB-ED17FAE41A1F}.Release|x86.ActiveCfg = Release|Win32
		{21601D80-982F-4126-94CB-ED17FAE41A1F}.Release|x86.Build.0 = Release|Win32
		{08CCDA3F-2B96-430A-B9F9-42C935738AC8}.Debug|x64.ActiveCfg = Debug|x64
		{08CCDA3F-2B96-430A-B9F9-42C935738AC8}.Debug|x64.Build.0 = Debug|x64
		{08CCDA3F-2B96-430A-B9F9-42C935738AC8}.Debug|x86.ActiveCfg = Debug|Win32
		{08CCDA3F-2B96-430A-B9F9-42C935738AC8}.Debug|x86.Build.0 = Debug|Win32
		{08CCDA3F-2B96-430A-B9F9-42C935738AC8}.Release|x64.ActiveCfg = Release|x64
		{08CCDA3F-2B96-430A-B9F9-42C935738AC8}.Release|x64.Build.0 = Release|x64
		{08CCDA3F-2B96-430A-B9F9-42C935738AC8}.Release|x86.ActiveCfg = Release|Win32
		{08CCDA3F-2B96-430A-B9F9-42C935738AC8}.Release|x86.Build.0 = Release|Win32
		{4CCD5597-559E-4066-A487-AB71EF02CC09}.Debug|x64.ActiveCfg = Debug|x64
		{4CCD5597-559E-4066-A487-AB71EF02CC09}.Debug|x64.Build.0 = Debug|x64
		{4CCD5597-559E-4066-A487-AB71EF02CC09}.Debug|x86.ActiveCfg = Debug|Win32
		{4CCD5597-559E-4066-A487-AB71EF02CC09}.Debug|x86.Build.0 = Debug|Win32
		{4CCD5597-559E-4066-A487-AB71EF02CC09}.Release|x64.ActiveCfg = Release|x64
		{4CCD5597-559E-4066-A487-AB71EF02CC09}.Release|x64.Build.0 = Release|x64
		{4CCD5597-559E-4066-A487-AB71EF02CC09}.Release|x86.ActiveCfg = Release|Win32
		{4CCD5597-559E-4066-A487-AB71EF02CC09}.Release|x86.Build.0 = Release|Win32
		{5FEE59B6-B11B-43B9-84EE-4355FCD07EDE}.Debug|x64.ActiveCfg = Debug|x64
		{5FEE59B6-B11B-43B9-84EE-4355FCD07EDE}.Debug|x64.Build.0 = Debug|x64
		{5FEE59B6-B11B-43B9-84EE-4355FCD07EDE}.Debug|x86.ActiveCfg = Debug|Win32
		{5FEE59B6-B11B-43B9-84EE-4355FCD07EDE}.Debug|x86.Build.0 = Debug|Win32
		{5FEE59B6-B11B-43B9-84EE-4355FCD07EDE}.Release|x64.ActiveCfg = Release|x64
		{5FEE59B6-B11B-43B9-84EE-4355FCD07EDE}.Release|x64.Build.0 = Release|x64
		{5FEE59B6-B11B-43B9-84EE-4355FCD07EDE}.Release|x86.ActiveCfg = Release|Win32
		{5FEE59B6-B11B-43B9-84EE-4355FCD07EDE}.Release|x86.Build.0 = Release|Win32
		{AE790030-8FA9-4E08-9383-301A56CEF74C}.Debug|x64.ActiveCfg = Debug|x64
		{AE790030-8FA9-4E08-9383-301A56CEF74C}.Debug|x64.Build.0 = Debug|x64
		{AE790030-8FA9-4E08-9383-301A56CEF74C}.Debug|x86.ActiveCfg = Debug|Win32
		{AE790030-8FA9-4E08-9383-301A56CEF74C}.Debug|x86.Build.0 = Debug|Win32
		{AE790030-8FA9-4E08-9383-301A56CEF74C}.Release|x64.ActiveCfg = Release|x64
		{AE790030-8FA9-4E08-9383-301A56CEF74C}.Release|x64.Build.0 = Release|x64
		{AE790030-8FA9-4E08-9383-301A56CEF74C}.Release|x86.ActiveCfg = Release|Win32
		{AE790030-8FA9-4E08-9383-301A56CEF74C}.Release|x86.Build.0 = Release|Win32
		{506AF587-8545-4F48-B485-F30F50BEB5EE}.Debug|x64.ActiveCfg = Debug|x64
		{506AF587-8545-4F48-B485-F30F50BEB5EE}.Debug|x64.Build.0 = Debug|x64
		{506AF587-8545-4F48-B485-F30F50BEB5EE}.Debug|x86.ActiveCfg = Debug|Win32
		{506AF587-8545-4F48-B485-F30F50BEB5EE}.Debug|x86.Build.0 = Debug|Win32
		{506AF587-8545-4F48-B485-F30F50BEB5EE}.Release|x64.ActiveCfg = Release|x64
		{506AF587-8545-4F48-B485-F30F50BEB5EE}.Release|x64.Build.0 = Release|x64
		{506AF587-8545-4F48-B485-F30F50BEB5EE}.Release|x86.ActiveCfg = Release|Win32
		{506AF587-8545-4F48-B485-F30F50BEB5EE}.Release|x86.Build.0 = Release|Win32
		{0B23D7C7-E429-4A8B-85DD-1AAB9D8D6BC5}.Debug|x64.ActiveCfg = Debug|x64
		{0B23D7C7-E429-4A8B-85DD-1AAB9D8D6BC5}.Debug|x64.Build.0 = Debug|x64
		{0B23D7C7-E429-4A8B-85DD-1AAB9D8D6BC5}.Debug|x86.ActiveCfg = Debug|Win32
		{0B23D7C7-E429-4A8B-85DD-1AAB9D8D6BC5}.Debug|x86.Build.0 = Debug|Win32
		{0B23D7C7-E429-4A8B-85DD-1AAB9D8D6BC5}.Release|x64.ActiveCfg = Release|x64
		{0B23D7C7-E429-4A8B-85DD-1AAB9D8D6BC5}.Release|x64.Build.0 = Release|x64
		{0B23D7C7-E429-4A8B-85DD-1AAB9D8D6BC5}.Release|x86.ActiveCfg = Release|Win32
		{0B23D7C7-E429-4A8B-85DD-1AAB9D8D6BC5}.Release|x86.Build.0 = Release|Win32
		{CB0CB67C-9965-4534-AB46-6B13C0499D4E}.Debug|x64.ActiveCfg = Debug|x64
		{CB0CB67C-9965-4534-AB46-6B13C0499D4E}.Debug|x64.Build.0 = Debug|x64
		{CB0CB67C-9965-4534-AB46-6B13C0499D4E}.Debug|x86.ActiveCfg = Debug|Win32
		{CB0CB67C-9965-4534-AB46-6B13C0499D4E}.Debug|x86.Build.0 = Debug|Win32
		{CB0CB67C-9965-4534-AB46-6B13C0499D4E}.Release|x64.ActiveCfg = Release|x64
		{CB0CB67C-9965-4534-AB46-6B13C0499D4E}.Release|x64.Build.0 = Release|x64
		{CB0CB67C-9965-4534-AB46-6B13C0499D4E}.Release|x86.ActiveCfg = Release|Win32
		{CB0CB67C-9965-4534-AB46-6B13C0499D4E}.Release|x86.Build.0 = Release|Win32
	EndGlobalSection
	GlobalSection(SolutionProperties) = preSolution
		HideSolutionNode = FALSE
	EndGlobalSection
	GlobalSection(ExtensibilityGlobals) = postSolution
		SolutionGuid = {E8CAF9ED-E549-4A77-87CD-AD16D5A13834}
	EndGlobalSection
EndGlobal
