
Microsoft Visual Studio Solution File, Format Version 12.00
# Visual Studio Version 17
VisualStudioVersion = 17.3.32901.215
MinimumVisualStudioVersion = 10.0.40219.1
Project("{8BC9CEB8-8B4A-11D0-8D11-00A0C91BC942}") = "prog8-1", "prog8-1\prog8-1.vcxproj", "{561ACA23-C2B9-4293-A400-64E29BE192C6}"
EndProject
Project("{8BC9CEB8-8B4A-11D0-8D11-00A0C91BC942}") = "prog8-2", "prog8-2\prog8-2.vcxproj", "{FFF35759-3EB3-48A6-A1B1-696215557937}"
EndProject
Project("{8BC9CEB8-8B4A-11D0-8D11-00A0C91BC942}") = "prog8-3", "prog8-3\prog8-3.vcxproj", "{2E446968-A6F3-467F-9308-DF5F2A0A379F}"
EndProject
Project("{8BC9CEB8-8B4A-11D0-8D11-00A0C91BC942}") = "prog8-4", "prog8-4\prog8-4.vcxproj", "{8033A56C-D127-4790-A212-B1415897D1A6}"
EndProject
Project("{8BC9CEB8-8B4A-11D0-8D11-00A0C91BC942}") = "prog8-5", "prog8-5\prog8-5.vcxproj", "{2AEEE105-FF24-4364-BA49-4188588A8373}"
EndProject
Project("{8BC9CEB8-8B4A-11D0-8D11-00A0C91BC942}") = "prog8-6", "prog8-6\prog8-6.vcxproj", "{72080D60-233C-467B-9213-8A670FB0C397}"
EndProject
Project("{8BC9CEB8-8B4A-11D0-8D11-00A0C91BC942}") = "prog8-7", "prog8-7\prog8-7.vcxproj", "{119187F5-E725-4CFB-838E-E5C1AF46A6DB}"
EndProject
Project("{8BC9CEB8-8B4A-11D0-8D11-00A0C91BC942}") = "prog8-8", "prog8-8\prog8-8.vcxproj", "{F6EA6EC8-1341-47D5-AE0B-723D2193C40B}"
EndProject
Project("{8BC9CEB8-8B4A-11D0-8D11-00A0C91BC942}") = "prog8-9", "prog8-9\prog8-9.vcxproj", "{D3629EA8-7CCA-4F52-BF87-57273ECAA4BB}"
EndProject
Project("{8BC9CEB8-8B4A-11D0-8D11-00A0C91BC942}") = "prog8-10", "prog8-10\prog8-10.vcxproj", "{47A253B3-876D-4811-A91B-4EC6D849B5B7}"
EndProject
Project("{8BC9CEB8-8B4A-11D0-8D11-00A0C91BC942}") = "prog8-11", "prog8-11\prog8-11.vcxproj", "{6DC64FA4-47EB-41E8-A7E4-68541BAEFC4E}"
EndProject
Project("{8BC9CEB8-8B4A-11D0-8D11-00A0C91BC942}") = "prog8-12", "prog8-12\prog8-12.vcxproj", "{15843B78-D2C8-4D9F-8A01-E0E6F9F92A1A}"
EndProject
Project("{8BC9CEB8-8B4A-11D0-8D11-00A0C91BC942}") = "prog8-13", "prog8-13\prog8-13.vcxproj", "{93D3664A-F980-40AF-B40E-E6F852BE49B1}"
EndProject
Project("{8BC9CEB8-8B4A-11D0-8D11-00A0C91BC942}") = "prog8-14", "prog8-14\prog8-14.vcxproj", "{BF5A8895-A7AA-43B3-8563-58F07AA82D06}"
EndProject
Project("{8BC9CEB8-8B4A-11D0-8D11-00A0C91BC942}") = "prog8-15", "prog8-15\prog8-15.vcxproj", "{8313FCAF-5522-42B2-8349-E595B6C617E1}"
EndProject
Project("{8BC9CEB8-8B4A-11D0-8D11-00A0C91BC942}") = "prog8-16", "prog8-16\prog8-16.vcxproj", "{9873974E-AC63-4423-9E60-F3595EF673A2}"
EndProject
Project("{8BC9CEB8-8B4A-11D0-8D11-00A0C91BC942}") = "prog8-17", "prog8-17\prog8-17.vcxproj", "{E4A89DB0-9E98-49BC-92B1-627C291BB40B}"
EndProject
Project("{8BC9CEB8-8B4A-11D0-8D11-00A0C91BC942}") = "prog8-18", "prog8-18\prog8-18.vcxproj", "{5C89BBA8-7F1D-48F5-BF95-2E1C398F21A1}"
EndProject
Project("{8BC9CEB8-8B4A-11D0-8D11-00A0C91BC942}") = "prog8-19", "prog8-19\prog8-19.vcxproj", "{CBB5BDD0-878C-4966-AC03-2C3A6C54BA98}"
EndProject
Project("{8BC9CEB8-8B4A-11D0-8D11-00A0C91BC942}") = "prog8-20", "prog8-20\prog8-20.vcxproj", "{9428C2C4-245A-491E-8F7D-06C7F7D0AF3D}"
EndProject
Project("{8BC9CEB8-8B4A-11D0-8D11-00A0C91BC942}") = "prog8-21", "prog8-21\prog8-21.vcxproj", "{F95C0A6E-43CF-40B4-9CEE-B75F7EDA17A7}"
EndProject
Project("{8BC9CEB8-8B4A-11D0-8D11-00A0C91BC942}") = "prog8-22", "prog8-22\prog8-22.vcxproj", "{CE690904-1554-48A1-A280-5DA6E80A7ACA}"
EndProject
Project("{8BC9CEB8-8B4A-11D0-8D11-00A0C91BC942}") = "prog8-23", "prog8-23\prog8-23.vcxproj", "{FCF0B6C9-EF48-49B3-B2A2-B1F46BDC66F2}"
EndProject
Project("{8BC9CEB8-8B4A-11D0-8D11-00A0C91BC942}") = "prog8-24", "prog8-24\prog8-24.vcxproj", "{8262FE16-A7D6-46BA-82E9-46AF39E63239}"
EndProject
Project("{8BC9CEB8-8B4A-11D0-8D11-00A0C91BC942}") = "prog8-25", "prog8-25\prog8-25.vcxproj", "{9A23BE0A-4DB2-41D3-9B3A-0428501E3DEB}"
EndProject
Project("{8BC9CEB8-8B4A-11D0-8D11-00A0C91BC942}") = "exec8-1", "exec8-1.c\exec8-1.c.vcxproj", "{87436A92-C3EF-431E-ADA0-7D9BF960387D}"
EndProject
Project("{8BC9CEB8-8B4A-11D0-8D11-00A0C91BC942}") = "exec8-8", "exec8-8\exec8-8.vcxproj", "{54EF2E21-D5AA-406E-907E-1E389ADDD096}"
EndProject
Project("{8BC9CEB8-8B4A-11D0-8D11-00A0C91BC942}") = "exec8-10", "exec8-10\exec8-10.vcxproj", "{489B416C-75FA-4D02-B4F3-9C6FDF3BBDD1}"
EndProject
Project("{8BC9CEB8-8B4A-11D0-8D11-00A0C91BC942}") = "hw8-1", "hw8-1\hw8-1.vcxproj", "{BE362530-75AC-4E72-9EB0-67922AF1471F}"
EndProject
Project("{8BC9CEB8-8B4A-11D0-8D11-00A0C91BC942}") = "hw8-2", "hw8-2\hw8-2.vcxproj", "{11001E28-04E0-4927-AACB-5BA45A0CF5FB}"
EndProject
Project("{8BC9CEB8-8B4A-11D0-8D11-00A0C91BC942}") = "hw8-4", "hw8-4\hw8-4.vcxproj", "{61102511-1A4C-4E4C-8BB4-C56C04DACE4A}"
EndProject
Project("{8BC9CEB8-8B4A-11D0-8D11-00A0C91BC942}") = "exec8-12", "exec8-12.c\exec8-12.c.vcxproj", "{79BA4C19-F86F-4F98-96B9-9A7D91BBBBF4}"
EndProject
Project("{8BC9CEB8-8B4A-11D0-8D11-00A0C91BC942}") = "hw8-6", "hw8-6\hw8-6.vcxproj", "{5FDE02ED-0E6A-4F34-9D98-7E6F28393931}"
EndProject
Project("{8BC9CEB8-8B4A-11D0-8D11-00A0C91BC942}") = "exec8-20", "exec8-20\exec8-20.vcxproj", "{C1DADA72-0169-498A-982A-27521DBA7BFC}"
EndProject
Global
	GlobalSection(SolutionConfigurationPlatforms) = preSolution
		Debug|x64 = Debug|x64
		Debug|x86 = Debug|x86
		Release|x64 = Release|x64
		Release|x86 = Release|x86
	EndGlobalSection
	GlobalSection(ProjectConfigurationPlatforms) = postSolution
		{561ACA23-C2B9-4293-A400-64E29BE192C6}.Debug|x64.ActiveCfg = Debug|x64
		{561ACA23-C2B9-4293-A400-64E29BE192C6}.Debug|x64.Build.0 = Debug|x64
		{561ACA23-C2B9-4293-A400-64E29BE192C6}.Debug|x86.ActiveCfg = Debug|Win32
		{561ACA23-C2B9-4293-A400-64E29BE192C6}.Debug|x86.Build.0 = Debug|Win32
		{561ACA23-C2B9-4293-A400-64E29BE192C6}.Release|x64.ActiveCfg = Release|x64
		{561ACA23-C2B9-4293-A400-64E29BE192C6}.Release|x64.Build.0 = Release|x64
		{561ACA23-C2B9-4293-A400-64E29BE192C6}.Release|x86.ActiveCfg = Release|Win32
		{561ACA23-C2B9-4293-A400-64E29BE192C6}.Release|x86.Build.0 = Release|Win32
		{FFF35759-3EB3-48A6-A1B1-696215557937}.Debug|x64.ActiveCfg = Debug|x64
		{FFF35759-3EB3-48A6-A1B1-696215557937}.Debug|x64.Build.0 = Debug|x64
		{FFF35759-3EB3-48A6-A1B1-696215557937}.Debug|x86.ActiveCfg = Debug|Win32
		{FFF35759-3EB3-48A6-A1B1-696215557937}.Debug|x86.Build.0 = Debug|Win32
		{FFF35759-3EB3-48A6-A1B1-696215557937}.Release|x64.ActiveCfg = Release|x64
		{FFF35759-3EB3-48A6-A1B1-696215557937}.Release|x64.Build.0 = Release|x64
		{FFF35759-3EB3-48A6-A1B1-696215557937}.Release|x86.ActiveCfg = Release|Win32
		{FFF35759-3EB3-48A6-A1B1-696215557937}.Release|x86.Build.0 = Release|Win32
		{2E446968-A6F3-467F-9308-DF5F2A0A379F}.Debug|x64.ActiveCfg = Debug|x64
		{2E446968-A6F3-467F-9308-DF5F2A0A379F}.Debug|x64.Build.0 = Debug|x64
		{2E446968-A6F3-467F-9308-DF5F2A0A379F}.Debug|x86.ActiveCfg = Debug|Win32
		{2E446968-A6F3-467F-9308-DF5F2A0A379F}.Debug|x86.Build.0 = Debug|Win32
		{2E446968-A6F3-467F-9308-DF5F2A0A379F}.Release|x64.ActiveCfg = Release|x64
		{2E446968-A6F3-467F-9308-DF5F2A0A379F}.Release|x64.Build.0 = Release|x64
		{2E446968-A6F3-467F-9308-DF5F2A0A379F}.Release|x86.ActiveCfg = Release|Win32
		{2E446968-A6F3-467F-9308-DF5F2A0A379F}.Release|x86.Build.0 = Release|Win32
		{8033A56C-D127-4790-A212-B1415897D1A6}.Debug|x64.ActiveCfg = Debug|x64
		{8033A56C-D127-4790-A212-B1415897D1A6}.Debug|x64.Build.0 = Debug|x64
		{8033A56C-D127-4790-A212-B1415897D1A6}.Debug|x86.ActiveCfg = Debug|Win32
		{8033A56C-D127-4790-A212-B1415897D1A6}.Debug|x86.Build.0 = Debug|Win32
		{8033A56C-D127-4790-A212-B1415897D1A6}.Release|x64.ActiveCfg = Release|x64
		{8033A56C-D127-4790-A212-B1415897D1A6}.Release|x64.Build.0 = Release|x64
		{8033A56C-D127-4790-A212-B1415897D1A6}.Release|x86.ActiveCfg = Release|Win32
		{8033A56C-D127-4790-A212-B1415897D1A6}.Release|x86.Build.0 = Release|Win32
		{2AEEE105-FF24-4364-BA49-4188588A8373}.Debug|x64.ActiveCfg = Debug|x64
		{2AEEE105-FF24-4364-BA49-4188588A8373}.Debug|x64.Build.0 = Debug|x64
		{2AEEE105-FF24-4364-BA49-4188588A8373}.Debug|x86.ActiveCfg = Debug|Win32
		{2AEEE105-FF24-4364-BA49-4188588A8373}.Debug|x86.Build.0 = Debug|Win32
		{2AEEE105-FF24-4364-BA49-4188588A8373}.Release|x64.ActiveCfg = Release|x64
		{2AEEE105-FF24-4364-BA49-4188588A8373}.Release|x64.Build.0 = Release|x64
		{2AEEE105-FF24-4364-BA49-4188588A8373}.Release|x86.ActiveCfg = Release|Win32
		{2AEEE105-FF24-4364-BA49-4188588A8373}.Release|x86.Build.0 = Release|Win32
		{72080D60-233C-467B-9213-8A670FB0C397}.Debug|x64.ActiveCfg = Debug|x64
		{72080D60-233C-467B-9213-8A670FB0C397}.Debug|x64.Build.0 = Debug|x64
		{72080D60-233C-467B-9213-8A670FB0C397}.Debug|x86.ActiveCfg = Debug|Win32
		{72080D60-233C-467B-9213-8A670FB0C397}.Debug|x86.Build.0 = Debug|Win32
		{72080D60-233C-467B-9213-8A670FB0C397}.Release|x64.ActiveCfg = Release|x64
		{72080D60-233C-467B-9213-8A670FB0C397}.Release|x64.Build.0 = Release|x64
		{72080D60-233C-467B-9213-8A670FB0C397}.Release|x86.ActiveCfg = Release|Win32
		{72080D60-233C-467B-9213-8A670FB0C397}.Release|x86.Build.0 = Release|Win32
		{119187F5-E725-4CFB-838E-E5C1AF46A6DB}.Debug|x64.ActiveCfg = Debug|x64
		{119187F5-E725-4CFB-838E-E5C1AF46A6DB}.Debug|x64.Build.0 = Debug|x64
		{119187F5-E725-4CFB-838E-E5C1AF46A6DB}.Debug|x86.ActiveCfg = Debug|Win32
		{119187F5-E725-4CFB-838E-E5C1AF46A6DB}.Debug|x86.Build.0 = Debug|Win32
		{119187F5-E725-4CFB-838E-E5C1AF46A6DB}.Release|x64.ActiveCfg = Release|x64
		{119187F5-E725-4CFB-838E-E5C1AF46A6DB}.Release|x64.Build.0 = Release|x64
		{119187F5-E725-4CFB-838E-E5C1AF46A6DB}.Release|x86.ActiveCfg = Release|Win32
		{119187F5-E725-4CFB-838E-E5C1AF46A6DB}.Release|x86.Build.0 = Release|Win32
		{F6EA6EC8-1341-47D5-AE0B-723D2193C40B}.Debug|x64.ActiveCfg = Debug|x64
		{F6EA6EC8-1341-47D5-AE0B-723D2193C40B}.Debug|x64.Build.0 = Debug|x64
		{F6EA6EC8-1341-47D5-AE0B-723D2193C40B}.Debug|x86.ActiveCfg = Debug|Win32
		{F6EA6EC8-1341-47D5-AE0B-723D2193C40B}.Debug|x86.Build.0 = Debug|Win32
		{F6EA6EC8-1341-47D5-AE0B-723D2193C40B}.Release|x64.ActiveCfg = Release|x64
		{F6EA6EC8-1341-47D5-AE0B-723D2193C40B}.Release|x64.Build.0 = Release|x64
		{F6EA6EC8-1341-47D5-AE0B-723D2193C40B}.Release|x86.ActiveCfg = Release|Win32
		{F6EA6EC8-1341-47D5-AE0B-723D2193C40B}.Release|x86.Build.0 = Release|Win32
		{D3629EA8-7CCA-4F52-BF87-57273ECAA4BB}.Debug|x64.ActiveCfg = Debug|x64
		{D3629EA8-7CCA-4F52-BF87-57273ECAA4BB}.Debug|x64.Build.0 = Debug|x64
		{D3629EA8-7CCA-4F52-BF87-57273ECAA4BB}.Debug|x86.ActiveCfg = Debug|Win32
		{D3629EA8-7CCA-4F52-BF87-57273ECAA4BB}.Debug|x86.Build.0 = Debug|Win32
		{D3629EA8-7CCA-4F52-BF87-57273ECAA4BB}.Release|x64.ActiveCfg = Release|x64
		{D3629EA8-7CCA-4F52-BF87-57273ECAA4BB}.Release|x64.Build.0 = Release|x64
		{D3629EA8-7CCA-4F52-BF87-57273ECAA4BB}.Release|x86.ActiveCfg = Release|Win32
		{D3629EA8-7CCA-4F52-BF87-57273ECAA4BB}.Release|x86.Build.0 = Release|Win32
		{47A253B3-876D-4811-A91B-4EC6D849B5B7}.Debug|x64.ActiveCfg = Debug|x64
		{47A253B3-876D-4811-A91B-4EC6D849B5B7}.Debug|x64.Build.0 = Debug|x64
		{47A253B3-876D-4811-A91B-4EC6D849B5B7}.Debug|x86.ActiveCfg = Debug|Win32
		{47A253B3-876D-4811-A91B-4EC6D849B5B7}.Debug|x86.Build.0 = Debug|Win32
		{47A253B3-876D-4811-A91B-4EC6D849B5B7}.Release|x64.ActiveCfg = Release|x64
		{47A253B3-876D-4811-A91B-4EC6D849B5B7}.Release|x64.Build.0 = Release|x64
		{47A253B3-876D-4811-A91B-4EC6D849B5B7}.Release|x86.ActiveCfg = Release|Win32
		{47A253B3-876D-4811-A91B-4EC6D849B5B7}.Release|x86.Build.0 = Release|Win32
		{6DC64FA4-47EB-41E8-A7E4-68541BAEFC4E}.Debug|x64.ActiveCfg = Debug|x64
		{6DC64FA4-47EB-41E8-A7E4-68541BAEFC4E}.Debug|x64.Build.0 = Debug|x64
		{6DC64FA4-47EB-41E8-A7E4-68541BAEFC4E}.Debug|x86.ActiveCfg = Debug|Win32
		{6DC64FA4-47EB-41E8-A7E4-68541BAEFC4E}.Debug|x86.Build.0 = Debug|Win32
		{6DC64FA4-47EB-41E8-A7E4-68541BAEFC4E}.Release|x64.ActiveCfg = Release|x64
		{6DC64FA4-47EB-41E8-A7E4-68541BAEFC4E}.Release|x64.Build.0 = Release|x64
		{6DC64FA4-47EB-41E8-A7E4-68541BAEFC4E}.Release|x86.ActiveCfg = Release|Win32
		{6DC64FA4-47EB-41E8-A7E4-68541BAEFC4E}.Release|x86.Build.0 = Release|Win32
		{15843B78-D2C8-4D9F-8A01-E0E6F9F92A1A}.Debug|x64.ActiveCfg = Debug|x64
		{15843B78-D2C8-4D9F-8A01-E0E6F9F92A1A}.Debug|x64.Build.0 = Debug|x64
		{15843B78-D2C8-4D9F-8A01-E0E6F9F92A1A}.Debug|x86.ActiveCfg = Debug|Win32
		{15843B78-D2C8-4D9F-8A01-E0E6F9F92A1A}.Debug|x86.Build.0 = Debug|Win32
		{15843B78-D2C8-4D9F-8A01-E0E6F9F92A1A}.Release|x64.ActiveCfg = Release|x64
		{15843B78-D2C8-4D9F-8A01-E0E6F9F92A1A}.Release|x64.Build.0 = Release|x64
		{15843B78-D2C8-4D9F-8A01-E0E6F9F92A1A}.Release|x86.ActiveCfg = Release|Win32
		{15843B78-D2C8-4D9F-8A01-E0E6F9F92A1A}.Release|x86.Build.0 = Release|Win32
		{93D3664A-F980-40AF-B40E-E6F852BE49B1}.Debug|x64.ActiveCfg = Debug|x64
		{93D3664A-F980-40AF-B40E-E6F852BE49B1}.Debug|x64.Build.0 = Debug|x64
		{93D3664A-F980-40AF-B40E-E6F852BE49B1}.Debug|x86.ActiveCfg = Debug|Win32
		{93D3664A-F980-40AF-B40E-E6F852BE49B1}.Debug|x86.Build.0 = Debug|Win32
		{93D3664A-F980-40AF-B40E-E6F852BE49B1}.Release|x64.ActiveCfg = Release|x64
		{93D3664A-F980-40AF-B40E-E6F852BE49B1}.Release|x64.Build.0 = Release|x64
		{93D3664A-F980-40AF-B40E-E6F852BE49B1}.Release|x86.ActiveCfg = Release|Win32
		{93D3664A-F980-40AF-B40E-E6F852BE49B1}.Release|x86.Build.0 = Release|Win32
		{BF5A8895-A7AA-43B3-8563-58F07AA82D06}.Debug|x64.ActiveCfg = Debug|x64
		{BF5A8895-A7AA-43B3-8563-58F07AA82D06}.Debug|x64.Build.0 = Debug|x64
		{BF5A8895-A7AA-43B3-8563-58F07AA82D06}.Debug|x86.ActiveCfg = Debug|Win32
		{BF5A8895-A7AA-43B3-8563-58F07AA82D06}.Debug|x86.Build.0 = Debug|Win32
		{BF5A8895-A7AA-43B3-8563-58F07AA82D06}.Release|x64.ActiveCfg = Release|x64
		{BF5A8895-A7AA-43B3-8563-58F07AA82D06}.Release|x64.Build.0 = Release|x64
		{BF5A8895-A7AA-43B3-8563-58F07AA82D06}.Release|x86.ActiveCfg = Release|Win32
		{BF5A8895-A7AA-43B3-8563-58F07AA82D06}.Release|x86.Build.0 = Release|Win32
		{8313FCAF-5522-42B2-8349-E595B6C617E1}.Debug|x64.ActiveCfg = Debug|x64
		{8313FCAF-5522-42B2-8349-E595B6C617E1}.Debug|x64.Build.0 = Debug|x64
		{8313FCAF-5522-42B2-8349-E595B6C617E1}.Debug|x86.ActiveCfg = Debug|Win32
		{8313FCAF-5522-42B2-8349-E595B6C617E1}.Debug|x86.Build.0 = Debug|Win32
		{8313FCAF-5522-42B2-8349-E595B6C617E1}.Release|x64.ActiveCfg = Release|x64
		{8313FCAF-5522-42B2-8349-E595B6C617E1}.Release|x64.Build.0 = Release|x64
		{8313FCAF-5522-42B2-8349-E595B6C617E1}.Release|x86.ActiveCfg = Release|Win32
		{8313FCAF-5522-42B2-8349-E595B6C617E1}.Release|x86.Build.0 = Release|Win32
		{9873974E-AC63-4423-9E60-F3595EF673A2}.Debug|x64.ActiveCfg = Debug|x64
		{9873974E-AC63-4423-9E60-F3595EF673A2}.Debug|x64.Build.0 = Debug|x64
		{9873974E-AC63-4423-9E60-F3595EF673A2}.Debug|x86.ActiveCfg = Debug|Win32
		{9873974E-AC63-4423-9E60-F3595EF673A2}.Debug|x86.Build.0 = Debug|Win32
		{9873974E-AC63-4423-9E60-F3595EF673A2}.Release|x64.ActiveCfg = Release|x64
		{9873974E-AC63-4423-9E60-F3595EF673A2}.Release|x64.Build.0 = Release|x64
		{9873974E-AC63-4423-9E60-F3595EF673A2}.Release|x86.ActiveCfg = Release|Win32
		{9873974E-AC63-4423-9E60-F3595EF673A2}.Release|x86.Build.0 = Release|Win32
		{E4A89DB0-9E98-49BC-92B1-627C291BB40B}.Debug|x64.ActiveCfg = Debug|x64
		{E4A89DB0-9E98-49BC-92B1-627C291BB40B}.Debug|x64.Build.0 = Debug|x64
		{E4A89DB0-9E98-49BC-92B1-627C291BB40B}.Debug|x86.ActiveCfg = Debug|Win32
		{E4A89DB0-9E98-49BC-92B1-627C291BB40B}.Debug|x86.Build.0 = Debug|Win32
		{E4A89DB0-9E98-49BC-92B1-627C291BB40B}.Release|x64.ActiveCfg = Release|x64
		{E4A89DB0-9E98-49BC-92B1-627C291BB40B}.Release|x64.Build.0 = Release|x64
		{E4A89DB0-9E98-49BC-92B1-627C291BB40B}.Release|x86.ActiveCfg = Release|Win32
		{E4A89DB0-9E98-49BC-92B1-627C291BB40B}.Release|x86.Build.0 = Release|Win32
		{5C89BBA8-7F1D-48F5-BF95-2E1C398F21A1}.Debug|x64.ActiveCfg = Debug|x64
		{5C89BBA8-7F1D-48F5-BF95-2E1C398F21A1}.Debug|x64.Build.0 = Debug|x64
		{5C89BBA8-7F1D-48F5-BF95-2E1C398F21A1}.Debug|x86.ActiveCfg = Debug|Win32
		{5C89BBA8-7F1D-48F5-BF95-2E1C398F21A1}.Debug|x86.Build.0 = Debug|Win32
		{5C89BBA8-7F1D-48F5-BF95-2E1C398F21A1}.Release|x64.ActiveCfg = Release|x64
		{5C89BBA8-7F1D-48F5-BF95-2E1C398F21A1}.Release|x64.Build.0 = Release|x64
		{5C89BBA8-7F1D-48F5-BF95-2E1C398F21A1}.Release|x86.ActiveCfg = Release|Win32
		{5C89BBA8-7F1D-48F5-BF95-2E1C398F21A1}.Release|x86.Build.0 = Release|Win32
		{CBB5BDD0-878C-4966-AC03-2C3A6C54BA98}.Debug|x64.ActiveCfg = Debug|x64
		{CBB5BDD0-878C-4966-AC03-2C3A6C54BA98}.Debug|x64.Build.0 = Debug|x64
		{CBB5BDD0-878C-4966-AC03-2C3A6C54BA98}.Debug|x86.ActiveCfg = Debug|Win32
		{CBB5BDD0-878C-4966-AC03-2C3A6C54BA98}.Debug|x86.Build.0 = Debug|Win32
		{CBB5BDD0-878C-4966-AC03-2C3A6C54BA98}.Release|x64.ActiveCfg = Release|x64
		{CBB5BDD0-878C-4966-AC03-2C3A6C54BA98}.Release|x64.Build.0 = Release|x64
		{CBB5BDD0-878C-4966-AC03-2C3A6C54BA98}.Release|x86.ActiveCfg = Release|Win32
		{CBB5BDD0-878C-4966-AC03-2C3A6C54BA98}.Release|x86.Build.0 = Release|Win32
		{9428C2C4-245A-491E-8F7D-06C7F7D0AF3D}.Debug|x64.ActiveCfg = Debug|x64
		{9428C2C4-245A-491E-8F7D-06C7F7D0AF3D}.Debug|x64.Build.0 = Debug|x64
		{9428C2C4-245A-491E-8F7D-06C7F7D0AF3D}.Debug|x86.ActiveCfg = Debug|Win32
		{9428C2C4-245A-491E-8F7D-06C7F7D0AF3D}.Debug|x86.Build.0 = Debug|Win32
		{9428C2C4-245A-491E-8F7D-06C7F7D0AF3D}.Release|x64.ActiveCfg = Release|x64
		{9428C2C4-245A-491E-8F7D-06C7F7D0AF3D}.Release|x64.Build.0 = Release|x64
		{9428C2C4-245A-491E-8F7D-06C7F7D0AF3D}.Release|x86.ActiveCfg = Release|Win32
		{9428C2C4-245A-491E-8F7D-06C7F7D0AF3D}.Release|x86.Build.0 = Release|Win32
		{F95C0A6E-43CF-40B4-9CEE-B75F7EDA17A7}.Debug|x64.ActiveCfg = Debug|x64
		{F95C0A6E-43CF-40B4-9CEE-B75F7EDA17A7}.Debug|x64.Build.0 = Debug|x64
		{F95C0A6E-43CF-40B4-9CEE-B75F7EDA17A7}.Debug|x86.ActiveCfg = Debug|Win32
		{F95C0A6E-43CF-40B4-9CEE-B75F7EDA17A7}.Debug|x86.Build.0 = Debug|Win32
		{F95C0A6E-43CF-40B4-9CEE-B75F7EDA17A7}.Release|x64.ActiveCfg = Release|x64
		{F95C0A6E-43CF-40B4-9CEE-B75F7EDA17A7}.Release|x64.Build.0 = Release|x64
		{F95C0A6E-43CF-40B4-9CEE-B75F7EDA17A7}.Release|x86.ActiveCfg = Release|Win32
		{F95C0A6E-43CF-40B4-9CEE-B75F7EDA17A7}.Release|x86.Build.0 = Release|Win32
		{CE690904-1554-48A1-A280-5DA6E80A7ACA}.Debug|x64.ActiveCfg = Debug|x64
		{CE690904-1554-48A1-A280-5DA6E80A7ACA}.Debug|x64.Build.0 = Debug|x64
		{CE690904-1554-48A1-A280-5DA6E80A7ACA}.Debug|x86.ActiveCfg = Debug|Win32
		{CE690904-1554-48A1-A280-5DA6E80A7ACA}.Debug|x86.Build.0 = Debug|Win32
		{CE690904-1554-48A1-A280-5DA6E80A7ACA}.Release|x64.ActiveCfg = Release|x64
		{CE690904-1554-48A1-A280-5DA6E80A7ACA}.Release|x64.Build.0 = Release|x64
		{CE690904-1554-48A1-A280-5DA6E80A7ACA}.Release|x86.ActiveCfg = Release|Win32
		{CE690904-1554-48A1-A280-5DA6E80A7ACA}.Release|x86.Build.0 = Release|Win32
		{FCF0B6C9-EF48-49B3-B2A2-B1F46BDC66F2}.Debug|x64.ActiveCfg = Debug|x64
		{FCF0B6C9-EF48-49B3-B2A2-B1F46BDC66F2}.Debug|x64.Build.0 = Debug|x64
		{FCF0B6C9-EF48-49B3-B2A2-B1F46BDC66F2}.Debug|x86.ActiveCfg = Debug|Win32
		{FCF0B6C9-EF48-49B3-B2A2-B1F46BDC66F2}.Debug|x86.Build.0 = Debug|Win32
		{FCF0B6C9-EF48-49B3-B2A2-B1F46BDC66F2}.Release|x64.ActiveCfg = Release|x64
		{FCF0B6C9-EF48-49B3-B2A2-B1F46BDC66F2}.Release|x64.Build.0 = Release|x64
		{FCF0B6C9-EF48-49B3-B2A2-B1F46BDC66F2}.Release|x86.ActiveCfg = Release|Win32
		{FCF0B6C9-EF48-49B3-B2A2-B1F46BDC66F2}.Release|x86.Build.0 = Release|Win32
		{8262FE16-A7D6-46BA-82E9-46AF39E63239}.Debug|x64.ActiveCfg = Debug|x64
		{8262FE16-A7D6-46BA-82E9-46AF39E63239}.Debug|x64.Build.0 = Debug|x64
		{8262FE16-A7D6-46BA-82E9-46AF39E63239}.Debug|x86.ActiveCfg = Debug|Win32
		{8262FE16-A7D6-46BA-82E9-46AF39E63239}.Debug|x86.Build.0 = Debug|Win32
		{8262FE16-A7D6-46BA-82E9-46AF39E63239}.Release|x64.ActiveCfg = Release|x64
		{8262FE16-A7D6-46BA-82E9-46AF39E63239}.Release|x64.Build.0 = Release|x64
		{8262FE16-A7D6-46BA-82E9-46AF39E63239}.Release|x86.ActiveCfg = Release|Win32
		{8262FE16-A7D6-46BA-82E9-46AF39E63239}.Release|x86.Build.0 = Release|Win32
		{9A23BE0A-4DB2-41D3-9B3A-0428501E3DEB}.Debug|x64.ActiveCfg = Debug|x64
		{9A23BE0A-4DB2-41D3-9B3A-0428501E3DEB}.Debug|x64.Build.0 = Debug|x64
		{9A23BE0A-4DB2-41D3-9B3A-0428501E3DEB}.Debug|x86.ActiveCfg = Debug|Win32
		{9A23BE0A-4DB2-41D3-9B3A-0428501E3DEB}.Debug|x86.Build.0 = Debug|Win32
		{9A23BE0A-4DB2-41D3-9B3A-0428501E3DEB}.Release|x64.ActiveCfg = Release|x64
		{9A23BE0A-4DB2-41D3-9B3A-0428501E3DEB}.Release|x64.Build.0 = Release|x64
		{9A23BE0A-4DB2-41D3-9B3A-0428501E3DEB}.Release|x86.ActiveCfg = Release|Win32
		{9A23BE0A-4DB2-41D3-9B3A-0428501E3DEB}.Release|x86.Build.0 = Release|Win32
		{87436A92-C3EF-431E-ADA0-7D9BF960387D}.Debug|x64.ActiveCfg = Debug|x64
		{87436A92-C3EF-431E-ADA0-7D9BF960387D}.Debug|x64.Build.0 = Debug|x64
		{87436A92-C3EF-431E-ADA0-7D9BF960387D}.Debug|x86.ActiveCfg = Debug|Win32
		{87436A92-C3EF-431E-ADA0-7D9BF960387D}.Debug|x86.Build.0 = Debug|Win32
		{87436A92-C3EF-431E-ADA0-7D9BF960387D}.Release|x64.ActiveCfg = Release|x64
		{87436A92-C3EF-431E-ADA0-7D9BF960387D}.Release|x64.Build.0 = Release|x64
		{87436A92-C3EF-431E-ADA0-7D9BF960387D}.Release|x86.ActiveCfg = Release|Win32
		{87436A92-C3EF-431E-ADA0-7D9BF960387D}.Release|x86.Build.0 = Release|Win32
		{54EF2E21-D5AA-406E-907E-1E389ADDD096}.Debug|x64.ActiveCfg = Debug|x64
		{54EF2E21-D5AA-406E-907E-1E389ADDD096}.Debug|x64.Build.0 = Debug|x64
		{54EF2E21-D5AA-406E-907E-1E389ADDD096}.Debug|x86.ActiveCfg = Debug|Win32
		{54EF2E21-D5AA-406E-907E-1E389ADDD096}.Debug|x86.Build.0 = Debug|Win32
		{54EF2E21-D5AA-406E-907E-1E389ADDD096}.Release|x64.ActiveCfg = Release|x64
		{54EF2E21-D5AA-406E-907E-1E389ADDD096}.Release|x64.Build.0 = Release|x64
		{54EF2E21-D5AA-406E-907E-1E389ADDD096}.Release|x86.ActiveCfg = Release|Win32
		{54EF2E21-D5AA-406E-907E-1E389ADDD096}.Release|x86.Build.0 = Release|Win32
		{489B416C-75FA-4D02-B4F3-9C6FDF3BBDD1}.Debug|x64.ActiveCfg = Debug|x64
		{489B416C-75FA-4D02-B4F3-9C6FDF3BBDD1}.Debug|x64.Build.0 = Debug|x64
		{489B416C-75FA-4D02-B4F3-9C6FDF3BBDD1}.Debug|x86.ActiveCfg = Debug|Win32
		{489B416C-75FA-4D02-B4F3-9C6FDF3BBDD1}.Debug|x86.Build.0 = Debug|Win32
		{489B416C-75FA-4D02-B4F3-9C6FDF3BBDD1}.Release|x64.ActiveCfg = Release|x64
		{489B416C-75FA-4D02-B4F3-9C6FDF3BBDD1}.Release|x64.Build.0 = Release|x64
		{489B416C-75FA-4D02-B4F3-9C6FDF3BBDD1}.Release|x86.ActiveCfg = Release|Win32
		{489B416C-75FA-4D02-B4F3-9C6FDF3BBDD1}.Release|x86.Build.0 = Release|Win32
		{BE362530-75AC-4E72-9EB0-67922AF1471F}.Debug|x64.ActiveCfg = Debug|x64
		{BE362530-75AC-4E72-9EB0-67922AF1471F}.Debug|x64.Build.0 = Debug|x64
		{BE362530-75AC-4E72-9EB0-67922AF1471F}.Debug|x86.ActiveCfg = Debug|Win32
		{BE362530-75AC-4E72-9EB0-67922AF1471F}.Debug|x86.Build.0 = Debug|Win32
		{BE362530-75AC-4E72-9EB0-67922AF1471F}.Release|x64.ActiveCfg = Release|x64
		{BE362530-75AC-4E72-9EB0-67922AF1471F}.Release|x64.Build.0 = Release|x64
		{BE362530-75AC-4E72-9EB0-67922AF1471F}.Release|x86.ActiveCfg = Release|Win32
		{BE362530-75AC-4E72-9EB0-67922AF1471F}.Release|x86.Build.0 = Release|Win32
		{11001E28-04E0-4927-AACB-5BA45A0CF5FB}.Debug|x64.ActiveCfg = Debug|x64
		{11001E28-04E0-4927-AACB-5BA45A0CF5FB}.Debug|x64.Build.0 = Debug|x64
		{11001E28-04E0-4927-AACB-5BA45A0CF5FB}.Debug|x86.ActiveCfg = Debug|Win32
		{11001E28-04E0-4927-AACB-5BA45A0CF5FB}.Debug|x86.Build.0 = Debug|Win32
		{11001E28-04E0-4927-AACB-5BA45A0CF5FB}.Release|x64.ActiveCfg = Release|x64
		{11001E28-04E0-4927-AACB-5BA45A0CF5FB}.Release|x64.Build.0 = Release|x64
		{11001E28-04E0-4927-AACB-5BA45A0CF5FB}.Release|x86.ActiveCfg = Release|Win32
		{11001E28-04E0-4927-AACB-5BA45A0CF5FB}.Release|x86.Build.0 = Release|Win32
		{61102511-1A4C-4E4C-8BB4-C56C04DACE4A}.Debug|x64.ActiveCfg = Debug|x64
		{61102511-1A4C-4E4C-8BB4-C56C04DACE4A}.Debug|x64.Build.0 = Debug|x64
		{61102511-1A4C-4E4C-8BB4-C56C04DACE4A}.Debug|x86.ActiveCfg = Debug|Win32
		{61102511-1A4C-4E4C-8BB4-C56C04DACE4A}.Debug|x86.Build.0 = Debug|Win32
		{61102511-1A4C-4E4C-8BB4-C56C04DACE4A}.Release|x64.ActiveCfg = Release|x64
		{61102511-1A4C-4E4C-8BB4-C56C04DACE4A}.Release|x64.Build.0 = Release|x64
		{61102511-1A4C-4E4C-8BB4-C56C04DACE4A}.Release|x86.ActiveCfg = Release|Win32
		{61102511-1A4C-4E4C-8BB4-C56C04DACE4A}.Release|x86.Build.0 = Release|Win32
		{79BA4C19-F86F-4F98-96B9-9A7D91BBBBF4}.Debug|x64.ActiveCfg = Debug|x64
		{79BA4C19-F86F-4F98-96B9-9A7D91BBBBF4}.Debug|x64.Build.0 = Debug|x64
		{79BA4C19-F86F-4F98-96B9-9A7D91BBBBF4}.Debug|x86.ActiveCfg = Debug|Win32
		{79BA4C19-F86F-4F98-96B9-9A7D91BBBBF4}.Debug|x86.Build.0 = Debug|Win32
		{79BA4C19-F86F-4F98-96B9-9A7D91BBBBF4}.Release|x64.ActiveCfg = Release|x64
		{79BA4C19-F86F-4F98-96B9-9A7D91BBBBF4}.Release|x64.Build.0 = Release|x64
		{79BA4C19-F86F-4F98-96B9-9A7D91BBBBF4}.Release|x86.ActiveCfg = Release|Win32
		{79BA4C19-F86F-4F98-96B9-9A7D91BBBBF4}.Release|x86.Build.0 = Release|Win32
		{5FDE02ED-0E6A-4F34-9D98-7E6F28393931}.Debug|x64.ActiveCfg = Debug|x64
		{5FDE02ED-0E6A-4F34-9D98-7E6F28393931}.Debug|x64.Build.0 = Debug|x64
		{5FDE02ED-0E6A-4F34-9D98-7E6F28393931}.Debug|x86.ActiveCfg = Debug|Win32
		{5FDE02ED-0E6A-4F34-9D98-7E6F28393931}.Debug|x86.Build.0 = Debug|Win32
		{5FDE02ED-0E6A-4F34-9D98-7E6F28393931}.Release|x64.ActiveCfg = Release|x64
		{5FDE02ED-0E6A-4F34-9D98-7E6F28393931}.Release|x64.Build.0 = Release|x64
		{5FDE02ED-0E6A-4F34-9D98-7E6F28393931}.Release|x86.ActiveCfg = Release|Win32
		{5FDE02ED-0E6A-4F34-9D98-7E6F28393931}.Release|x86.Build.0 = Release|Win32
		{C1DADA72-0169-498A-982A-27521DBA7BFC}.Debug|x64.ActiveCfg = Debug|x64
		{C1DADA72-0169-498A-982A-27521DBA7BFC}.Debug|x64.Build.0 = Debug|x64
		{C1DADA72-0169-498A-982A-27521DBA7BFC}.Debug|x86.ActiveCfg = Debug|Win32
		{C1DADA72-0169-498A-982A-27521DBA7BFC}.Debug|x86.Build.0 = Debug|Win32
		{C1DADA72-0169-498A-982A-27521DBA7BFC}.Release|x64.ActiveCfg = Release|x64
		{C1DADA72-0169-498A-982A-27521DBA7BFC}.Release|x64.Build.0 = Release|x64
		{C1DADA72-0169-498A-982A-27521DBA7BFC}.Release|x86.ActiveCfg = Release|Win32
		{C1DADA72-0169-498A-982A-27521DBA7BFC}.Release|x86.Build.0 = Release|Win32
	EndGlobalSection
	GlobalSection(SolutionProperties) = preSolution
		HideSolutionNode = FALSE
	EndGlobalSection
	GlobalSection(ExtensibilityGlobals) = postSolution
		SolutionGuid = {7C0693DE-8ACA-4312-9CF4-5CD4F5E36212}
	EndGlobalSection
EndGlobal
