
Microsoft Visual Studio Solution File, Format Version 12.00
# Visual Studio Version 17
VisualStudioVersion = 17.3.32901.215
MinimumVisualStudioVersion = 10.0.40219.1
Project("{8BC9CEB8-8B4A-11D0-8D11-00A0C91BC942}") = "prog4-1", "prog4-1\prog4-1.vcxproj", "{1C960820-282C-4850-9A16-34F77F076B3E}"
EndProject
Project("{8BC9CEB8-8B4A-11D0-8D11-00A0C91BC942}") = "prog4-2", "prog4-2\prog4-2.vcxproj", "{F0899FD9-4B38-48EC-8102-9E927E167B3B}"
EndProject
Project("{8BC9CEB8-8B4A-11D0-8D11-00A0C91BC942}") = "prog4-3", "prog4-3\prog4-3.vcxproj", "{4F6E655A-474C-4CC5-97C3-1EEE41F1BF0F}"
EndProject
Project("{8BC9CEB8-8B4A-11D0-8D11-00A0C91BC942}") = "prog4-4", "prog4-4\prog4-4.vcxproj", "{B6DDE842-5D17-4A89-AC5F-68A7E9E052A6}"
EndProject
Project("{8BC9CEB8-8B4A-11D0-8D11-00A0C91BC942}") = "prog4-12", "prog4-12\prog4-12.vcxproj", "{5C824FB1-0BAF-49D9-8BEC-C33DCD8A8C56}"
EndProject
Project("{8BC9CEB8-8B4A-11D0-8D11-00A0C91BC942}") = "prog4-20", "prog4-20\prog4-20.vcxproj", "{B1D00E24-6973-4031-9522-585554939D85}"
EndProject
Project("{8BC9CEB8-8B4A-11D0-8D11-00A0C91BC942}") = "prog4-21", "prog4-21\prog4-21.vcxproj", "{6BC72F0D-9DDE-4135-9685-B01CCB3DC4B3}"
EndProject
Project("{8BC9CEB8-8B4A-11D0-8D11-00A0C91BC942}") = "prog4-22", "prog4-22\prog4-22.vcxproj", "{FAC7B3F8-A911-44CF-81DE-A385E2DF5BC6}"
EndProject
Project("{8BC9CEB8-8B4A-11D0-8D11-00A0C91BC942}") = "prog4-24", "prog4-24\prog4-24.vcxproj", "{76EA10BF-C241-4070-BE59-A23F6A329D59}"
EndProject
Project("{8BC9CEB8-8B4A-11D0-8D11-00A0C91BC942}") = "prog4-5", "prog4-5\prog4-5.vcxproj", "{6854B2EF-670D-4836-A2D2-97608F1E9BFE}"
EndProject
Project("{8BC9CEB8-8B4A-11D0-8D11-00A0C91BC942}") = "prog4-6", "prog4-6\prog4-6.vcxproj", "{A60A3080-E7B9-4BCD-AAAB-C3DE63AC23CC}"
EndProject
Project("{8BC9CEB8-8B4A-11D0-8D11-00A0C91BC942}") = "prog4-7", "prog4-7\prog4-7.vcxproj", "{4AD95023-1120-4CE6-BCBF-F9FEA3BA53D5}"
EndProject
Project("{8BC9CEB8-8B4A-11D0-8D11-00A0C91BC942}") = "prog4-8", "prog4-8\prog4-8.vcxproj", "{512E2F11-09C2-492C-938E-CD8E0C0D1D9F}"
EndProject
Project("{8BC9CEB8-8B4A-11D0-8D11-00A0C91BC942}") = "prog4-9", "prog4-9\prog4-9.vcxproj", "{A476CA54-3281-475C-8827-DB084E4BB6EB}"
EndProject
Project("{8BC9CEB8-8B4A-11D0-8D11-00A0C91BC942}") = "prog4-10", "prog4-10\prog4-10.vcxproj", "{32A27DD1-0BF7-483F-B38B-46DB3ADD6957}"
EndProject
Project("{8BC9CEB8-8B4A-11D0-8D11-00A0C91BC942}") = "prog4-11", "prog4-11\prog4-11.vcxproj", "{9EEA4804-9CBA-4263-8254-2BC5F875C5E1}"
EndProject
Project("{8BC9CEB8-8B4A-11D0-8D11-00A0C91BC942}") = "prog4-13", "prog4-13\prog4-13.vcxproj", "{C337E3C1-1B9C-45A3-8DDE-1022E4D5A6E7}"
EndProject
Project("{8BC9CEB8-8B4A-11D0-8D11-00A0C91BC942}") = "prog4-14", "prog4-14\prog4-14.vcxproj", "{F26E389E-1E9C-45D5-85A4-4756535E00CE}"
EndProject
Project("{8BC9CEB8-8B4A-11D0-8D11-00A0C91BC942}") = "prog4-15", "prog4-15\prog4-15.vcxproj", "{2A01B1BD-4A58-4773-A6BC-2884EF358746}"
EndProject
Project("{8BC9CEB8-8B4A-11D0-8D11-00A0C91BC942}") = "prog4-16", "prog4-16\prog4-16.vcxproj", "{6A79A6C3-58F2-41FA-9C0D-90F74951D474}"
EndProject
Project("{8BC9CEB8-8B4A-11D0-8D11-00A0C91BC942}") = "prog4-17", "prog4-17\prog4-17.vcxproj", "{F7DB14AD-320A-4CA3-B8D1-994D50362FAB}"
EndProject
Project("{8BC9CEB8-8B4A-11D0-8D11-00A0C91BC942}") = "prog4-18", "prog4-18\prog4-18.vcxproj", "{71A18FAC-D257-42FD-AEC8-D3CB5528B5A3}"
EndProject
Project("{8BC9CEB8-8B4A-11D0-8D11-00A0C91BC942}") = "prog4-19", "prog4-19\prog4-19.vcxproj", "{58BB248F-173A-4C9B-B789-528FFD1957A5}"
EndProject
Project("{8BC9CEB8-8B4A-11D0-8D11-00A0C91BC942}") = "prog4-23", "prog4-23\prog4-23.vcxproj", "{C6CBD84E-28B1-46C8-B2F1-8FB96197A80E}"
EndProject
Project("{8BC9CEB8-8B4A-11D0-8D11-00A0C91BC942}") = "hw4-6", "hw4-6\hw4-6.vcxproj", "{3F297A16-0CDE-4FD1-8DFA-C96D7C568423}"
EndProject
Project("{8BC9CEB8-8B4A-11D0-8D11-00A0C91BC942}") = "exec4-4", "exec4-4\exec4-4.vcxproj", "{5878CF98-F92E-4AE5-9778-B6DB4A147643}"
EndProject
Project("{8BC9CEB8-8B4A-11D0-8D11-00A0C91BC942}") = "exec4-4a", "exec4-4a\exec4-4a.vcxproj", "{9D329AA9-8599-4AF9-ACE9-9D27685D181F}"
EndProject
Project("{8BC9CEB8-8B4A-11D0-8D11-00A0C91BC942}") = "exec4-10", "exec4-10.c\exec4-10.c.vcxproj", "{267F8DDB-8326-467A-A8AE-F0DBB3F0B69F}"
EndProject
Project("{8BC9CEB8-8B4A-11D0-8D11-00A0C91BC942}") = "exec4-10a", "exec4-10a\exec4-10a.vcxproj", "{9CD9072B-6CC4-45D0-B565-EB8D09209937}"
EndProject
Project("{8BC9CEB8-8B4A-11D0-8D11-00A0C91BC942}") = "exec4-10b", "exec4-10b\exec4-10b.vcxproj", "{F1CDBBFF-24B4-4161-8D39-6B28B3C22050}"
EndProject
Project("{8BC9CEB8-8B4A-11D0-8D11-00A0C91BC942}") = "exec4-12", "exec4-12.c\exec4-12.c.vcxproj", "{957FE7A0-A5A0-48CC-B330-9577C19A75F7}"
EndProject
Project("{8BC9CEB8-8B4A-11D0-8D11-00A0C91BC942}") = "exec4-14", "exec4-14\exec4-14.vcxproj", "{46EA71A5-415F-4894-9439-B167A772926B}"
EndProject
Project("{8BC9CEB8-8B4A-11D0-8D11-00A0C91BC942}") = "exec4-10c", "exec4-10c\exec4-10c.vcxproj", "{AC110BDB-EC17-47E2-93E0-B35B4AD5F60C}"
EndProject
Project("{8BC9CEB8-8B4A-11D0-8D11-00A0C91BC942}") = "exec4-16", "exec4-16\exec4-16.vcxproj", "{9E426681-1D5B-46C6-A4FC-BEA201B8860D}"
EndProject
Project("{8BC9CEB8-8B4A-11D0-8D11-00A0C91BC942}") = "exec4-19", "exec4-19\exec4-19.vcxproj", "{F421B1E0-2031-4D8C-A944-FC2DEBE36719}"
EndProject
Project("{8BC9CEB8-8B4A-11D0-8D11-00A0C91BC942}") = "hw4-1", "hw4-1\hw4-1.vcxproj", "{93031F29-F79D-4404-AE4F-E885C8996FFB}"
EndProject
Project("{8BC9CEB8-8B4A-11D0-8D11-00A0C91BC942}") = "hw4-5", "hw4-5\hw4-5.vcxproj", "{2B988AE0-E06E-40A1-87A3-3C683B85AD50}"
EndProject
Project("{8BC9CEB8-8B4A-11D0-8D11-00A0C91BC942}") = "hw4-9", "hw4-9\hw4-9.vcxproj", "{FCD397BC-2C3B-461B-863B-D1748CD71749}"
EndProject
Project("{8BC9CEB8-8B4A-11D0-8D11-00A0C91BC942}") = "hw4-4", "hw4-4\hw4-4.vcxproj", "{23750ED6-2E8A-43B8-9544-E1DA6714F450}"
EndProject
Project("{8BC9CEB8-8B4A-11D0-8D11-00A0C91BC942}") = "hw4-7", "hw4-7\hw4-7.vcxproj", "{CA772A7A-41AB-430A-BD4C-73FEB902328F}"
EndProject
Project("{8BC9CEB8-8B4A-11D0-8D11-00A0C91BC942}") = "exec4-21", "exec4-21\exec4-21.vcxproj", "{193E269D-394E-42B9-8AE0-61BAA3D973EA}"
EndProject
Project("{8BC9CEB8-8B4A-11D0-8D11-00A0C91BC942}") = "exec4-24", "exec4-24\exec4-24.vcxproj", "{E1FCE1D9-78D3-44E5-B5AE-234CDB54F123}"
EndProject
Project("{8BC9CEB8-8B4A-11D0-8D11-00A0C91BC942}") = "exec4-24a", "exec4-24a\exec4-24a.vcxproj", "{42598DDE-F18A-4D1D-91BA-AFE0A82BDD80}"
EndProject
Project("{8BC9CEB8-8B4A-11D0-8D11-00A0C91BC942}") = "exec4-24b", "exec4-24b\exec4-24b.vcxproj", "{3A8E0400-71CF-48EE-9EC7-FE47173A2A0F}"
EndProject
Project("{8BC9CEB8-8B4A-11D0-8D11-00A0C91BC942}") = "hw4-8", "hw4-8\hw4-8.vcxproj", "{9136BCE6-4F70-4F1B-AA47-233141D83D50}"
EndProject
Project("{8BC9CEB8-8B4A-11D0-8D11-00A0C91BC942}") = "hw4-10", "hw4-10\hw4-10.vcxproj", "{233DB0A8-150B-42E0-89FC-98C3AB07F0BF}"
EndProject
Global
	GlobalSection(SolutionConfigurationPlatforms) = preSolution
		Debug|x64 = Debug|x64
		Debug|x86 = Debug|x86
		Release|x64 = Release|x64
		Release|x86 = Release|x86
	EndGlobalSection
	GlobalSection(ProjectConfigurationPlatforms) = postSolution
		{1C960820-282C-4850-9A16-34F77F076B3E}.Debug|x64.ActiveCfg = Debug|x64
		{1C960820-282C-4850-9A16-34F77F076B3E}.Debug|x64.Build.0 = Debug|x64
		{1C960820-282C-4850-9A16-34F77F076B3E}.Debug|x86.ActiveCfg = Debug|Win32
		{1C960820-282C-4850-9A16-34F77F076B3E}.Debug|x86.Build.0 = Debug|Win32
		{1C960820-282C-4850-9A16-34F77F076B3E}.Release|x64.ActiveCfg = Release|x64
		{1C960820-282C-4850-9A16-34F77F076B3E}.Release|x64.Build.0 = Release|x64
		{1C960820-282C-4850-9A16-34F77F076B3E}.Release|x86.ActiveCfg = Release|Win32
		{1C960820-282C-4850-9A16-34F77F076B3E}.Release|x86.Build.0 = Release|Win32
		{F0899FD9-4B38-48EC-8102-9E927E167B3B}.Debug|x64.ActiveCfg = Debug|x64
		{F0899FD9-4B38-48EC-8102-9E927E167B3B}.Debug|x64.Build.0 = Debug|x64
		{F0899FD9-4B38-48EC-8102-9E927E167B3B}.Debug|x86.ActiveCfg = Debug|Win32
		{F0899FD9-4B38-48EC-8102-9E927E167B3B}.Debug|x86.Build.0 = Debug|Win32
		{F0899FD9-4B38-48EC-8102-9E927E167B3B}.Release|x64.ActiveCfg = Release|x64
		{F0899FD9-4B38-48EC-8102-9E927E167B3B}.Release|x64.Build.0 = Release|x64
		{F0899FD9-4B38-48EC-8102-9E927E167B3B}.Release|x86.ActiveCfg = Release|Win32
		{F0899FD9-4B38-48EC-8102-9E927E167B3B}.Release|x86.Build.0 = Release|Win32
		{4F6E655A-474C-4CC5-97C3-1EEE41F1BF0F}.Debug|x64.ActiveCfg = Debug|x64
		{4F6E655A-474C-4CC5-97C3-1EEE41F1BF0F}.Debug|x64.Build.0 = Debug|x64
		{4F6E655A-474C-4CC5-97C3-1EEE41F1BF0F}.Debug|x86.ActiveCfg = Debug|Win32
		{4F6E655A-474C-4CC5-97C3-1EEE41F1BF0F}.Debug|x86.Build.0 = Debug|Win32
		{4F6E655A-474C-4CC5-97C3-1EEE41F1BF0F}.Release|x64.ActiveCfg = Release|x64
		{4F6E655A-474C-4CC5-97C3-1EEE41F1BF0F}.Release|x64.Build.0 = Release|x64
		{4F6E655A-474C-4CC5-97C3-1EEE41F1BF0F}.Release|x86.ActiveCfg = Release|Win32
		{4F6E655A-474C-4CC5-97C3-1EEE41F1BF0F}.Release|x86.Build.0 = Release|Win32
		{B6DDE842-5D17-4A89-AC5F-68A7E9E052A6}.Debug|x64.ActiveCfg = Debug|x64
		{B6DDE842-5D17-4A89-AC5F-68A7E9E052A6}.Debug|x64.Build.0 = Debug|x64
		{B6DDE842-5D17-4A89-AC5F-68A7E9E052A6}.Debug|x86.ActiveCfg = Debug|Win32
		{B6DDE842-5D17-4A89-AC5F-68A7E9E052A6}.Debug|x86.Build.0 = Debug|Win32
		{B6DDE842-5D17-4A89-AC5F-68A7E9E052A6}.Release|x64.ActiveCfg = Release|x64
		{B6DDE842-5D17-4A89-AC5F-68A7E9E052A6}.Release|x64.Build.0 = Release|x64
		{B6DDE842-5D17-4A89-AC5F-68A7E9E052A6}.Release|x86.ActiveCfg = Release|Win32
		{B6DDE842-5D17-4A89-AC5F-68A7E9E052A6}.Release|x86.Build.0 = Release|Win32
		{5C824FB1-0BAF-49D9-8BEC-C33DCD8A8C56}.Debug|x64.ActiveCfg = Debug|x64
		{5C824FB1-0BAF-49D9-8BEC-C33DCD8A8C56}.Debug|x64.Build.0 = Debug|x64
		{5C824FB1-0BAF-49D9-8BEC-C33DCD8A8C56}.Debug|x86.ActiveCfg = Debug|Win32
		{5C824FB1-0BAF-49D9-8BEC-C33DCD8A8C56}.Debug|x86.Build.0 = Debug|Win32
		{5C824FB1-0BAF-49D9-8BEC-C33DCD8A8C56}.Release|x64.ActiveCfg = Release|x64
		{5C824FB1-0BAF-49D9-8BEC-C33DCD8A8C56}.Release|x64.Build.0 = Release|x64
		{5C824FB1-0BAF-49D9-8BEC-C33DCD8A8C56}.Release|x86.ActiveCfg = Release|Win32
		{5C824FB1-0BAF-49D9-8BEC-C33DCD8A8C56}.Release|x86.Build.0 = Release|Win32
		{B1D00E24-6973-4031-9522-585554939D85}.Debug|x64.ActiveCfg = Debug|x64
		{B1D00E24-6973-4031-9522-585554939D85}.Debug|x64.Build.0 = Debug|x64
		{B1D00E24-6973-4031-9522-585554939D85}.Debug|x86.ActiveCfg = Debug|Win32
		{B1D00E24-6973-4031-9522-585554939D85}.Debug|x86.Build.0 = Debug|Win32
		{B1D00E24-6973-4031-9522-585554939D85}.Release|x64.ActiveCfg = Release|x64
		{B1D00E24-6973-4031-9522-585554939D85}.Release|x64.Build.0 = Release|x64
		{B1D00E24-6973-4031-9522-585554939D85}.Release|x86.ActiveCfg = Release|Win32
		{B1D00E24-6973-4031-9522-585554939D85}.Release|x86.Build.0 = Release|Win32
		{6BC72F0D-9DDE-4135-9685-B01CCB3DC4B3}.Debug|x64.ActiveCfg = Debug|x64
		{6BC72F0D-9DDE-4135-9685-B01CCB3DC4B3}.Debug|x64.Build.0 = Debug|x64
		{6BC72F0D-9DDE-4135-9685-B01CCB3DC4B3}.Debug|x86.ActiveCfg = Debug|Win32
		{6BC72F0D-9DDE-4135-9685-B01CCB3DC4B3}.Debug|x86.Build.0 = Debug|Win32
		{6BC72F0D-9DDE-4135-9685-B01CCB3DC4B3}.Release|x64.ActiveCfg = Release|x64
		{6BC72F0D-9DDE-4135-9685-B01CCB3DC4B3}.Release|x64.Build.0 = Release|x64
		{6BC72F0D-9DDE-4135-9685-B01CCB3DC4B3}.Release|x86.ActiveCfg = Release|Win32
		{6BC72F0D-9DDE-4135-9685-B01CCB3DC4B3}.Release|x86.Build.0 = Release|Win32
		{FAC7B3F8-A911-44CF-81DE-A385E2DF5BC6}.Debug|x64.ActiveCfg = Debug|x64
		{FAC7B3F8-A911-44CF-81DE-A385E2DF5BC6}.Debug|x64.Build.0 = Debug|x64
		{FAC7B3F8-A911-44CF-81DE-A385E2DF5BC6}.Debug|x86.ActiveCfg = Debug|Win32
		{FAC7B3F8-A911-44CF-81DE-A385E2DF5BC6}.Debug|x86.Build.0 = Debug|Win32
		{FAC7B3F8-A911-44CF-81DE-A385E2DF5BC6}.Release|x64.ActiveCfg = Release|x64
		{FAC7B3F8-A911-44CF-81DE-A385E2DF5BC6}.Release|x64.Build.0 = Release|x64
		{FAC7B3F8-A911-44CF-81DE-A385E2DF5BC6}.Release|x86.ActiveCfg = Release|Win32
		{FAC7B3F8-A911-44CF-81DE-A385E2DF5BC6}.Release|x86.Build.0 = Release|Win32
		{76EA10BF-C241-4070-BE59-A23F6A329D59}.Debug|x64.ActiveCfg = Debug|x64
		{76EA10BF-C241-4070-BE59-A23F6A329D59}.Debug|x64.Build.0 = Debug|x64
		{76EA10BF-C241-4070-BE59-A23F6A329D59}.Debug|x86.ActiveCfg = Debug|Win32
		{76EA10BF-C241-4070-BE59-A23F6A329D59}.Debug|x86.Build.0 = Debug|Win32
		{76EA10BF-C241-4070-BE59-A23F6A329D59}.Release|x64.ActiveCfg = Release|x64
		{76EA10BF-C241-4070-BE59-A23F6A329D59}.Release|x64.Build.0 = Release|x64
		{76EA10BF-C241-4070-BE59-A23F6A329D59}.Release|x86.ActiveCfg = Release|Win32
		{76EA10BF-C241-4070-BE59-A23F6A329D59}.Release|x86.Build.0 = Release|Win32
		{6854B2EF-670D-4836-A2D2-97608F1E9BFE}.Debug|x64.ActiveCfg = Debug|x64
		{6854B2EF-670D-4836-A2D2-97608F1E9BFE}.Debug|x64.Build.0 = Debug|x64
		{6854B2EF-670D-4836-A2D2-97608F1E9BFE}.Debug|x86.ActiveCfg = Debug|Win32
		{6854B2EF-670D-4836-A2D2-97608F1E9BFE}.Debug|x86.Build.0 = Debug|Win32
		{6854B2EF-670D-4836-A2D2-97608F1E9BFE}.Release|x64.ActiveCfg = Release|x64
		{6854B2EF-670D-4836-A2D2-97608F1E9BFE}.Release|x64.Build.0 = Release|x64
		{6854B2EF-670D-4836-A2D2-97608F1E9BFE}.Release|x86.ActiveCfg = Release|Win32
		{6854B2EF-670D-4836-A2D2-97608F1E9BFE}.Release|x86.Build.0 = Release|Win32
		{A60A3080-E7B9-4BCD-AAAB-C3DE63AC23CC}.Debug|x64.ActiveCfg = Debug|x64
		{A60A3080-E7B9-4BCD-AAAB-C3DE63AC23CC}.Debug|x64.Build.0 = Debug|x64
		{A60A3080-E7B9-4BCD-AAAB-C3DE63AC23CC}.Debug|x86.ActiveCfg = Debug|Win32
		{A60A3080-E7B9-4BCD-AAAB-C3DE63AC23CC}.Debug|x86.Build.0 = Debug|Win32
		{A60A3080-E7B9-4BCD-AAAB-C3DE63AC23CC}.Release|x64.ActiveCfg = Release|x64
		{A60A3080-E7B9-4BCD-AAAB-C3DE63AC23CC}.Release|x64.Build.0 = Release|x64
		{A60A3080-E7B9-4BCD-AAAB-C3DE63AC23CC}.Release|x86.ActiveCfg = Release|Win32
		{A60A3080-E7B9-4BCD-AAAB-C3DE63AC23CC}.Release|x86.Build.0 = Release|Win32
		{4AD95023-1120-4CE6-BCBF-F9FEA3BA53D5}.Debug|x64.ActiveCfg = Debug|x64
		{4AD95023-1120-4CE6-BCBF-F9FEA3BA53D5}.Debug|x64.Build.0 = Debug|x64
		{4AD95023-1120-4CE6-BCBF-F9FEA3BA53D5}.Debug|x86.ActiveCfg = Debug|Win32
		{4AD95023-1120-4CE6-BCBF-F9FEA3BA53D5}.Debug|x86.Build.0 = Debug|Win32
		{4AD95023-1120-4CE6-BCBF-F9FEA3BA53D5}.Release|x64.ActiveCfg = Release|x64
		{4AD95023-1120-4CE6-BCBF-F9FEA3BA53D5}.Release|x64.Build.0 = Release|x64
		{4AD95023-1120-4CE6-BCBF-F9FEA3BA53D5}.Release|x86.ActiveCfg = Release|Win32
		{4AD95023-1120-4CE6-BCBF-F9FEA3BA53D5}.Release|x86.Build.0 = Release|Win32
		{512E2F11-09C2-492C-938E-CD8E0C0D1D9F}.Debug|x64.ActiveCfg = Debug|x64
		{512E2F11-09C2-492C-938E-CD8E0C0D1D9F}.Debug|x64.Build.0 = Debug|x64
		{512E2F11-09C2-492C-938E-CD8E0C0D1D9F}.Debug|x86.ActiveCfg = Debug|Win32
		{512E2F11-09C2-492C-938E-CD8E0C0D1D9F}.Debug|x86.Build.0 = Debug|Win32
		{512E2F11-09C2-492C-938E-CD8E0C0D1D9F}.Release|x64.ActiveCfg = Release|x64
		{512E2F11-09C2-492C-938E-CD8E0C0D1D9F}.Release|x64.Build.0 = Release|x64
		{512E2F11-09C2-492C-938E-CD8E0C0D1D9F}.Release|x86.ActiveCfg = Release|Win32
		{512E2F11-09C2-492C-938E-CD8E0C0D1D9F}.Release|x86.Build.0 = Release|Win32
		{A476CA54-3281-475C-8827-DB084E4BB6EB}.Debug|x64.ActiveCfg = Debug|x64
		{A476CA54-3281-475C-8827-DB084E4BB6EB}.Debug|x64.Build.0 = Debug|x64
		{A476CA54-3281-475C-8827-DB084E4BB6EB}.Debug|x86.ActiveCfg = Debug|Win32
		{A476CA54-3281-475C-8827-DB084E4BB6EB}.Debug|x86.Build.0 = Debug|Win32
		{A476CA54-3281-475C-8827-DB084E4BB6EB}.Release|x64.ActiveCfg = Release|x64
		{A476CA54-3281-475C-8827-DB084E4BB6EB}.Release|x64.Build.0 = Release|x64
		{A476CA54-3281-475C-8827-DB084E4BB6EB}.Release|x86.ActiveCfg = Release|Win32
		{A476CA54-3281-475C-8827-DB084E4BB6EB}.Release|x86.Build.0 = Release|Win32
		{32A27DD1-0BF7-483F-B38B-46DB3ADD6957}.Debug|x64.ActiveCfg = Debug|x64
		{32A27DD1-0BF7-483F-B38B-46DB3ADD6957}.Debug|x64.Build.0 = Debug|x64
		{32A27DD1-0BF7-483F-B38B-46DB3ADD6957}.Debug|x86.ActiveCfg = Debug|Win32
		{32A27DD1-0BF7-483F-B38B-46DB3ADD6957}.Debug|x86.Build.0 = Debug|Win32
		{32A27DD1-0BF7-483F-B38B-46DB3ADD6957}.Release|x64.ActiveCfg = Release|x64
		{32A27DD1-0BF7-483F-B38B-46DB3ADD6957}.Release|x64.Build.0 = Release|x64
		{32A27DD1-0BF7-483F-B38B-46DB3ADD6957}.Release|x86.ActiveCfg = Release|Win32
		{32A27DD1-0BF7-483F-B38B-46DB3ADD6957}.Release|x86.Build.0 = Release|Win32
		{9EEA4804-9CBA-4263-8254-2BC5F875C5E1}.Debug|x64.ActiveCfg = Debug|x64
		{9EEA4804-9CBA-4263-8254-2BC5F875C5E1}.Debug|x64.Build.0 = Debug|x64
		{9EEA4804-9CBA-4263-8254-2BC5F875C5E1}.Debug|x86.ActiveCfg = Debug|Win32
		{9EEA4804-9CBA-4263-8254-2BC5F875C5E1}.Debug|x86.Build.0 = Debug|Win32
		{9EEA4804-9CBA-4263-8254-2BC5F875C5E1}.Release|x64.ActiveCfg = Release|x64
		{9EEA4804-9CBA-4263-8254-2BC5F875C5E1}.Release|x64.Build.0 = Release|x64
		{9EEA4804-9CBA-4263-8254-2BC5F875C5E1}.Release|x86.ActiveCfg = Release|Win32
		{9EEA4804-9CBA-4263-8254-2BC5F875C5E1}.Release|x86.Build.0 = Release|Win32
		{C337E3C1-1B9C-45A3-8DDE-1022E4D5A6E7}.Debug|x64.ActiveCfg = Debug|x64
		{C337E3C1-1B9C-45A3-8DDE-1022E4D5A6E7}.Debug|x64.Build.0 = Debug|x64
		{C337E3C1-1B9C-45A3-8DDE-1022E4D5A6E7}.Debug|x86.ActiveCfg = Debug|Win32
		{C337E3C1-1B9C-45A3-8DDE-1022E4D5A6E7}.Debug|x86.Build.0 = Debug|Win32
		{C337E3C1-1B9C-45A3-8DDE-1022E4D5A6E7}.Release|x64.ActiveCfg = Release|x64
		{C337E3C1-1B9C-45A3-8DDE-1022E4D5A6E7}.Release|x64.Build.0 = Release|x64
		{C337E3C1-1B9C-45A3-8DDE-1022E4D5A6E7}.Release|x86.ActiveCfg = Release|Win32
		{C337E3C1-1B9C-45A3-8DDE-1022E4D5A6E7}.Release|x86.Build.0 = Release|Win32
		{F26E389E-1E9C-45D5-85A4-4756535E00CE}.Debug|x64.ActiveCfg = Debug|x64
		{F26E389E-1E9C-45D5-85A4-4756535E00CE}.Debug|x64.Build.0 = Debug|x64
		{F26E389E-1E9C-45D5-85A4-4756535E00CE}.Debug|x86.ActiveCfg = Debug|Win32
		{F26E389E-1E9C-45D5-85A4-4756535E00CE}.Debug|x86.Build.0 = Debug|Win32
		{F26E389E-1E9C-45D5-85A4-4756535E00CE}.Release|x64.ActiveCfg = Release|x64
		{F26E389E-1E9C-45D5-85A4-4756535E00CE}.Release|x64.Build.0 = Release|x64
		{F26E389E-1E9C-45D5-85A4-4756535E00CE}.Release|x86.ActiveCfg = Release|Win32
		{F26E389E-1E9C-45D5-85A4-4756535E00CE}.Release|x86.Build.0 = Release|Win32
		{2A01B1BD-4A58-4773-A6BC-2884EF358746}.Debug|x64.ActiveCfg = Debug|x64
		{2A01B1BD-4A58-4773-A6BC-2884EF358746}.Debug|x64.Build.0 = Debug|x64
		{2A01B1BD-4A58-4773-A6BC-2884EF358746}.Debug|x86.ActiveCfg = Debug|Win32
		{2A01B1BD-4A58-4773-A6BC-2884EF358746}.Debug|x86.Build.0 = Debug|Win32
		{2A01B1BD-4A58-4773-A6BC-2884EF358746}.Release|x64.ActiveCfg = Release|x64
		{2A01B1BD-4A58-4773-A6BC-2884EF358746}.Release|x64.Build.0 = Release|x64
		{2A01B1BD-4A58-4773-A6BC-2884EF358746}.Release|x86.ActiveCfg = Release|Win32
		{2A01B1BD-4A58-4773-A6BC-2884EF358746}.Release|x86.Build.0 = Release|Win32
		{6A79A6C3-58F2-41FA-9C0D-90F74951D474}.Debug|x64.ActiveCfg = Debug|x64
		{6A79A6C3-58F2-41FA-9C0D-90F74951D474}.Debug|x64.Build.0 = Debug|x64
		{6A79A6C3-58F2-41FA-9C0D-90F74951D474}.Debug|x86.ActiveCfg = Debug|Win32
		{6A79A6C3-58F2-41FA-9C0D-90F74951D474}.Debug|x86.Build.0 = Debug|Win32
		{6A79A6C3-58F2-41FA-9C0D-90F74951D474}.Release|x64.ActiveCfg = Release|x64
		{6A79A6C3-58F2-41FA-9C0D-90F74951D474}.Release|x64.Build.0 = Release|x64
		{6A79A6C3-58F2-41FA-9C0D-90F74951D474}.Release|x86.ActiveCfg = Release|Win32
		{6A79A6C3-58F2-41FA-9C0D-90F74951D474}.Release|x86.Build.0 = Release|Win32
		{F7DB14AD-320A-4CA3-B8D1-994D50362FAB}.Debug|x64.ActiveCfg = Debug|x64
		{F7DB14AD-320A-4CA3-B8D1-994D50362FAB}.Debug|x64.Build.0 = Debug|x64
		{F7DB14AD-320A-4CA3-B8D1-994D50362FAB}.Debug|x86.ActiveCfg = Debug|Win32
		{F7DB14AD-320A-4CA3-B8D1-994D50362FAB}.Debug|x86.Build.0 = Debug|Win32
		{F7DB14AD-320A-4CA3-B8D1-994D50362FAB}.Release|x64.ActiveCfg = Release|x64
		{F7DB14AD-320A-4CA3-B8D1-994D50362FAB}.Release|x64.Build.0 = Release|x64
		{F7DB14AD-320A-4CA3-B8D1-994D50362FAB}.Release|x86.ActiveCfg = Release|Win32
		{F7DB14AD-320A-4CA3-B8D1-994D50362FAB}.Release|x86.Build.0 = Release|Win32
		{71A18FAC-D257-42FD-AEC8-D3CB5528B5A3}.Debug|x64.ActiveCfg = Debug|x64
		{71A18FAC-D257-42FD-AEC8-D3CB5528B5A3}.Debug|x64.Build.0 = Debug|x64
		{71A18FAC-D257-42FD-AEC8-D3CB5528B5A3}.Debug|x86.ActiveCfg = Debug|Win32
		{71A18FAC-D257-42FD-AEC8-D3CB5528B5A3}.Debug|x86.Build.0 = Debug|Win32
		{71A18FAC-D257-42FD-AEC8-D3CB5528B5A3}.Release|x64.ActiveCfg = Release|x64
		{71A18FAC-D257-42FD-AEC8-D3CB5528B5A3}.Release|x64.Build.0 = Release|x64
		{71A18FAC-D257-42FD-AEC8-D3CB5528B5A3}.Release|x86.ActiveCfg = Release|Win32
		{71A18FAC-D257-42FD-AEC8-D3CB5528B5A3}.Release|x86.Build.0 = Release|Win32
		{58BB248F-173A-4C9B-B789-528FFD1957A5}.Debug|x64.ActiveCfg = Debug|x64
		{58BB248F-173A-4C9B-B789-528FFD1957A5}.Debug|x64.Build.0 = Debug|x64
		{58BB248F-173A-4C9B-B789-528FFD1957A5}.Debug|x86.ActiveCfg = Debug|Win32
		{58BB248F-173A-4C9B-B789-528FFD1957A5}.Debug|x86.Build.0 = Debug|Win32
		{58BB248F-173A-4C9B-B789-528FFD1957A5}.Release|x64.ActiveCfg = Release|x64
		{58BB248F-173A-4C9B-B789-528FFD1957A5}.Release|x64.Build.0 = Release|x64
		{58BB248F-173A-4C9B-B789-528FFD1957A5}.Release|x86.ActiveCfg = Release|Win32
		{58BB248F-173A-4C9B-B789-528FFD1957A5}.Release|x86.Build.0 = Release|Win32
		{C6CBD84E-28B1-46C8-B2F1-8FB96197A80E}.Debug|x64.ActiveCfg = Debug|x64
		{C6CBD84E-28B1-46C8-B2F1-8FB96197A80E}.Debug|x64.Build.0 = Debug|x64
		{C6CBD84E-28B1-46C8-B2F1-8FB96197A80E}.Debug|x86.ActiveCfg = Debug|Win32
		{C6CBD84E-28B1-46C8-B2F1-8FB96197A80E}.Debug|x86.Build.0 = Debug|Win32
		{C6CBD84E-28B1-46C8-B2F1-8FB96197A80E}.Release|x64.ActiveCfg = Release|x64
		{C6CBD84E-28B1-46C8-B2F1-8FB96197A80E}.Release|x64.Build.0 = Release|x64
		{C6CBD84E-28B1-46C8-B2F1-8FB96197A80E}.Release|x86.ActiveCfg = Release|Win32
		{C6CBD84E-28B1-46C8-B2F1-8FB96197A80E}.Release|x86.Build.0 = Release|Win32
		{3F297A16-0CDE-4FD1-8DFA-C96D7C568423}.Debug|x64.ActiveCfg = Debug|x64
		{3F297A16-0CDE-4FD1-8DFA-C96D7C568423}.Debug|x64.Build.0 = Debug|x64
		{3F297A16-0CDE-4FD1-8DFA-C96D7C568423}.Debug|x86.ActiveCfg = Debug|Win32
		{3F297A16-0CDE-4FD1-8DFA-C96D7C568423}.Debug|x86.Build.0 = Debug|Win32
		{3F297A16-0CDE-4FD1-8DFA-C96D7C568423}.Release|x64.ActiveCfg = Release|x64
		{3F297A16-0CDE-4FD1-8DFA-C96D7C568423}.Release|x64.Build.0 = Release|x64
		{3F297A16-0CDE-4FD1-8DFA-C96D7C568423}.Release|x86.ActiveCfg = Release|Win32
		{3F297A16-0CDE-4FD1-8DFA-C96D7C568423}.Release|x86.Build.0 = Release|Win32
		{5878CF98-F92E-4AE5-9778-B6DB4A147643}.Debug|x64.ActiveCfg = Debug|x64
		{5878CF98-F92E-4AE5-9778-B6DB4A147643}.Debug|x64.Build.0 = Debug|x64
		{5878CF98-F92E-4AE5-9778-B6DB4A147643}.Debug|x86.ActiveCfg = Debug|Win32
		{5878CF98-F92E-4AE5-9778-B6DB4A147643}.Debug|x86.Build.0 = Debug|Win32
		{5878CF98-F92E-4AE5-9778-B6DB4A147643}.Release|x64.ActiveCfg = Release|x64
		{5878CF98-F92E-4AE5-9778-B6DB4A147643}.Release|x64.Build.0 = Release|x64
		{5878CF98-F92E-4AE5-9778-B6DB4A147643}.Release|x86.ActiveCfg = Release|Win32
		{5878CF98-F92E-4AE5-9778-B6DB4A147643}.Release|x86.Build.0 = Release|Win32
		{9D329AA9-8599-4AF9-ACE9-9D27685D181F}.Debug|x64.ActiveCfg = Debug|x64
		{9D329AA9-8599-4AF9-ACE9-9D27685D181F}.Debug|x64.Build.0 = Debug|x64
		{9D329AA9-8599-4AF9-ACE9-9D27685D181F}.Debug|x86.ActiveCfg = Debug|Win32
		{9D329AA9-8599-4AF9-ACE9-9D27685D181F}.Debug|x86.Build.0 = Debug|Win32
		{9D329AA9-8599-4AF9-ACE9-9D27685D181F}.Release|x64.ActiveCfg = Release|x64
		{9D329AA9-8599-4AF9-ACE9-9D27685D181F}.Release|x64.Build.0 = Release|x64
		{9D329AA9-8599-4AF9-ACE9-9D27685D181F}.Release|x86.ActiveCfg = Release|Win32
		{9D329AA9-8599-4AF9-ACE9-9D27685D181F}.Release|x86.Build.0 = Release|Win32
		{267F8DDB-8326-467A-A8AE-F0DBB3F0B69F}.Debug|x64.ActiveCfg = Debug|x64
		{267F8DDB-8326-467A-A8AE-F0DBB3F0B69F}.Debug|x64.Build.0 = Debug|x64
		{267F8DDB-8326-467A-A8AE-F0DBB3F0B69F}.Debug|x86.ActiveCfg = Debug|Win32
		{267F8DDB-8326-467A-A8AE-F0DBB3F0B69F}.Debug|x86.Build.0 = Debug|Win32
		{267F8DDB-8326-467A-A8AE-F0DBB3F0B69F}.Release|x64.ActiveCfg = Release|x64
		{267F8DDB-8326-467A-A8AE-F0DBB3F0B69F}.Release|x64.Build.0 = Release|x64
		{267F8DDB-8326-467A-A8AE-F0DBB3F0B69F}.Release|x86.ActiveCfg = Release|Win32
		{267F8DDB-8326-467A-A8AE-F0DBB3F0B69F}.Release|x86.Build.0 = Release|Win32
		{9CD9072B-6CC4-45D0-B565-EB8D09209937}.Debug|x64.ActiveCfg = Debug|x64
		{9CD9072B-6CC4-45D0-B565-EB8D09209937}.Debug|x64.Build.0 = Debug|x64
		{9CD9072B-6CC4-45D0-B565-EB8D09209937}.Debug|x86.ActiveCfg = Debug|Win32
		{9CD9072B-6CC4-45D0-B565-EB8D09209937}.Debug|x86.Build.0 = Debug|Win32
		{9CD9072B-6CC4-45D0-B565-EB8D09209937}.Release|x64.ActiveCfg = Release|x64
		{9CD9072B-6CC4-45D0-B565-EB8D09209937}.Release|x64.Build.0 = Release|x64
		{9CD9072B-6CC4-45D0-B565-EB8D09209937}.Release|x86.ActiveCfg = Release|Win32
		{9CD9072B-6CC4-45D0-B565-EB8D09209937}.Release|x86.Build.0 = Release|Win32
		{F1CDBBFF-24B4-4161-8D39-6B28B3C22050}.Debug|x64.ActiveCfg = Debug|x64
		{F1CDBBFF-24B4-4161-8D39-6B28B3C22050}.Debug|x64.Build.0 = Debug|x64
		{F1CDBBFF-24B4-4161-8D39-6B28B3C22050}.Debug|x86.ActiveCfg = Debug|Win32
		{F1CDBBFF-24B4-4161-8D39-6B28B3C22050}.Debug|x86.Build.0 = Debug|Win32
		{F1CDBBFF-24B4-4161-8D39-6B28B3C22050}.Release|x64.ActiveCfg = Release|x64
		{F1CDBBFF-24B4-4161-8D39-6B28B3C22050}.Release|x64.Build.0 = Release|x64
		{F1CDBBFF-24B4-4161-8D39-6B28B3C22050}.Release|x86.ActiveCfg = Release|Win32
		{F1CDBBFF-24B4-4161-8D39-6B28B3C22050}.Release|x86.Build.0 = Release|Win32
		{957FE7A0-A5A0-48CC-B330-9577C19A75F7}.Debug|x64.ActiveCfg = Debug|x64
		{957FE7A0-A5A0-48CC-B330-9577C19A75F7}.Debug|x64.Build.0 = Debug|x64
		{957FE7A0-A5A0-48CC-B330-9577C19A75F7}.Debug|x86.ActiveCfg = Debug|Win32
		{957FE7A0-A5A0-48CC-B330-9577C19A75F7}.Debug|x86.Build.0 = Debug|Win32
		{957FE7A0-A5A0-48CC-B330-9577C19A75F7}.Release|x64.ActiveCfg = Release|x64
		{957FE7A0-A5A0-48CC-B330-9577C19A75F7}.Release|x64.Build.0 = Release|x64
		{957FE7A0-A5A0-48CC-B330-9577C19A75F7}.Release|x86.ActiveCfg = Release|Win32
		{957FE7A0-A5A0-48CC-B330-9577C19A75F7}.Release|x86.Build.0 = Release|Win32
		{46EA71A5-415F-4894-9439-B167A772926B}.Debug|x64.ActiveCfg = Debug|x64
		{46EA71A5-415F-4894-9439-B167A772926B}.Debug|x64.Build.0 = Debug|x64
		{46EA71A5-415F-4894-9439-B167A772926B}.Debug|x86.ActiveCfg = Debug|Win32
		{46EA71A5-415F-4894-9439-B167A772926B}.Debug|x86.Build.0 = Debug|Win32
		{46EA71A5-415F-4894-9439-B167A772926B}.Release|x64.ActiveCfg = Release|x64
		{46EA71A5-415F-4894-9439-B167A772926B}.Release|x64.Build.0 = Release|x64
		{46EA71A5-415F-4894-9439-B167A772926B}.Release|x86.ActiveCfg = Release|Win32
		{46EA71A5-415F-4894-9439-B167A772926B}.Release|x86.Build.0 = Release|Win32
		{AC110BDB-EC17-47E2-93E0-B35B4AD5F60C}.Debug|x64.ActiveCfg = Debug|x64
		{AC110BDB-EC17-47E2-93E0-B35B4AD5F60C}.Debug|x64.Build.0 = Debug|x64
		{AC110BDB-EC17-47E2-93E0-B35B4AD5F60C}.Debug|x86.ActiveCfg = Debug|Win32
		{AC110BDB-EC17-47E2-93E0-B35B4AD5F60C}.Debug|x86.Build.0 = Debug|Win32
		{AC110BDB-EC17-47E2-93E0-B35B4AD5F60C}.Release|x64.ActiveCfg = Release|x64
		{AC110BDB-EC17-47E2-93E0-B35B4AD5F60C}.Release|x64.Build.0 = Release|x64
		{AC110BDB-EC17-47E2-93E0-B35B4AD5F60C}.Release|x86.ActiveCfg = Release|Win32
		{AC110BDB-EC17-47E2-93E0-B35B4AD5F60C}.Release|x86.Build.0 = Release|Win32
		{9E426681-1D5B-46C6-A4FC-BEA201B8860D}.Debug|x64.ActiveCfg = Debug|x64
		{9E426681-1D5B-46C6-A4FC-BEA201B8860D}.Debug|x64.Build.0 = Debug|x64
		{9E426681-1D5B-46C6-A4FC-BEA201B8860D}.Debug|x86.ActiveCfg = Debug|Win32
		{9E426681-1D5B-46C6-A4FC-BEA201B8860D}.Debug|x86.Build.0 = Debug|Win32
		{9E426681-1D5B-46C6-A4FC-BEA201B8860D}.Release|x64.ActiveCfg = Release|x64
		{9E426681-1D5B-46C6-A4FC-BEA201B8860D}.Release|x64.Build.0 = Release|x64
		{9E426681-1D5B-46C6-A4FC-BEA201B8860D}.Release|x86.ActiveCfg = Release|Win32
		{9E426681-1D5B-46C6-A4FC-BEA201B8860D}.Release|x86.Build.0 = Release|Win32
		{F421B1E0-2031-4D8C-A944-FC2DEBE36719}.Debug|x64.ActiveCfg = Debug|x64
		{F421B1E0-2031-4D8C-A944-FC2DEBE36719}.Debug|x64.Build.0 = Debug|x64
		{F421B1E0-2031-4D8C-A944-FC2DEBE36719}.Debug|x86.ActiveCfg = Debug|Win32
		{F421B1E0-2031-4D8C-A944-FC2DEBE36719}.Debug|x86.Build.0 = Debug|Win32
		{F421B1E0-2031-4D8C-A944-FC2DEBE36719}.Release|x64.ActiveCfg = Release|x64
		{F421B1E0-2031-4D8C-A944-FC2DEBE36719}.Release|x64.Build.0 = Release|x64
		{F421B1E0-2031-4D8C-A944-FC2DEBE36719}.Release|x86.ActiveCfg = Release|Win32
		{F421B1E0-2031-4D8C-A944-FC2DEBE36719}.Release|x86.Build.0 = Release|Win32
		{93031F29-F79D-4404-AE4F-E885C8996FFB}.Debug|x64.ActiveCfg = Debug|x64
		{93031F29-F79D-4404-AE4F-E885C8996FFB}.Debug|x64.Build.0 = Debug|x64
		{93031F29-F79D-4404-AE4F-E885C8996FFB}.Debug|x86.ActiveCfg = Debug|Win32
		{93031F29-F79D-4404-AE4F-E885C8996FFB}.Debug|x86.Build.0 = Debug|Win32
		{93031F29-F79D-4404-AE4F-E885C8996FFB}.Release|x64.ActiveCfg = Release|x64
		{93031F29-F79D-4404-AE4F-E885C8996FFB}.Release|x64.Build.0 = Release|x64
		{93031F29-F79D-4404-AE4F-E885C8996FFB}.Release|x86.ActiveCfg = Release|Win32
		{93031F29-F79D-4404-AE4F-E885C8996FFB}.Release|x86.Build.0 = Release|Win32
		{2B988AE0-E06E-40A1-87A3-3C683B85AD50}.Debug|x64.ActiveCfg = Debug|x64
		{2B988AE0-E06E-40A1-87A3-3C683B85AD50}.Debug|x64.Build.0 = Debug|x64
		{2B988AE0-E06E-40A1-87A3-3C683B85AD50}.Debug|x86.ActiveCfg = Debug|Win32
		{2B988AE0-E06E-40A1-87A3-3C683B85AD50}.Debug|x86.Build.0 = Debug|Win32
		{2B988AE0-E06E-40A1-87A3-3C683B85AD50}.Release|x64.ActiveCfg = Release|x64
		{2B988AE0-E06E-40A1-87A3-3C683B85AD50}.Release|x64.Build.0 = Release|x64
		{2B988AE0-E06E-40A1-87A3-3C683B85AD50}.Release|x86.ActiveCfg = Release|Win32
		{2B988AE0-E06E-40A1-87A3-3C683B85AD50}.Release|x86.Build.0 = Release|Win32
		{FCD397BC-2C3B-461B-863B-D1748CD71749}.Debug|x64.ActiveCfg = Debug|x64
		{FCD397BC-2C3B-461B-863B-D1748CD71749}.Debug|x64.Build.0 = Debug|x64
		{FCD397BC-2C3B-461B-863B-D1748CD71749}.Debug|x86.ActiveCfg = Debug|Win32
		{FCD397BC-2C3B-461B-863B-D1748CD71749}.Debug|x86.Build.0 = Debug|Win32
		{FCD397BC-2C3B-461B-863B-D1748CD71749}.Release|x64.ActiveCfg = Release|x64
		{FCD397BC-2C3B-461B-863B-D1748CD71749}.Release|x64.Build.0 = Release|x64
		{FCD397BC-2C3B-461B-863B-D1748CD71749}.Release|x86.ActiveCfg = Release|Win32
		{FCD397BC-2C3B-461B-863B-D1748CD71749}.Release|x86.Build.0 = Release|Win32
		{23750ED6-2E8A-43B8-9544-E1DA6714F450}.Debug|x64.ActiveCfg = Debug|x64
		{23750ED6-2E8A-43B8-9544-E1DA6714F450}.Debug|x64.Build.0 = Debug|x64
		{23750ED6-2E8A-43B8-9544-E1DA6714F450}.Debug|x86.ActiveCfg = Debug|Win32
		{23750ED6-2E8A-43B8-9544-E1DA6714F450}.Debug|x86.Build.0 = Debug|Win32
		{23750ED6-2E8A-43B8-9544-E1DA6714F450}.Release|x64.ActiveCfg = Release|x64
		{23750ED6-2E8A-43B8-9544-E1DA6714F450}.Release|x64.Build.0 = Release|x64
		{23750ED6-2E8A-43B8-9544-E1DA6714F450}.Release|x86.ActiveCfg = Release|Win32
		{23750ED6-2E8A-43B8-9544-E1DA6714F450}.Release|x86.Build.0 = Release|Win32
		{CA772A7A-41AB-430A-BD4C-73FEB902328F}.Debug|x64.ActiveCfg = Debug|x64
		{CA772A7A-41AB-430A-BD4C-73FEB902328F}.Debug|x64.Build.0 = Debug|x64
		{CA772A7A-41AB-430A-BD4C-73FEB902328F}.Debug|x86.ActiveCfg = Debug|Win32
		{CA772A7A-41AB-430A-BD4C-73FEB902328F}.Debug|x86.Build.0 = Debug|Win32
		{CA772A7A-41AB-430A-BD4C-73FEB902328F}.Release|x64.ActiveCfg = Release|x64
		{CA772A7A-41AB-430A-BD4C-73FEB902328F}.Release|x64.Build.0 = Release|x64
		{CA772A7A-41AB-430A-BD4C-73FEB902328F}.Release|x86.ActiveCfg = Release|Win32
		{CA772A7A-41AB-430A-BD4C-73FEB902328F}.Release|x86.Build.0 = Release|Win32
		{193E269D-394E-42B9-8AE0-61BAA3D973EA}.Debug|x64.ActiveCfg = Debug|x64
		{193E269D-394E-42B9-8AE0-61BAA3D973EA}.Debug|x64.Build.0 = Debug|x64
		{193E269D-394E-42B9-8AE0-61BAA3D973EA}.Debug|x86.ActiveCfg = Debug|Win32
		{193E269D-394E-42B9-8AE0-61BAA3D973EA}.Debug|x86.Build.0 = Debug|Win32
		{193E269D-394E-42B9-8AE0-61BAA3D973EA}.Release|x64.ActiveCfg = Release|x64
		{193E269D-394E-42B9-8AE0-61BAA3D973EA}.Release|x64.Build.0 = Release|x64
		{193E269D-394E-42B9-8AE0-61BAA3D973EA}.Release|x86.ActiveCfg = Release|Win32
		{193E269D-394E-42B9-8AE0-61BAA3D973EA}.Release|x86.Build.0 = Release|Win32
		{E1FCE1D9-78D3-44E5-B5AE-234CDB54F123}.Debug|x64.ActiveCfg = Debug|x64
		{E1FCE1D9-78D3-44E5-B5AE-234CDB54F123}.Debug|x64.Build.0 = Debug|x64
		{E1FCE1D9-78D3-44E5-B5AE-234CDB54F123}.Debug|x86.ActiveCfg = Debug|Win32
		{E1FCE1D9-78D3-44E5-B5AE-234CDB54F123}.Debug|x86.Build.0 = Debug|Win32
		{E1FCE1D9-78D3-44E5-B5AE-234CDB54F123}.Release|x64.ActiveCfg = Release|x64
		{E1FCE1D9-78D3-44E5-B5AE-234CDB54F123}.Release|x64.Build.0 = Release|x64
		{E1FCE1D9-78D3-44E5-B5AE-234CDB54F123}.Release|x86.ActiveCfg = Release|Win32
		{E1FCE1D9-78D3-44E5-B5AE-234CDB54F123}.Release|x86.Build.0 = Release|Win32
		{42598DDE-F18A-4D1D-91BA-AFE0A82BDD80}.Debug|x64.ActiveCfg = Debug|x64
		{42598DDE-F18A-4D1D-91BA-AFE0A82BDD80}.Debug|x64.Build.0 = Debug|x64
		{42598DDE-F18A-4D1D-91BA-AFE0A82BDD80}.Debug|x86.ActiveCfg = Debug|Win32
		{42598DDE-F18A-4D1D-91BA-AFE0A82BDD80}.Debug|x86.Build.0 = Debug|Win32
		{42598DDE-F18A-4D1D-91BA-AFE0A82BDD80}.Release|x64.ActiveCfg = Release|x64
		{42598DDE-F18A-4D1D-91BA-AFE0A82BDD80}.Release|x64.Build.0 = Release|x64
		{42598DDE-F18A-4D1D-91BA-AFE0A82BDD80}.Release|x86.ActiveCfg = Release|Win32
		{42598DDE-F18A-4D1D-91BA-AFE0A82BDD80}.Release|x86.Build.0 = Release|Win32
		{3A8E0400-71CF-48EE-9EC7-FE47173A2A0F}.Debug|x64.ActiveCfg = Debug|x64
		{3A8E0400-71CF-48EE-9EC7-FE47173A2A0F}.Debug|x64.Build.0 = Debug|x64
		{3A8E0400-71CF-48EE-9EC7-FE47173A2A0F}.Debug|x86.ActiveCfg = Debug|Win32
		{3A8E0400-71CF-48EE-9EC7-FE47173A2A0F}.Debug|x86.Build.0 = Debug|Win32
		{3A8E0400-71CF-48EE-9EC7-FE47173A2A0F}.Release|x64.ActiveCfg = Release|x64
		{3A8E0400-71CF-48EE-9EC7-FE47173A2A0F}.Release|x64.Build.0 = Release|x64
		{3A8E0400-71CF-48EE-9EC7-FE47173A2A0F}.Release|x86.ActiveCfg = Release|Win32
		{3A8E0400-71CF-48EE-9EC7-FE47173A2A0F}.Release|x86.Build.0 = Release|Win32
		{9136BCE6-4F70-4F1B-AA47-233141D83D50}.Debug|x64.ActiveCfg = Debug|x64
		{9136BCE6-4F70-4F1B-AA47-233141D83D50}.Debug|x64.Build.0 = Debug|x64
		{9136BCE6-4F70-4F1B-AA47-233141D83D50}.Debug|x86.ActiveCfg = Debug|Win32
		{9136BCE6-4F70-4F1B-AA47-233141D83D50}.Debug|x86.Build.0 = Debug|Win32
		{9136BCE6-4F70-4F1B-AA47-233141D83D50}.Release|x64.ActiveCfg = Release|x64
		{9136BCE6-4F70-4F1B-AA47-233141D83D50}.Release|x64.Build.0 = Release|x64
		{9136BCE6-4F70-4F1B-AA47-233141D83D50}.Release|x86.ActiveCfg = Release|Win32
		{9136BCE6-4F70-4F1B-AA47-233141D83D50}.Release|x86.Build.0 = Release|Win32
		{233DB0A8-150B-42E0-89FC-98C3AB07F0BF}.Debug|x64.ActiveCfg = Debug|x64
		{233DB0A8-150B-42E0-89FC-98C3AB07F0BF}.Debug|x64.Build.0 = Debug|x64
		{233DB0A8-150B-42E0-89FC-98C3AB07F0BF}.Debug|x86.ActiveCfg = Debug|Win32
		{233DB0A8-150B-42E0-89FC-98C3AB07F0BF}.Debug|x86.Build.0 = Debug|Win32
		{233DB0A8-150B-42E0-89FC-98C3AB07F0BF}.Release|x64.ActiveCfg = Release|x64
		{233DB0A8-150B-42E0-89FC-98C3AB07F0BF}.Release|x64.Build.0 = Release|x64
		{233DB0A8-150B-42E0-89FC-98C3AB07F0BF}.Release|x86.ActiveCfg = Release|Win32
		{233DB0A8-150B-42E0-89FC-98C3AB07F0BF}.Release|x86.Build.0 = Release|Win32
	EndGlobalSection
	GlobalSection(SolutionProperties) = preSolution
		HideSolutionNode = FALSE
	EndGlobalSection
	GlobalSection(ExtensibilityGlobals) = postSolution
		SolutionGuid = {F557C6B4-62BF-4589-882F-C56B5E50FDB0}
	EndGlobalSection
EndGlobal
