
Microsoft Visual Studio Solution File, Format Version 12.00
# Visual Studio Version 17
VisualStudioVersion = 17.3.32901.215
MinimumVisualStudioVersion = 10.0.40219.1
Project("{8BC9CEB8-8B4A-11D0-8D11-00A0C91BC942}") = "prog7-1", "prog7-1\prog7-1.vcxproj", "{EB2D6B42-7001-4BAB-A4D5-2C010E896F7F}"
EndProject
Project("{8BC9CEB8-8B4A-11D0-8D11-00A0C91BC942}") = "prog7-4", "prog7-4\prog7-4.vcxproj", "{62E1A6F6-72EE-4336-BB60-D6E38CAA3E1D}"
EndProject
Project("{8BC9CEB8-8B4A-11D0-8D11-00A0C91BC942}") = "prog7-12", "prog7-12\prog7-12.vcxproj", "{6D64CF47-78C6-4AE5-B388-96A28558FF05}"
EndProject
Project("{8BC9CEB8-8B4A-11D0-8D11-00A0C91BC942}") = "prog7-15", "prog7-15\prog7-15.vcxproj", "{E37F3E40-6DED-4206-893A-5336E258275F}"
EndProject
Project("{8BC9CEB8-8B4A-11D0-8D11-00A0C91BC942}") = "prog7-18", "prog7-18\prog7-18.vcxproj", "{54935EFE-B377-4925-A389-FEE9761B6403}"
EndProject
Project("{8BC9CEB8-8B4A-11D0-8D11-00A0C91BC942}") = "prog7-26", "prog7-26\prog7-26.vcxproj", "{3102CEE5-28DD-4896-AC38-CCAE1E09EFC3}"
EndProject
Project("{8BC9CEB8-8B4A-11D0-8D11-00A0C91BC942}") = "prog7-28", "prog7-28\prog7-28.vcxproj", "{CE972782-9897-4863-8C95-9A9FAAF1386B}"
EndProject
Project("{8BC9CEB8-8B4A-11D0-8D11-00A0C91BC942}") = "prog7-27", "prog7-27\prog7-27.vcxproj", "{A3CCBCC1-0DC4-40B9-91AC-8F0C00D778BC}"
EndProject
Project("{8BC9CEB8-8B4A-11D0-8D11-00A0C91BC942}") = "prog7-13", "prog7-13\prog7-13.vcxproj", "{E34F9673-62DC-48E5-9726-4E5FF64AB8CA}"
EndProject
Project("{8BC9CEB8-8B4A-11D0-8D11-00A0C91BC942}") = "prog7-2", "prog7-2\prog7-2.vcxproj", "{15D8AF03-A63D-4BC5-BFC4-0E16FF9C479A}"
EndProject
Project("{8BC9CEB8-8B4A-11D0-8D11-00A0C91BC942}") = "prog7-3", "prog7-3\prog7-3.vcxproj", "{C524A11D-A4D3-4AE4-B3E9-5C3903B2C921}"
EndProject
Project("{8BC9CEB8-8B4A-11D0-8D11-00A0C91BC942}") = "prog7-5", "prog7-5\prog7-5.vcxproj", "{D99AA8A2-0D4F-4DBD-B95C-6B7D956BBBC7}"
EndProject
Project("{8BC9CEB8-8B4A-11D0-8D11-00A0C91BC942}") = "prog7-6", "prog7-6\prog7-6.vcxproj", "{44F9D523-C429-4C7A-8984-23939EB8D595}"
EndProject
Project("{8BC9CEB8-8B4A-11D0-8D11-00A0C91BC942}") = "prog7-7", "prog7-7\prog7-7.vcxproj", "{69E3E468-D353-414D-86BC-4BD1A4C38888}"
EndProject
Project("{8BC9CEB8-8B4A-11D0-8D11-00A0C91BC942}") = "prog7-8", "prog7-8\prog7-8.vcxproj", "{C4A2F1B5-8D81-4902-B169-F8EDB3361A74}"
EndProject
Project("{8BC9CEB8-8B4A-11D0-8D11-00A0C91BC942}") = "prog7-9", "prog7-9\prog7-9.vcxproj", "{862AD3C6-E3EC-47B3-84D9-3883FF6E27AE}"
EndProject
Project("{8BC9CEB8-8B4A-11D0-8D11-00A0C91BC942}") = "prog7-10", "prog7-10\prog7-10.vcxproj", "{C5A8B5F8-D5A4-444C-81F8-7DD6EF7F4514}"
EndProject
Project("{8BC9CEB8-8B4A-11D0-8D11-00A0C91BC942}") = "prog7-11", "prog7-11\prog7-11.vcxproj", "{D7830BF8-975C-41D1-A2CF-17725D68C2A0}"
EndProject
Project("{8BC9CEB8-8B4A-11D0-8D11-00A0C91BC942}") = "prog7-14", "prog7-14\prog7-14.vcxproj", "{27BA855D-D3B0-478B-8639-6AE3DC95278C}"
EndProject
Project("{8BC9CEB8-8B4A-11D0-8D11-00A0C91BC942}") = "prog7-16", "prog7-16\prog7-16.vcxproj", "{53FAA8A6-20D6-4426-A1EB-34AAA605846B}"
EndProject
Project("{8BC9CEB8-8B4A-11D0-8D11-00A0C91BC942}") = "prog7-17", "prog7-17\prog7-17.vcxproj", "{A6E63E09-4850-4009-89CF-33B809D08B04}"
EndProject
Project("{8BC9CEB8-8B4A-11D0-8D11-00A0C91BC942}") = "prog7-19", "prog7-19\prog7-19.vcxproj", "{E9838B07-56C5-4D3D-9185-DAC08778E445}"
EndProject
Project("{8BC9CEB8-8B4A-11D0-8D11-00A0C91BC942}") = "prog7-20", "prog7-20\prog7-20.vcxproj", "{86E1C72E-978C-4C03-A508-6CAF205BB22D}"
EndProject
Project("{8BC9CEB8-8B4A-11D0-8D11-00A0C91BC942}") = "prog7-21", "prog7-21\prog7-21.vcxproj", "{E5E51B12-96D4-4ECE-B5A5-CB96A4B66E65}"
EndProject
Project("{8BC9CEB8-8B4A-11D0-8D11-00A0C91BC942}") = "prog7-22", "prog7-22\prog7-22.vcxproj", "{8C2FA208-5A7E-4610-961D-749B8A3BAB0F}"
EndProject
Project("{8BC9CEB8-8B4A-11D0-8D11-00A0C91BC942}") = "prog7-23", "prog7-23\prog7-23.vcxproj", "{F021C7B2-C84C-42C0-894E-C1FDCA6B84D1}"
EndProject
Project("{8BC9CEB8-8B4A-11D0-8D11-00A0C91BC942}") = "prog7-24", "prog7-24\prog7-24.vcxproj", "{65CEA8BC-04E8-4C13-80A0-8C2F0047F4FB}"
EndProject
Project("{8BC9CEB8-8B4A-11D0-8D11-00A0C91BC942}") = "prog7-25", "prog7-25\prog7-25.vcxproj", "{78B89494-966F-43AF-9A69-BD7ECD27DF9E}"
EndProject
Project("{8BC9CEB8-8B4A-11D0-8D11-00A0C91BC942}") = "prog7-29", "prog7-29\prog7-29.vcxproj", "{6A46575A-EBB2-4B35-AA66-2563C8CC5E03}"
EndProject
Project("{8BC9CEB8-8B4A-11D0-8D11-00A0C91BC942}") = "exec7-3", "exec7-3\exec7-3.vcxproj", "{68502802-AB16-410C-9E29-6EC8945627C0}"
EndProject
Project("{8BC9CEB8-8B4A-11D0-8D11-00A0C91BC942}") = "exec7-3a", "exec7-3a\exec7-3a.vcxproj", "{C2B55E51-3172-40D9-8845-66C441E966E9}"
EndProject
Project("{8BC9CEB8-8B4A-11D0-8D11-00A0C91BC942}") = "exec7-3b", "exec7-3b\exec7-3b.vcxproj", "{C1015AAB-8752-4CBD-A820-18813E218905}"
EndProject
Project("{8BC9CEB8-8B4A-11D0-8D11-00A0C91BC942}") = "exec7-3c", "exec7-3c\exec7-3c.vcxproj", "{1AC877C1-A572-42D8-90BA-1BB0D534ADF3}"
EndProject
Project("{8BC9CEB8-8B4A-11D0-8D11-00A0C91BC942}") = "exec7-4", "exec7-4\exec7-4.vcxproj", "{274AF56B-5B27-4771-899B-5B81A27BB860}"
EndProject
Project("{8BC9CEB8-8B4A-11D0-8D11-00A0C91BC942}") = "exec7-7", "exec7-7\exec7-7.vcxproj", "{BFA936F3-0DFD-45D3-91D0-D5FCBED559F8}"
EndProject
Project("{8BC9CEB8-8B4A-11D0-8D11-00A0C91BC942}") = "hw7-3a", "hw7-3a\hw7-3a.vcxproj", "{9F96D9B2-BBDB-4135-A340-3B306F105A91}"
EndProject
Project("{8BC9CEB8-8B4A-11D0-8D11-00A0C91BC942}") = "hw7-4", "hw7-4\hw7-4.vcxproj", "{21D1E270-E50C-46A0-85DB-0AFD06BFB141}"
EndProject
Project("{8BC9CEB8-8B4A-11D0-8D11-00A0C91BC942}") = "exec7-14", "exec7-14\exec7-14.vcxproj", "{B6EBB185-45BB-4D88-A670-EC5AB1106DE4}"
EndProject
Project("{8BC9CEB8-8B4A-11D0-8D11-00A0C91BC942}") = "exec7-15", "exec7-15\exec7-15.vcxproj", "{D9FC93AC-0D44-43F0-A33E-4DCE4DDD233F}"
EndProject
Project("{8BC9CEB8-8B4A-11D0-8D11-00A0C91BC942}") = "exec7-16", "exec7-16\exec7-16.vcxproj", "{A13F780B-257B-4C7B-8285-D6BEF6C37301}"
EndProject
Project("{8BC9CEB8-8B4A-11D0-8D11-00A0C91BC942}") = "exec7-18", "exec7-18\exec7-18.vcxproj", "{935C48D6-1579-41FF-AC22-787E9103BADE}"
EndProject
Project("{8BC9CEB8-8B4A-11D0-8D11-00A0C91BC942}") = "hw7-7", "hw7-7\hw7-7.vcxproj", "{26D112BC-6461-49E5-8B2B-31C33EE46FDF}"
EndProject
Project("{8BC9CEB8-8B4A-11D0-8D11-00A0C91BC942}") = "exec7-26a", "exec7-26a\exec7-26a.vcxproj", "{C794E571-A24A-4C16-AA48-CC85297839FF}"
EndProject
Project("{8BC9CEB8-8B4A-11D0-8D11-00A0C91BC942}") = "exec7-26", "exec7-26\exec7-26.vcxproj", "{56A3DF10-2B7B-4804-9DDB-B63AF347CE15}"
EndProject
Project("{8BC9CEB8-8B4A-11D0-8D11-00A0C91BC942}") = "exec7-28", "exec7-28\exec7-28.vcxproj", "{F02CA1C5-35F1-42D7-9179-7A252613115D}"
EndProject
Project("{8BC9CEB8-8B4A-11D0-8D11-00A0C91BC942}") = "exec7-28a", "exec7-28a\exec7-28a.vcxproj", "{21716E4D-B068-4777-A5C4-46A3F013D857}"
EndProject
Global
	GlobalSection(SolutionConfigurationPlatforms) = preSolution
		Debug|x64 = Debug|x64
		Debug|x86 = Debug|x86
		Release|x64 = Release|x64
		Release|x86 = Release|x86
	EndGlobalSection
	GlobalSection(ProjectConfigurationPlatforms) = postSolution
		{EB2D6B42-7001-4BAB-A4D5-2C010E896F7F}.Debug|x64.ActiveCfg = Debug|x64
		{EB2D6B42-7001-4BAB-A4D5-2C010E896F7F}.Debug|x64.Build.0 = Debug|x64
		{EB2D6B42-7001-4BAB-A4D5-2C010E896F7F}.Debug|x86.ActiveCfg = Debug|Win32
		{EB2D6B42-7001-4BAB-A4D5-2C010E896F7F}.Debug|x86.Build.0 = Debug|Win32
		{EB2D6B42-7001-4BAB-A4D5-2C010E896F7F}.Release|x64.ActiveCfg = Release|x64
		{EB2D6B42-7001-4BAB-A4D5-2C010E896F7F}.Release|x64.Build.0 = Release|x64
		{EB2D6B42-7001-4BAB-A4D5-2C010E896F7F}.Release|x86.ActiveCfg = Release|Win32
		{EB2D6B42-7001-4BAB-A4D5-2C010E896F7F}.Release|x86.Build.0 = Release|Win32
		{62E1A6F6-72EE-4336-BB60-D6E38CAA3E1D}.Debug|x64.ActiveCfg = Debug|x64
		{62E1A6F6-72EE-4336-BB60-D6E38CAA3E1D}.Debug|x64.Build.0 = Debug|x64
		{62E1A6F6-72EE-4336-BB60-D6E38CAA3E1D}.Debug|x86.ActiveCfg = Debug|Win32
		{62E1A6F6-72EE-4336-BB60-D6E38CAA3E1D}.Debug|x86.Build.0 = Debug|Win32
		{62E1A6F6-72EE-4336-BB60-D6E38CAA3E1D}.Release|x64.ActiveCfg = Release|x64
		{62E1A6F6-72EE-4336-BB60-D6E38CAA3E1D}.Release|x64.Build.0 = Release|x64
		{62E1A6F6-72EE-4336-BB60-D6E38CAA3E1D}.Release|x86.ActiveCfg = Release|Win32
		{62E1A6F6-72EE-4336-BB60-D6E38CAA3E1D}.Release|x86.Build.0 = Release|Win32
		{6D64CF47-78C6-4AE5-B388-96A28558FF05}.Debug|x64.ActiveCfg = Debug|x64
		{6D64CF47-78C6-4AE5-B388-96A28558FF05}.Debug|x64.Build.0 = Debug|x64
		{6D64CF47-78C6-4AE5-B388-96A28558FF05}.Debug|x86.ActiveCfg = Debug|Win32
		{6D64CF47-78C6-4AE5-B388-96A28558FF05}.Debug|x86.Build.0 = Debug|Win32
		{6D64CF47-78C6-4AE5-B388-96A28558FF05}.Release|x64.ActiveCfg = Release|x64
		{6D64CF47-78C6-4AE5-B388-96A28558FF05}.Release|x64.Build.0 = Release|x64
		{6D64CF47-78C6-4AE5-B388-96A28558FF05}.Release|x86.ActiveCfg = Release|Win32
		{6D64CF47-78C6-4AE5-B388-96A28558FF05}.Release|x86.Build.0 = Release|Win32
		{E37F3E40-6DED-4206-893A-5336E258275F}.Debug|x64.ActiveCfg = Debug|x64
		{E37F3E40-6DED-4206-893A-5336E258275F}.Debug|x64.Build.0 = Debug|x64
		{E37F3E40-6DED-4206-893A-5336E258275F}.Debug|x86.ActiveCfg = Debug|Win32
		{E37F3E40-6DED-4206-893A-5336E258275F}.Debug|x86.Build.0 = Debug|Win32
		{E37F3E40-6DED-4206-893A-5336E258275F}.Release|x64.ActiveCfg = Release|x64
		{E37F3E40-6DED-4206-893A-5336E258275F}.Release|x64.Build.0 = Release|x64
		{E37F3E40-6DED-4206-893A-5336E258275F}.Release|x86.ActiveCfg = Release|Win32
		{E37F3E40-6DED-4206-893A-5336E258275F}.Release|x86.Build.0 = Release|Win32
		{54935EFE-B377-4925-A389-FEE9761B6403}.Debug|x64.ActiveCfg = Debug|x64
		{54935EFE-B377-4925-A389-FEE9761B6403}.Debug|x64.Build.0 = Debug|x64
		{54935EFE-B377-4925-A389-FEE9761B6403}.Debug|x86.ActiveCfg = Debug|Win32
		{54935EFE-B377-4925-A389-FEE9761B6403}.Debug|x86.Build.0 = Debug|Win32
		{54935EFE-B377-4925-A389-FEE9761B6403}.Release|x64.ActiveCfg = Release|x64
		{54935EFE-B377-4925-A389-FEE9761B6403}.Release|x64.Build.0 = Release|x64
		{54935EFE-B377-4925-A389-FEE9761B6403}.Release|x86.ActiveCfg = Release|Win32
		{54935EFE-B377-4925-A389-FEE9761B6403}.Release|x86.Build.0 = Release|Win32
		{3102CEE5-28DD-4896-AC38-CCAE1E09EFC3}.Debug|x64.ActiveCfg = Debug|x64
		{3102CEE5-28DD-4896-AC38-CCAE1E09EFC3}.Debug|x64.Build.0 = Debug|x64
		{3102CEE5-28DD-4896-AC38-CCAE1E09EFC3}.Debug|x86.ActiveCfg = Debug|Win32
		{3102CEE5-28DD-4896-AC38-CCAE1E09EFC3}.Debug|x86.Build.0 = Debug|Win32
		{3102CEE5-28DD-4896-AC38-CCAE1E09EFC3}.Release|x64.ActiveCfg = Release|x64
		{3102CEE5-28DD-4896-AC38-CCAE1E09EFC3}.Release|x64.Build.0 = Release|x64
		{3102CEE5-28DD-4896-AC38-CCAE1E09EFC3}.Release|x86.ActiveCfg = Release|Win32
		{3102CEE5-28DD-4896-AC38-CCAE1E09EFC3}.Release|x86.Build.0 = Release|Win32
		{CE972782-9897-4863-8C95-9A9FAAF1386B}.Debug|x64.ActiveCfg = Debug|x64
		{CE972782-9897-4863-8C95-9A9FAAF1386B}.Debug|x64.Build.0 = Debug|x64
		{CE972782-9897-4863-8C95-9A9FAAF1386B}.Debug|x86.ActiveCfg = Debug|Win32
		{CE972782-9897-4863-8C95-9A9FAAF1386B}.Debug|x86.Build.0 = Debug|Win32
		{CE972782-9897-4863-8C95-9A9FAAF1386B}.Release|x64.ActiveCfg = Release|x64
		{CE972782-9897-4863-8C95-9A9FAAF1386B}.Release|x64.Build.0 = Release|x64
		{CE972782-9897-4863-8C95-9A9FAAF1386B}.Release|x86.ActiveCfg = Release|Win32
		{CE972782-9897-4863-8C95-9A9FAAF1386B}.Release|x86.Build.0 = Release|Win32
		{A3CCBCC1-0DC4-40B9-91AC-8F0C00D778BC}.Debug|x64.ActiveCfg = Debug|x64
		{A3CCBCC1-0DC4-40B9-91AC-8F0C00D778BC}.Debug|x64.Build.0 = Debug|x64
		{A3CCBCC1-0DC4-40B9-91AC-8F0C00D778BC}.Debug|x86.ActiveCfg = Debug|Win32
		{A3CCBCC1-0DC4-40B9-91AC-8F0C00D778BC}.Debug|x86.Build.0 = Debug|Win32
		{A3CCBCC1-0DC4-40B9-91AC-8F0C00D778BC}.Release|x64.ActiveCfg = Release|x64
		{A3CCBCC1-0DC4-40B9-91AC-8F0C00D778BC}.Release|x64.Build.0 = Release|x64
		{A3CCBCC1-0DC4-40B9-91AC-8F0C00D778BC}.Release|x86.ActiveCfg = Release|Win32
		{A3CCBCC1-0DC4-40B9-91AC-8F0C00D778BC}.Release|x86.Build.0 = Release|Win32
		{E34F9673-62DC-48E5-9726-4E5FF64AB8CA}.Debug|x64.ActiveCfg = Debug|x64
		{E34F9673-62DC-48E5-9726-4E5FF64AB8CA}.Debug|x64.Build.0 = Debug|x64
		{E34F9673-62DC-48E5-9726-4E5FF64AB8CA}.Debug|x86.ActiveCfg = Debug|Win32
		{E34F9673-62DC-48E5-9726-4E5FF64AB8CA}.Debug|x86.Build.0 = Debug|Win32
		{E34F9673-62DC-48E5-9726-4E5FF64AB8CA}.Release|x64.ActiveCfg = Release|x64
		{E34F9673-62DC-48E5-9726-4E5FF64AB8CA}.Release|x64.Build.0 = Release|x64
		{E34F9673-62DC-48E5-9726-4E5FF64AB8CA}.Release|x86.ActiveCfg = Release|Win32
		{E34F9673-62DC-48E5-9726-4E5FF64AB8CA}.Release|x86.Build.0 = Release|Win32
		{15D8AF03-A63D-4BC5-BFC4-0E16FF9C479A}.Debug|x64.ActiveCfg = Debug|x64
		{15D8AF03-A63D-4BC5-BFC4-0E16FF9C479A}.Debug|x64.Build.0 = Debug|x64
		{15D8AF03-A63D-4BC5-BFC4-0E16FF9C479A}.Debug|x86.ActiveCfg = Debug|Win32
		{15D8AF03-A63D-4BC5-BFC4-0E16FF9C479A}.Debug|x86.Build.0 = Debug|Win32
		{15D8AF03-A63D-4BC5-BFC4-0E16FF9C479A}.Release|x64.ActiveCfg = Release|x64
		{15D8AF03-A63D-4BC5-BFC4-0E16FF9C479A}.Release|x64.Build.0 = Release|x64
		{15D8AF03-A63D-4BC5-BFC4-0E16FF9C479A}.Release|x86.ActiveCfg = Release|Win32
		{15D8AF03-A63D-4BC5-BFC4-0E16FF9C479A}.Release|x86.Build.0 = Release|Win32
		{C524A11D-A4D3-4AE4-B3E9-5C3903B2C921}.Debug|x64.ActiveCfg = Debug|x64
		{C524A11D-A4D3-4AE4-B3E9-5C3903B2C921}.Debug|x64.Build.0 = Debug|x64
		{C524A11D-A4D3-4AE4-B3E9-5C3903B2C921}.Debug|x86.ActiveCfg = Debug|Win32
		{C524A11D-A4D3-4AE4-B3E9-5C3903B2C921}.Debug|x86.Build.0 = Debug|Win32
		{C524A11D-A4D3-4AE4-B3E9-5C3903B2C921}.Release|x64.ActiveCfg = Release|x64
		{C524A11D-A4D3-4AE4-B3E9-5C3903B2C921}.Release|x64.Build.0 = Release|x64
		{C524A11D-A4D3-4AE4-B3E9-5C3903B2C921}.Release|x86.ActiveCfg = Release|Win32
		{C524A11D-A4D3-4AE4-B3E9-5C3903B2C921}.Release|x86.Build.0 = Release|Win32
		{D99AA8A2-0D4F-4DBD-B95C-6B7D956BBBC7}.Debug|x64.ActiveCfg = Debug|x64
		{D99AA8A2-0D4F-4DBD-B95C-6B7D956BBBC7}.Debug|x64.Build.0 = Debug|x64
		{D99AA8A2-0D4F-4DBD-B95C-6B7D956BBBC7}.Debug|x86.ActiveCfg = Debug|Win32
		{D99AA8A2-0D4F-4DBD-B95C-6B7D956BBBC7}.Debug|x86.Build.0 = Debug|Win32
		{D99AA8A2-0D4F-4DBD-B95C-6B7D956BBBC7}.Release|x64.ActiveCfg = Release|x64
		{D99AA8A2-0D4F-4DBD-B95C-6B7D956BBBC7}.Release|x64.Build.0 = Release|x64
		{D99AA8A2-0D4F-4DBD-B95C-6B7D956BBBC7}.Release|x86.ActiveCfg = Release|Win32
		{D99AA8A2-0D4F-4DBD-B95C-6B7D956BBBC7}.Release|x86.Build.0 = Release|Win32
		{44F9D523-C429-4C7A-8984-23939EB8D595}.Debug|x64.ActiveCfg = Debug|x64
		{44F9D523-C429-4C7A-8984-23939EB8D595}.Debug|x64.Build.0 = Debug|x64
		{44F9D523-C429-4C7A-8984-23939EB8D595}.Debug|x86.ActiveCfg = Debug|Win32
		{44F9D523-C429-4C7A-8984-23939EB8D595}.Debug|x86.Build.0 = Debug|Win32
		{44F9D523-C429-4C7A-8984-23939EB8D595}.Release|x64.ActiveCfg = Release|x64
		{44F9D523-C429-4C7A-8984-23939EB8D595}.Release|x64.Build.0 = Release|x64
		{44F9D523-C429-4C7A-8984-23939EB8D595}.Release|x86.ActiveCfg = Release|Win32
		{44F9D523-C429-4C7A-8984-23939EB8D595}.Release|x86.Build.0 = Release|Win32
		{69E3E468-D353-414D-86BC-4BD1A4C38888}.Debug|x64.ActiveCfg = Debug|x64
		{69E3E468-D353-414D-86BC-4BD1A4C38888}.Debug|x64.Build.0 = Debug|x64
		{69E3E468-D353-414D-86BC-4BD1A4C38888}.Debug|x86.ActiveCfg = Debug|Win32
		{69E3E468-D353-414D-86BC-4BD1A4C38888}.Debug|x86.Build.0 = Debug|Win32
		{69E3E468-D353-414D-86BC-4BD1A4C38888}.Release|x64.ActiveCfg = Release|x64
		{69E3E468-D353-414D-86BC-4BD1A4C38888}.Release|x64.Build.0 = Release|x64
		{69E3E468-D353-414D-86BC-4BD1A4C38888}.Release|x86.ActiveCfg = Release|Win32
		{69E3E468-D353-414D-86BC-4BD1A4C38888}.Release|x86.Build.0 = Release|Win32
		{C4A2F1B5-8D81-4902-B169-F8EDB3361A74}.Debug|x64.ActiveCfg = Debug|x64
		{C4A2F1B5-8D81-4902-B169-F8EDB3361A74}.Debug|x64.Build.0 = Debug|x64
		{C4A2F1B5-8D81-4902-B169-F8EDB3361A74}.Debug|x86.ActiveCfg = Debug|Win32
		{C4A2F1B5-8D81-4902-B169-F8EDB3361A74}.Debug|x86.Build.0 = Debug|Win32
		{C4A2F1B5-8D81-4902-B169-F8EDB3361A74}.Release|x64.ActiveCfg = Release|x64
		{C4A2F1B5-8D81-4902-B169-F8EDB3361A74}.Release|x64.Build.0 = Release|x64
		{C4A2F1B5-8D81-4902-B169-F8EDB3361A74}.Release|x86.ActiveCfg = Release|Win32
		{C4A2F1B5-8D81-4902-B169-F8EDB3361A74}.Release|x86.Build.0 = Release|Win32
		{862AD3C6-E3EC-47B3-84D9-3883FF6E27AE}.Debug|x64.ActiveCfg = Debug|x64
		{862AD3C6-E3EC-47B3-84D9-3883FF6E27AE}.Debug|x64.Build.0 = Debug|x64
		{862AD3C6-E3EC-47B3-84D9-3883FF6E27AE}.Debug|x86.ActiveCfg = Debug|Win32
		{862AD3C6-E3EC-47B3-84D9-3883FF6E27AE}.Debug|x86.Build.0 = Debug|Win32
		{862AD3C6-E3EC-47B3-84D9-3883FF6E27AE}.Release|x64.ActiveCfg = Release|x64
		{862AD3C6-E3EC-47B3-84D9-3883FF6E27AE}.Release|x64.Build.0 = Release|x64
		{862AD3C6-E3EC-47B3-84D9-3883FF6E27AE}.Release|x86.ActiveCfg = Release|Win32
		{862AD3C6-E3EC-47B3-84D9-3883FF6E27AE}.Release|x86.Build.0 = Release|Win32
		{C5A8B5F8-D5A4-444C-81F8-7DD6EF7F4514}.Debug|x64.ActiveCfg = Debug|x64
		{C5A8B5F8-D5A4-444C-81F8-7DD6EF7F4514}.Debug|x64.Build.0 = Debug|x64
		{C5A8B5F8-D5A4-444C-81F8-7DD6EF7F4514}.Debug|x86.ActiveCfg = Debug|Win32
		{C5A8B5F8-D5A4-444C-81F8-7DD6EF7F4514}.Debug|x86.Build.0 = Debug|Win32
		{C5A8B5F8-D5A4-444C-81F8-7DD6EF7F4514}.Release|x64.ActiveCfg = Release|x64
		{C5A8B5F8-D5A4-444C-81F8-7DD6EF7F4514}.Release|x64.Build.0 = Release|x64
		{C5A8B5F8-D5A4-444C-81F8-7DD6EF7F4514}.Release|x86.ActiveCfg = Release|Win32
		{C5A8B5F8-D5A4-444C-81F8-7DD6EF7F4514}.Release|x86.Build.0 = Release|Win32
		{D7830BF8-975C-41D1-A2CF-17725D68C2A0}.Debug|x64.ActiveCfg = Debug|x64
		{D7830BF8-975C-41D1-A2CF-17725D68C2A0}.Debug|x64.Build.0 = Debug|x64
		{D7830BF8-975C-41D1-A2CF-17725D68C2A0}.Debug|x86.ActiveCfg = Debug|Win32
		{D7830BF8-975C-41D1-A2CF-17725D68C2A0}.Debug|x86.Build.0 = Debug|Win32
		{D7830BF8-975C-41D1-A2CF-17725D68C2A0}.Release|x64.ActiveCfg = Release|x64
		{D7830BF8-975C-41D1-A2CF-17725D68C2A0}.Release|x64.Build.0 = Release|x64
		{D7830BF8-975C-41D1-A2CF-17725D68C2A0}.Release|x86.ActiveCfg = Release|Win32
		{D7830BF8-975C-41D1-A2CF-17725D68C2A0}.Release|x86.Build.0 = Release|Win32
		{27BA855D-D3B0-478B-8639-6AE3DC95278C}.Debug|x64.ActiveCfg = Debug|x64
		{27BA855D-D3B0-478B-8639-6AE3DC95278C}.Debug|x64.Build.0 = Debug|x64
		{27BA855D-D3B0-478B-8639-6AE3DC95278C}.Debug|x86.ActiveCfg = Debug|Win32
		{27BA855D-D3B0-478B-8639-6AE3DC95278C}.Debug|x86.Build.0 = Debug|Win32
		{27BA855D-D3B0-478B-8639-6AE3DC95278C}.Release|x64.ActiveCfg = Release|x64
		{27BA855D-D3B0-478B-8639-6AE3DC95278C}.Release|x64.Build.0 = Release|x64
		{27BA855D-D3B0-478B-8639-6AE3DC95278C}.Release|x86.ActiveCfg = Release|Win32
		{27BA855D-D3B0-478B-8639-6AE3DC95278C}.Release|x86.Build.0 = Release|Win32
		{53FAA8A6-20D6-4426-A1EB-34AAA605846B}.Debug|x64.ActiveCfg = Debug|x64
		{53FAA8A6-20D6-4426-A1EB-34AAA605846B}.Debug|x64.Build.0 = Debug|x64
		{53FAA8A6-20D6-4426-A1EB-34AAA605846B}.Debug|x86.ActiveCfg = Debug|Win32
		{53FAA8A6-20D6-4426-A1EB-34AAA605846B}.Debug|x86.Build.0 = Debug|Win32
		{53FAA8A6-20D6-4426-A1EB-34AAA605846B}.Release|x64.ActiveCfg = Release|x64
		{53FAA8A6-20D6-4426-A1EB-34AAA605846B}.Release|x64.Build.0 = Release|x64
		{53FAA8A6-20D6-4426-A1EB-34AAA605846B}.Release|x86.ActiveCfg = Release|Win32
		{53FAA8A6-20D6-4426-A1EB-34AAA605846B}.Release|x86.Build.0 = Release|Win32
		{A6E63E09-4850-4009-89CF-33B809D08B04}.Debug|x64.ActiveCfg = Debug|x64
		{A6E63E09-4850-4009-89CF-33B809D08B04}.Debug|x64.Build.0 = Debug|x64
		{A6E63E09-4850-4009-89CF-33B809D08B04}.Debug|x86.ActiveCfg = Debug|Win32
		{A6E63E09-4850-4009-89CF-33B809D08B04}.Debug|x86.Build.0 = Debug|Win32
		{A6E63E09-4850-4009-89CF-33B809D08B04}.Release|x64.ActiveCfg = Release|x64
		{A6E63E09-4850-4009-89CF-33B809D08B04}.Release|x64.Build.0 = Release|x64
		{A6E63E09-4850-4009-89CF-33B809D08B04}.Release|x86.ActiveCfg = Release|Win32
		{A6E63E09-4850-4009-89CF-33B809D08B04}.Release|x86.Build.0 = Release|Win32
		{E9838B07-56C5-4D3D-9185-DAC08778E445}.Debug|x64.ActiveCfg = Debug|x64
		{E9838B07-56C5-4D3D-9185-DAC08778E445}.Debug|x64.Build.0 = Debug|x64
		{E9838B07-56C5-4D3D-9185-DAC08778E445}.Debug|x86.ActiveCfg = Debug|Win32
		{E9838B07-56C5-4D3D-9185-DAC08778E445}.Debug|x86.Build.0 = Debug|Win32
		{E9838B07-56C5-4D3D-9185-DAC08778E445}.Release|x64.ActiveCfg = Release|x64
		{E9838B07-56C5-4D3D-9185-DAC08778E445}.Release|x64.Build.0 = Release|x64
		{E9838B07-56C5-4D3D-9185-DAC08778E445}.Release|x86.ActiveCfg = Release|Win32
		{E9838B07-56C5-4D3D-9185-DAC08778E445}.Release|x86.Build.0 = Release|Win32
		{86E1C72E-978C-4C03-A508-6CAF205BB22D}.Debug|x64.ActiveCfg = Debug|x64
		{86E1C72E-978C-4C03-A508-6CAF205BB22D}.Debug|x64.Build.0 = Debug|x64
		{86E1C72E-978C-4C03-A508-6CAF205BB22D}.Debug|x86.ActiveCfg = Debug|Win32
		{86E1C72E-978C-4C03-A508-6CAF205BB22D}.Debug|x86.Build.0 = Debug|Win32
		{86E1C72E-978C-4C03-A508-6CAF205BB22D}.Release|x64.ActiveCfg = Release|x64
		{86E1C72E-978C-4C03-A508-6CAF205BB22D}.Release|x64.Build.0 = Release|x64
		{86E1C72E-978C-4C03-A508-6CAF205BB22D}.Release|x86.ActiveCfg = Release|Win32
		{86E1C72E-978C-4C03-A508-6CAF205BB22D}.Release|x86.Build.0 = Release|Win32
		{E5E51B12-96D4-4ECE-B5A5-CB96A4B66E65}.Debug|x64.ActiveCfg = Debug|x64
		{E5E51B12-96D4-4ECE-B5A5-CB96A4B66E65}.Debug|x64.Build.0 = Debug|x64
		{E5E51B12-96D4-4ECE-B5A5-CB96A4B66E65}.Debug|x86.ActiveCfg = Debug|Win32
		{E5E51B12-96D4-4ECE-B5A5-CB96A4B66E65}.Debug|x86.Build.0 = Debug|Win32
		{E5E51B12-96D4-4ECE-B5A5-CB96A4B66E65}.Release|x64.ActiveCfg = Release|x64
		{E5E51B12-96D4-4ECE-B5A5-CB96A4B66E65}.Release|x64.Build.0 = Release|x64
		{E5E51B12-96D4-4ECE-B5A5-CB96A4B66E65}.Release|x86.ActiveCfg = Release|Win32
		{E5E51B12-96D4-4ECE-B5A5-CB96A4B66E65}.Release|x86.Build.0 = Release|Win32
		{8C2FA208-5A7E-4610-961D-749B8A3BAB0F}.Debug|x64.ActiveCfg = Debug|x64
		{8C2FA208-5A7E-4610-961D-749B8A3BAB0F}.Debug|x64.Build.0 = Debug|x64
		{8C2FA208-5A7E-4610-961D-749B8A3BAB0F}.Debug|x86.ActiveCfg = Debug|Win32
		{8C2FA208-5A7E-4610-961D-749B8A3BAB0F}.Debug|x86.Build.0 = Debug|Win32
		{8C2FA208-5A7E-4610-961D-749B8A3BAB0F}.Release|x64.ActiveCfg = Release|x64
		{8C2FA208-5A7E-4610-961D-749B8A3BAB0F}.Release|x64.Build.0 = Release|x64
		{8C2FA208-5A7E-4610-961D-749B8A3BAB0F}.Release|x86.ActiveCfg = Release|Win32
		{8C2FA208-5A7E-4610-961D-749B8A3BAB0F}.Release|x86.Build.0 = Release|Win32
		{F021C7B2-C84C-42C0-894E-C1FDCA6B84D1}.Debug|x64.ActiveCfg = Debug|x64
		{F021C7B2-C84C-42C0-894E-C1FDCA6B84D1}.Debug|x64.Build.0 = Debug|x64
		{F021C7B2-C84C-42C0-894E-C1FDCA6B84D1}.Debug|x86.ActiveCfg = Debug|Win32
		{F021C7B2-C84C-42C0-894E-C1FDCA6B84D1}.Debug|x86.Build.0 = Debug|Win32
		{F021C7B2-C84C-42C0-894E-C1FDCA6B84D1}.Release|x64.ActiveCfg = Release|x64
		{F021C7B2-C84C-42C0-894E-C1FDCA6B84D1}.Release|x64.Build.0 = Release|x64
		{F021C7B2-C84C-42C0-894E-C1FDCA6B84D1}.Release|x86.ActiveCfg = Release|Win32
		{F021C7B2-C84C-42C0-894E-C1FDCA6B84D1}.Release|x86.Build.0 = Release|Win32
		{65CEA8BC-04E8-4C13-80A0-8C2F0047F4FB}.Debug|x64.ActiveCfg = Debug|x64
		{65CEA8BC-04E8-4C13-80A0-8C2F0047F4FB}.Debug|x64.Build.0 = Debug|x64
		{65CEA8BC-04E8-4C13-80A0-8C2F0047F4FB}.Debug|x86.ActiveCfg = Debug|Win32
		{65CEA8BC-04E8-4C13-80A0-8C2F0047F4FB}.Debug|x86.Build.0 = Debug|Win32
		{65CEA8BC-04E8-4C13-80A0-8C2F0047F4FB}.Release|x64.ActiveCfg = Release|x64
		{65CEA8BC-04E8-4C13-80A0-8C2F0047F4FB}.Release|x64.Build.0 = Release|x64
		{65CEA8BC-04E8-4C13-80A0-8C2F0047F4FB}.Release|x86.ActiveCfg = Release|Win32
		{65CEA8BC-04E8-4C13-80A0-8C2F0047F4FB}.Release|x86.Build.0 = Release|Win32
		{78B89494-966F-43AF-9A69-BD7ECD27DF9E}.Debug|x64.ActiveCfg = Debug|x64
		{78B89494-966F-43AF-9A69-BD7ECD27DF9E}.Debug|x64.Build.0 = Debug|x64
		{78B89494-966F-43AF-9A69-BD7ECD27DF9E}.Debug|x86.ActiveCfg = Debug|Win32
		{78B89494-966F-43AF-9A69-BD7ECD27DF9E}.Debug|x86.Build.0 = Debug|Win32
		{78B89494-966F-43AF-9A69-BD7ECD27DF9E}.Release|x64.ActiveCfg = Release|x64
		{78B89494-966F-43AF-9A69-BD7ECD27DF9E}.Release|x64.Build.0 = Release|x64
		{78B89494-966F-43AF-9A69-BD7ECD27DF9E}.Release|x86.ActiveCfg = Release|Win32
		{78B89494-966F-43AF-9A69-BD7ECD27DF9E}.Release|x86.Build.0 = Release|Win32
		{6A46575A-EBB2-4B35-AA66-2563C8CC5E03}.Debug|x64.ActiveCfg = Debug|x64
		{6A46575A-EBB2-4B35-AA66-2563C8CC5E03}.Debug|x64.Build.0 = Debug|x64
		{6A46575A-EBB2-4B35-AA66-2563C8CC5E03}.Debug|x86.ActiveCfg = Debug|Win32
		{6A46575A-EBB2-4B35-AA66-2563C8CC5E03}.Debug|x86.Build.0 = Debug|Win32
		{6A46575A-EBB2-4B35-AA66-2563C8CC5E03}.Release|x64.ActiveCfg = Release|x64
		{6A46575A-EBB2-4B35-AA66-2563C8CC5E03}.Release|x64.Build.0 = Release|x64
		{6A46575A-EBB2-4B35-AA66-2563C8CC5E03}.Release|x86.ActiveCfg = Release|Win32
		{6A46575A-EBB2-4B35-AA66-2563C8CC5E03}.Release|x86.Build.0 = Release|Win32
		{68502802-AB16-410C-9E29-6EC8945627C0}.Debug|x64.ActiveCfg = Debug|x64
		{68502802-AB16-410C-9E29-6EC8945627C0}.Debug|x64.Build.0 = Debug|x64
		{68502802-AB16-410C-9E29-6EC8945627C0}.Debug|x86.ActiveCfg = Debug|Win32
		{68502802-AB16-410C-9E29-6EC8945627C0}.Debug|x86.Build.0 = Debug|Win32
		{68502802-AB16-410C-9E29-6EC8945627C0}.Release|x64.ActiveCfg = Release|x64
		{68502802-AB16-410C-9E29-6EC8945627C0}.Release|x64.Build.0 = Release|x64
		{68502802-AB16-410C-9E29-6EC8945627C0}.Release|x86.ActiveCfg = Release|Win32
		{68502802-AB16-410C-9E29-6EC8945627C0}.Release|x86.Build.0 = Release|Win32
		{C2B55E51-3172-40D9-8845-66C441E966E9}.Debug|x64.ActiveCfg = Debug|x64
		{C2B55E51-3172-40D9-8845-66C441E966E9}.Debug|x64.Build.0 = Debug|x64
		{C2B55E51-3172-40D9-8845-66C441E966E9}.Debug|x86.ActiveCfg = Debug|Win32
		{C2B55E51-3172-40D9-8845-66C441E966E9}.Debug|x86.Build.0 = Debug|Win32
		{C2B55E51-3172-40D9-8845-66C441E966E9}.Release|x64.ActiveCfg = Release|x64
		{C2B55E51-3172-40D9-8845-66C441E966E9}.Release|x64.Build.0 = Release|x64
		{C2B55E51-3172-40D9-8845-66C441E966E9}.Release|x86.ActiveCfg = Release|Win32
		{C2B55E51-3172-40D9-8845-66C441E966E9}.Release|x86.Build.0 = Release|Win32
		{C1015AAB-8752-4CBD-A820-18813E218905}.Debug|x64.ActiveCfg = Debug|x64
		{C1015AAB-8752-4CBD-A820-18813E218905}.Debug|x64.Build.0 = Debug|x64
		{C1015AAB-8752-4CBD-A820-18813E218905}.Debug|x86.ActiveCfg = Debug|Win32
		{C1015AAB-8752-4CBD-A820-18813E218905}.Debug|x86.Build.0 = Debug|Win32
		{C1015AAB-8752-4CBD-A820-18813E218905}.Release|x64.ActiveCfg = Release|x64
		{C1015AAB-8752-4CBD-A820-18813E218905}.Release|x64.Build.0 = Release|x64
		{C1015AAB-8752-4CBD-A820-18813E218905}.Release|x86.ActiveCfg = Release|Win32
		{C1015AAB-8752-4CBD-A820-18813E218905}.Release|x86.Build.0 = Release|Win32
		{1AC877C1-A572-42D8-90BA-1BB0D534ADF3}.Debug|x64.ActiveCfg = Debug|x64
		{1AC877C1-A572-42D8-90BA-1BB0D534ADF3}.Debug|x64.Build.0 = Debug|x64
		{1AC877C1-A572-42D8-90BA-1BB0D534ADF3}.Debug|x86.ActiveCfg = Debug|Win32
		{1AC877C1-A572-42D8-90BA-1BB0D534ADF3}.Debug|x86.Build.0 = Debug|Win32
		{1AC877C1-A572-42D8-90BA-1BB0D534ADF3}.Release|x64.ActiveCfg = Release|x64
		{1AC877C1-A572-42D8-90BA-1BB0D534ADF3}.Release|x64.Build.0 = Release|x64
		{1AC877C1-A572-42D8-90BA-1BB0D534ADF3}.Release|x86.ActiveCfg = Release|Win32
		{1AC877C1-A572-42D8-90BA-1BB0D534ADF3}.Release|x86.Build.0 = Release|Win32
		{274AF56B-5B27-4771-899B-5B81A27BB860}.Debug|x64.ActiveCfg = Debug|x64
		{274AF56B-5B27-4771-899B-5B81A27BB860}.Debug|x64.Build.0 = Debug|x64
		{274AF56B-5B27-4771-899B-5B81A27BB860}.Debug|x86.ActiveCfg = Debug|Win32
		{274AF56B-5B27-4771-899B-5B81A27BB860}.Debug|x86.Build.0 = Debug|Win32
		{274AF56B-5B27-4771-899B-5B81A27BB860}.Release|x64.ActiveCfg = Release|x64
		{274AF56B-5B27-4771-899B-5B81A27BB860}.Release|x64.Build.0 = Release|x64
		{274AF56B-5B27-4771-899B-5B81A27BB860}.Release|x86.ActiveCfg = Release|Win32
		{274AF56B-5B27-4771-899B-5B81A27BB860}.Release|x86.Build.0 = Release|Win32
		{BFA936F3-0DFD-45D3-91D0-D5FCBED559F8}.Debug|x64.ActiveCfg = Debug|x64
		{BFA936F3-0DFD-45D3-91D0-D5FCBED559F8}.Debug|x64.Build.0 = Debug|x64
		{BFA936F3-0DFD-45D3-91D0-D5FCBED559F8}.Debug|x86.ActiveCfg = Debug|Win32
		{BFA936F3-0DFD-45D3-91D0-D5FCBED559F8}.Debug|x86.Build.0 = Debug|Win32
		{BFA936F3-0DFD-45D3-91D0-D5FCBED559F8}.Release|x64.ActiveCfg = Release|x64
		{BFA936F3-0DFD-45D3-91D0-D5FCBED559F8}.Release|x64.Build.0 = Release|x64
		{BFA936F3-0DFD-45D3-91D0-D5FCBED559F8}.Release|x86.ActiveCfg = Release|Win32
		{BFA936F3-0DFD-45D3-91D0-D5FCBED559F8}.Release|x86.Build.0 = Release|Win32
		{9F96D9B2-BBDB-4135-A340-3B306F105A91}.Debug|x64.ActiveCfg = Debug|x64
		{9F96D9B2-BBDB-4135-A340-3B306F105A91}.Debug|x64.Build.0 = Debug|x64
		{9F96D9B2-BBDB-4135-A340-3B306F105A91}.Debug|x86.ActiveCfg = Debug|Win32
		{9F96D9B2-BBDB-4135-A340-3B306F105A91}.Debug|x86.Build.0 = Debug|Win32
		{9F96D9B2-BBDB-4135-A340-3B306F105A91}.Release|x64.ActiveCfg = Release|x64
		{9F96D9B2-BBDB-4135-A340-3B306F105A91}.Release|x64.Build.0 = Release|x64
		{9F96D9B2-BBDB-4135-A340-3B306F105A91}.Release|x86.ActiveCfg = Release|Win32
		{9F96D9B2-BBDB-4135-A340-3B306F105A91}.Release|x86.Build.0 = Release|Win32
		{21D1E270-E50C-46A0-85DB-0AFD06BFB141}.Debug|x64.ActiveCfg = Debug|x64
		{21D1E270-E50C-46A0-85DB-0AFD06BFB141}.Debug|x64.Build.0 = Debug|x64
		{21D1E270-E50C-46A0-85DB-0AFD06BFB141}.Debug|x86.ActiveCfg = Debug|Win32
		{21D1E270-E50C-46A0-85DB-0AFD06BFB141}.Debug|x86.Build.0 = Debug|Win32
		{21D1E270-E50C-46A0-85DB-0AFD06BFB141}.Release|x64.ActiveCfg = Release|x64
		{21D1E270-E50C-46A0-85DB-0AFD06BFB141}.Release|x64.Build.0 = Release|x64
		{21D1E270-E50C-46A0-85DB-0AFD06BFB141}.Release|x86.ActiveCfg = Release|Win32
		{21D1E270-E50C-46A0-85DB-0AFD06BFB141}.Release|x86.Build.0 = Release|Win32
		{B6EBB185-45BB-4D88-A670-EC5AB1106DE4}.Debug|x64.ActiveCfg = Debug|x64
		{B6EBB185-45BB-4D88-A670-EC5AB1106DE4}.Debug|x64.Build.0 = Debug|x64
		{B6EBB185-45BB-4D88-A670-EC5AB1106DE4}.Debug|x86.ActiveCfg = Debug|Win32
		{B6EBB185-45BB-4D88-A670-EC5AB1106DE4}.Debug|x86.Build.0 = Debug|Win32
		{B6EBB185-45BB-4D88-A670-EC5AB1106DE4}.Release|x64.ActiveCfg = Release|x64
		{B6EBB185-45BB-4D88-A670-EC5AB1106DE4}.Release|x64.Build.0 = Release|x64
		{B6EBB185-45BB-4D88-A670-EC5AB1106DE4}.Release|x86.ActiveCfg = Release|Win32
		{B6EBB185-45BB-4D88-A670-EC5AB1106DE4}.Release|x86.Build.0 = Release|Win32
		{D9FC93AC-0D44-43F0-A33E-4DCE4DDD233F}.Debug|x64.ActiveCfg = Debug|x64
		{D9FC93AC-0D44-43F0-A33E-4DCE4DDD233F}.Debug|x64.Build.0 = Debug|x64
		{D9FC93AC-0D44-43F0-A33E-4DCE4DDD233F}.Debug|x86.ActiveCfg = Debug|Win32
		{D9FC93AC-0D44-43F0-A33E-4DCE4DDD233F}.Debug|x86.Build.0 = Debug|Win32
		{D9FC93AC-0D44-43F0-A33E-4DCE4DDD233F}.Release|x64.ActiveCfg = Release|x64
		{D9FC93AC-0D44-43F0-A33E-4DCE4DDD233F}.Release|x64.Build.0 = Release|x64
		{D9FC93AC-0D44-43F0-A33E-4DCE4DDD233F}.Release|x86.ActiveCfg = Release|Win32
		{D9FC93AC-0D44-43F0-A33E-4DCE4DDD233F}.Release|x86.Build.0 = Release|Win32
		{A13F780B-257B-4C7B-8285-D6BEF6C37301}.Debug|x64.ActiveCfg = Debug|x64
		{A13F780B-257B-4C7B-8285-D6BEF6C37301}.Debug|x64.Build.0 = Debug|x64
		{A13F780B-257B-4C7B-8285-D6BEF6C37301}.Debug|x86.ActiveCfg = Debug|Win32
		{A13F780B-257B-4C7B-8285-D6BEF6C37301}.Debug|x86.Build.0 = Debug|Win32
		{A13F780B-257B-4C7B-8285-D6BEF6C37301}.Release|x64.ActiveCfg = Release|x64
		{A13F780B-257B-4C7B-8285-D6BEF6C37301}.Release|x64.Build.0 = Release|x64
		{A13F780B-257B-4C7B-8285-D6BEF6C37301}.Release|x86.ActiveCfg = Release|Win32
		{A13F780B-257B-4C7B-8285-D6BEF6C37301}.Release|x86.Build.0 = Release|Win32
		{935C48D6-1579-41FF-AC22-787E9103BADE}.Debug|x64.ActiveCfg = Debug|x64
		{935C48D6-1579-41FF-AC22-787E9103BADE}.Debug|x64.Build.0 = Debug|x64
		{935C48D6-1579-41FF-AC22-787E9103BADE}.Debug|x86.ActiveCfg = Debug|Win32
		{935C48D6-1579-41FF-AC22-787E9103BADE}.Debug|x86.Build.0 = Debug|Win32
		{935C48D6-1579-41FF-AC22-787E9103BADE}.Release|x64.ActiveCfg = Release|x64
		{935C48D6-1579-41FF-AC22-787E9103BADE}.Release|x64.Build.0 = Release|x64
		{935C48D6-1579-41FF-AC22-787E9103BADE}.Release|x86.ActiveCfg = Release|Win32
		{935C48D6-1579-41FF-AC22-787E9103BADE}.Release|x86.Build.0 = Release|Win32
		{26D112BC-6461-49E5-8B2B-31C33EE46FDF}.Debug|x64.ActiveCfg = Debug|x64
		{26D112BC-6461-49E5-8B2B-31C33EE46FDF}.Debug|x64.Build.0 = Debug|x64
		{26D112BC-6461-49E5-8B2B-31C33EE46FDF}.Debug|x86.ActiveCfg = Debug|Win32
		{26D112BC-6461-49E5-8B2B-31C33EE46FDF}.Debug|x86.Build.0 = Debug|Win32
		{26D112BC-6461-49E5-8B2B-31C33EE46FDF}.Release|x64.ActiveCfg = Release|x64
		{26D112BC-6461-49E5-8B2B-31C33EE46FDF}.Release|x64.Build.0 = Release|x64
		{26D112BC-6461-49E5-8B2B-31C33EE46FDF}.Release|x86.ActiveCfg = Release|Win32
		{26D112BC-6461-49E5-8B2B-31C33EE46FDF}.Release|x86.Build.0 = Release|Win32
		{C794E571-A24A-4C16-AA48-CC85297839FF}.Debug|x64.ActiveCfg = Debug|x64
		{C794E571-A24A-4C16-AA48-CC85297839FF}.Debug|x64.Build.0 = Debug|x64
		{C794E571-A24A-4C16-AA48-CC85297839FF}.Debug|x86.ActiveCfg = Debug|Win32
		{C794E571-A24A-4C16-AA48-CC85297839FF}.Debug|x86.Build.0 = Debug|Win32
		{C794E571-A24A-4C16-AA48-CC85297839FF}.Release|x64.ActiveCfg = Release|x64
		{C794E571-A24A-4C16-AA48-CC85297839FF}.Release|x64.Build.0 = Release|x64
		{C794E571-A24A-4C16-AA48-CC85297839FF}.Release|x86.ActiveCfg = Release|Win32
		{C794E571-A24A-4C16-AA48-CC85297839FF}.Release|x86.Build.0 = Release|Win32
		{56A3DF10-2B7B-4804-9DDB-B63AF347CE15}.Debug|x64.ActiveCfg = Debug|x64
		{56A3DF10-2B7B-4804-9DDB-B63AF347CE15}.Debug|x64.Build.0 = Debug|x64
		{56A3DF10-2B7B-4804-9DDB-B63AF347CE15}.Debug|x86.ActiveCfg = Debug|Win32
		{56A3DF10-2B7B-4804-9DDB-B63AF347CE15}.Debug|x86.Build.0 = Debug|Win32
		{56A3DF10-2B7B-4804-9DDB-B63AF347CE15}.Release|x64.ActiveCfg = Release|x64
		{56A3DF10-2B7B-4804-9DDB-B63AF347CE15}.Release|x64.Build.0 = Release|x64
		{56A3DF10-2B7B-4804-9DDB-B63AF347CE15}.Release|x86.ActiveCfg = Release|Win32
		{56A3DF10-2B7B-4804-9DDB-B63AF347CE15}.Release|x86.Build.0 = Release|Win32
		{F02CA1C5-35F1-42D7-9179-7A252613115D}.Debug|x64.ActiveCfg = Debug|x64
		{F02CA1C5-35F1-42D7-9179-7A252613115D}.Debug|x64.Build.0 = Debug|x64
		{F02CA1C5-35F1-42D7-9179-7A252613115D}.Debug|x86.ActiveCfg = Debug|Win32
		{F02CA1C5-35F1-42D7-9179-7A252613115D}.Debug|x86.Build.0 = Debug|Win32
		{F02CA1C5-35F1-42D7-9179-7A252613115D}.Release|x64.ActiveCfg = Release|x64
		{F02CA1C5-35F1-42D7-9179-7A252613115D}.Release|x64.Build.0 = Release|x64
		{F02CA1C5-35F1-42D7-9179-7A252613115D}.Release|x86.ActiveCfg = Release|Win32
		{F02CA1C5-35F1-42D7-9179-7A252613115D}.Release|x86.Build.0 = Release|Win32
		{21716E4D-B068-4777-A5C4-46A3F013D857}.Debug|x64.ActiveCfg = Debug|x64
		{21716E4D-B068-4777-A5C4-46A3F013D857}.Debug|x64.Build.0 = Debug|x64
		{21716E4D-B068-4777-A5C4-46A3F013D857}.Debug|x86.ActiveCfg = Debug|Win32
		{21716E4D-B068-4777-A5C4-46A3F013D857}.Debug|x86.Build.0 = Debug|Win32
		{21716E4D-B068-4777-A5C4-46A3F013D857}.Release|x64.ActiveCfg = Release|x64
		{21716E4D-B068-4777-A5C4-46A3F013D857}.Release|x64.Build.0 = Release|x64
		{21716E4D-B068-4777-A5C4-46A3F013D857}.Release|x86.ActiveCfg = Release|Win32
		{21716E4D-B068-4777-A5C4-46A3F013D857}.Release|x86.Build.0 = Release|Win32
	EndGlobalSection
	GlobalSection(SolutionProperties) = preSolution
		HideSolutionNode = FALSE
	EndGlobalSection
	GlobalSection(ExtensibilityGlobals) = postSolution
		SolutionGuid = {FBDAC146-FC41-477B-BF74-DF413530AA05}
	EndGlobalSection
EndGlobal
