
Microsoft Visual Studio Solution File, Format Version 12.00
# Visual Studio Version 17
VisualStudioVersion = 17.3.32901.215
MinimumVisualStudioVersion = 10.0.40219.1
Project("{8BC9CEB8-8B4A-11D0-8D11-00A0C91BC942}") = "prog9-1", "prog9-1\prog9-1.vcxproj", "{101F8FB4-BB60-4271-B4F7-95E6EE9B77ED}"
EndProject
Project("{8BC9CEB8-8B4A-11D0-8D11-00A0C91BC942}") = "prog9-2", "prog9-2\prog9-2.vcxproj", "{E62471D8-0F3A-44CF-A0AF-848C436D5703}"
EndProject
Project("{8BC9CEB8-8B4A-11D0-8D11-00A0C91BC942}") = "prog9-3", "prog9-3\prog9-3.vcxproj", "{76121D13-BFFB-4B11-B0BC-F521FCBF477B}"
EndProject
Project("{8BC9CEB8-8B4A-11D0-8D11-00A0C91BC942}") = "prog9-5", "prog9-5\prog9-5.vcxproj", "{54EB240D-E6C1-42D4-930E-4BA9F72661CB}"
EndProject
Project("{8BC9CEB8-8B4A-11D0-8D11-00A0C91BC942}") = "prog9-6", "prog9-6\prog9-6.vcxproj", "{17C296EC-CF43-4C65-9942-B5D7295589AC}"
EndProject
Project("{8BC9CEB8-8B4A-11D0-8D11-00A0C91BC942}") = "prog9-4", "prog9-4\prog9-4.vcxproj", "{B7FEF7DD-0135-4430-91CA-D09C0D444B31}"
EndProject
Project("{8BC9CEB8-8B4A-11D0-8D11-00A0C91BC942}") = "prog9-8", "prog9-8\prog9-8.vcxproj", "{8F7E48C5-37A3-41A3-AAF8-C50D892CD086}"
EndProject
Project("{8BC9CEB8-8B4A-11D0-8D11-00A0C91BC942}") = "prog9-9", "prog9-9\prog9-9.vcxproj", "{A0BE3F0E-623C-4274-846B-F36B6E8CC32A}"
EndProject
Project("{8BC9CEB8-8B4A-11D0-8D11-00A0C91BC942}") = "prog9-10", "prog9-10\prog9-10.vcxproj", "{82DDBDDF-2AD7-4520-8975-E88CF3C5A8B6}"
EndProject
Project("{8BC9CEB8-8B4A-11D0-8D11-00A0C91BC942}") = "prog9-11", "prog9-11\prog9-11.vcxproj", "{C99AA3C0-3707-4482-95E7-C9812E830F7D}"
EndProject
Project("{8BC9CEB8-8B4A-11D0-8D11-00A0C91BC942}") = "prog9-12", "prog9-12\prog9-12.vcxproj", "{D16FB350-D57C-4510-BD84-652644D5FAB6}"
EndProject
Project("{8BC9CEB8-8B4A-11D0-8D11-00A0C91BC942}") = "prog9-13", "prog9-13\prog9-13.vcxproj", "{32E83065-FE6F-4504-A035-D59266EF27DC}"
EndProject
Project("{8BC9CEB8-8B4A-11D0-8D11-00A0C91BC942}") = "prog9-14", "prog9-14\prog9-14.vcxproj", "{E2C623BF-43BE-4EC3-8B8A-850637C55EAC}"
EndProject
Project("{8BC9CEB8-8B4A-11D0-8D11-00A0C91BC942}") = "prog9-15", "prog9-15\prog9-15.vcxproj", "{56DA31FF-FEAB-471A-97A9-ED02D2ECDE48}"
EndProject
Project("{8BC9CEB8-8B4A-11D0-8D11-00A0C91BC942}") = "prog9-16", "prog9-16\prog9-16.vcxproj", "{053D806A-9C89-4F1C-A1B5-6A0DE1DA9736}"
EndProject
Project("{8BC9CEB8-8B4A-11D0-8D11-00A0C91BC942}") = "prog9-17", "prog9-17\prog9-17.vcxproj", "{673D5084-2F52-4B98-A4E0-2C887A370E14}"
EndProject
Project("{8BC9CEB8-8B4A-11D0-8D11-00A0C91BC942}") = "prog9-18", "prog9-18\prog9-18.vcxproj", "{FC81AD10-9AF4-46AC-8E94-E609062300A4}"
EndProject
Project("{8BC9CEB8-8B4A-11D0-8D11-00A0C91BC942}") = "prog9-19", "prog9-19\prog9-19.vcxproj", "{2E720EF8-CA58-40E6-BF89-F593C3336874}"
EndProject
Project("{8BC9CEB8-8B4A-11D0-8D11-00A0C91BC942}") = "prog9-20", "prog9-20\prog9-20.vcxproj", "{59F4DCB5-76A9-4131-9A62-689F9A71D28E}"
EndProject
Project("{8BC9CEB8-8B4A-11D0-8D11-00A0C91BC942}") = "prog9-21", "prog9-21\prog9-21.vcxproj", "{DBFC98C0-F259-4D11-B30F-A286AFF2EF65}"
EndProject
Project("{8BC9CEB8-8B4A-11D0-8D11-00A0C91BC942}") = "prog9-22", "prog9-22\prog9-22.vcxproj", "{B8D2DE1B-765E-4DC1-811C-7AB14F84B406}"
EndProject
Project("{8BC9CEB8-8B4A-11D0-8D11-00A0C91BC942}") = "prog9-23", "prog9-23\prog9-23.vcxproj", "{A293EFF8-7AF8-4850-AE58-08F7078182DF}"
EndProject
Project("{8BC9CEB8-8B4A-11D0-8D11-00A0C91BC942}") = "prog9-24", "prog9-24\prog9-24.vcxproj", "{44A2FA3D-A782-4E0A-8002-DB22AE7F3B90}"
EndProject
Project("{8BC9CEB8-8B4A-11D0-8D11-00A0C91BC942}") = "prog9-25", "prog9-25\prog9-25.vcxproj", "{AB7B5B9E-9955-4E25-A7FE-F17CA3F78ECD}"
EndProject
Project("{8BC9CEB8-8B4A-11D0-8D11-00A0C91BC942}") = "prog9-26", "prog9-26\prog9-26.vcxproj", "{2EE893DF-0BD3-4085-BACB-9E220891E20F}"
EndProject
Project("{8BC9CEB8-8B4A-11D0-8D11-00A0C91BC942}") = "prog9-7", "prog9-7\prog9-7.vcxproj", "{8E96C1D9-D38B-4C62-A399-E534C427BEDE}"
EndProject
Project("{8BC9CEB8-8B4A-11D0-8D11-00A0C91BC942}") = "exec9-4", "exec9-4\exec9-4.vcxproj", "{D1966544-B01B-4646-BDF0-31AFA8294BCA}"
EndProject
Project("{8BC9CEB8-8B4A-11D0-8D11-00A0C91BC942}") = "exec9-5", "exec9-5\exec9-5.vcxproj", "{FF80BD46-AC46-46C4-A953-EB2A3E68C739}"
EndProject
Project("{8BC9CEB8-8B4A-11D0-8D11-00A0C91BC942}") = "exec9-6", "exec9-6\exec9-6.vcxproj", "{4EB6ED78-A8B9-493C-9AC4-F7A5C17B250C}"
EndProject
Project("{8BC9CEB8-8B4A-11D0-8D11-00A0C91BC942}") = "hw9-1", "hw9-1\hw9-1.vcxproj", "{EDCFFA70-765E-483D-9E6E-97FAC32DD105}"
EndProject
Project("{8BC9CEB8-8B4A-11D0-8D11-00A0C91BC942}") = "exec9-9", "exec9-9\exec9-9.vcxproj", "{66582C64-214C-4BAE-BBE2-0ADE1C5006B3}"
EndProject
Project("{8BC9CEB8-8B4A-11D0-8D11-00A0C91BC942}") = "exec9-8", "exec9-8\exec9-8.vcxproj", "{7C4BCFC9-EC83-439D-A883-C301A2972248}"
EndProject
Project("{8BC9CEB8-8B4A-11D0-8D11-00A0C91BC942}") = "exec9-10", "exec9-10\exec9-10.vcxproj", "{266C1F23-CF3F-4BFE-AA71-ACE60A6AFE6D}"
EndProject
Project("{8BC9CEB8-8B4A-11D0-8D11-00A0C91BC942}") = "exec9-14", "exec9-14.c\exec9-14.c.vcxproj", "{3CF48222-2F40-47E3-B159-EFA1AA4A1F06}"
EndProject
Project("{8BC9CEB8-8B4A-11D0-8D11-00A0C91BC942}") = "exec9-14a", "exec9-14a\exec9-14a.vcxproj", "{591BBB64-32A4-446C-A1D6-2D16D7DB54E2}"
EndProject
Project("{8BC9CEB8-8B4A-11D0-8D11-00A0C91BC942}") = "exec9-15", "exec9-15\exec9-15.vcxproj", "{60142B4F-C8E4-45B4-9B62-37971230DAC1}"
EndProject
Project("{8BC9CEB8-8B4A-11D0-8D11-00A0C91BC942}") = "exec9-16", "exec9-16\exec9-16.vcxproj", "{576C5BCC-CEB6-4B48-B482-298CB3604A3A}"
EndProject
Project("{8BC9CEB8-8B4A-11D0-8D11-00A0C91BC942}") = "exec9-17", "exec7-17\exec7-17.vcxproj", "{41FBA2BE-423E-4C46-8708-C278A88BB852}"
EndProject
Project("{8BC9CEB8-8B4A-11D0-8D11-00A0C91BC942}") = "hw9-7", "hw9-7\hw9-7.vcxproj", "{B14CA410-33E2-4FCC-8203-DDEC2C57C802}"
EndProject
Project("{8BC9CEB8-8B4A-11D0-8D11-00A0C91BC942}") = "hw9-13", "hw9-13\hw9-13.vcxproj", "{911E6CE5-2C1E-448F-9557-A0B8D732E3B9}"
EndProject
Project("{8BC9CEB8-8B4A-11D0-8D11-00A0C91BC942}") = "hw9-14", "hw9-14\hw9-14.vcxproj", "{F7BB5092-943B-4776-BC2B-FBD28FB4BAF4}"
EndProject
Project("{8BC9CEB8-8B4A-11D0-8D11-00A0C91BC942}") = "exec9-20", "exec9-20\exec9-20.vcxproj", "{56946665-3C7F-4A5D-9E2C-4FCE0EA20493}"
EndProject
Project("{8BC9CEB8-8B4A-11D0-8D11-00A0C91BC942}") = "hw9-9", "hw9-9\hw9-9.vcxproj", "{753829DB-A189-4FB7-B687-5DC50E4B47C4}"
EndProject
Project("{8BC9CEB8-8B4A-11D0-8D11-00A0C91BC942}") = "hw9-2", "hw9-2\hw9-2.vcxproj", "{922744B0-AC3A-4D62-BF88-0AE6FB10EBE4}"
EndProject
Project("{8BC9CEB8-8B4A-11D0-8D11-00A0C91BC942}") = "hw9-3", "hw9-3\hw9-3.vcxproj", "{1E990FC1-70DD-4027-8F55-5D2FE1C70D04}"
EndProject
Project("{8BC9CEB8-8B4A-11D0-8D11-00A0C91BC942}") = "exec9-26", "exec9-26\exec9-26.vcxproj", "{CE2C83A8-29F9-4B71-AD5E-04E0664A6D55}"
EndProject
Global
	GlobalSection(SolutionConfigurationPlatforms) = preSolution
		Debug|x64 = Debug|x64
		Debug|x86 = Debug|x86
		Release|x64 = Release|x64
		Release|x86 = Release|x86
	EndGlobalSection
	GlobalSection(ProjectConfigurationPlatforms) = postSolution
		{101F8FB4-BB60-4271-B4F7-95E6EE9B77ED}.Debug|x64.ActiveCfg = Debug|x64
		{101F8FB4-BB60-4271-B4F7-95E6EE9B77ED}.Debug|x64.Build.0 = Debug|x64
		{101F8FB4-BB60-4271-B4F7-95E6EE9B77ED}.Debug|x86.ActiveCfg = Debug|Win32
		{101F8FB4-BB60-4271-B4F7-95E6EE9B77ED}.Debug|x86.Build.0 = Debug|Win32
		{101F8FB4-BB60-4271-B4F7-95E6EE9B77ED}.Release|x64.ActiveCfg = Release|x64
		{101F8FB4-BB60-4271-B4F7-95E6EE9B77ED}.Release|x64.Build.0 = Release|x64
		{101F8FB4-BB60-4271-B4F7-95E6EE9B77ED}.Release|x86.ActiveCfg = Release|Win32
		{101F8FB4-BB60-4271-B4F7-95E6EE9B77ED}.Release|x86.Build.0 = Release|Win32
		{E62471D8-0F3A-44CF-A0AF-848C436D5703}.Debug|x64.ActiveCfg = Debug|x64
		{E62471D8-0F3A-44CF-A0AF-848C436D5703}.Debug|x64.Build.0 = Debug|x64
		{E62471D8-0F3A-44CF-A0AF-848C436D5703}.Debug|x86.ActiveCfg = Debug|Win32
		{E62471D8-0F3A-44CF-A0AF-848C436D5703}.Debug|x86.Build.0 = Debug|Win32
		{E62471D8-0F3A-44CF-A0AF-848C436D5703}.Release|x64.ActiveCfg = Release|x64
		{E62471D8-0F3A-44CF-A0AF-848C436D5703}.Release|x64.Build.0 = Release|x64
		{E62471D8-0F3A-44CF-A0AF-848C436D5703}.Release|x86.ActiveCfg = Release|Win32
		{E62471D8-0F3A-44CF-A0AF-848C436D5703}.Release|x86.Build.0 = Release|Win32
		{76121D13-BFFB-4B11-B0BC-F521FCBF477B}.Debug|x64.ActiveCfg = Debug|x64
		{76121D13-BFFB-4B11-B0BC-F521FCBF477B}.Debug|x64.Build.0 = Debug|x64
		{76121D13-BFFB-4B11-B0BC-F521FCBF477B}.Debug|x86.ActiveCfg = Debug|Win32
		{76121D13-BFFB-4B11-B0BC-F521FCBF477B}.Debug|x86.Build.0 = Debug|Win32
		{76121D13-BFFB-4B11-B0BC-F521FCBF477B}.Release|x64.ActiveCfg = Release|x64
		{76121D13-BFFB-4B11-B0BC-F521FCBF477B}.Release|x64.Build.0 = Release|x64
		{76121D13-BFFB-4B11-B0BC-F521FCBF477B}.Release|x86.ActiveCfg = Release|Win32
		{76121D13-BFFB-4B11-B0BC-F521FCBF477B}.Release|x86.Build.0 = Release|Win32
		{54EB240D-E6C1-42D4-930E-4BA9F72661CB}.Debug|x64.ActiveCfg = Debug|x64
		{54EB240D-E6C1-42D4-930E-4BA9F72661CB}.Debug|x64.Build.0 = Debug|x64
		{54EB240D-E6C1-42D4-930E-4BA9F72661CB}.Debug|x86.ActiveCfg = Debug|Win32
		{54EB240D-E6C1-42D4-930E-4BA9F72661CB}.Debug|x86.Build.0 = Debug|Win32
		{54EB240D-E6C1-42D4-930E-4BA9F72661CB}.Release|x64.ActiveCfg = Release|x64
		{54EB240D-E6C1-42D4-930E-4BA9F72661CB}.Release|x64.Build.0 = Release|x64
		{54EB240D-E6C1-42D4-930E-4BA9F72661CB}.Release|x86.ActiveCfg = Release|Win32
		{54EB240D-E6C1-42D4-930E-4BA9F72661CB}.Release|x86.Build.0 = Release|Win32
		{17C296EC-CF43-4C65-9942-B5D7295589AC}.Debug|x64.ActiveCfg = Debug|x64
		{17C296EC-CF43-4C65-9942-B5D7295589AC}.Debug|x64.Build.0 = Debug|x64
		{17C296EC-CF43-4C65-9942-B5D7295589AC}.Debug|x86.ActiveCfg = Debug|Win32
		{17C296EC-CF43-4C65-9942-B5D7295589AC}.Debug|x86.Build.0 = Debug|Win32
		{17C296EC-CF43-4C65-9942-B5D7295589AC}.Release|x64.ActiveCfg = Release|x64
		{17C296EC-CF43-4C65-9942-B5D7295589AC}.Release|x64.Build.0 = Release|x64
		{17C296EC-CF43-4C65-9942-B5D7295589AC}.Release|x86.ActiveCfg = Release|Win32
		{17C296EC-CF43-4C65-9942-B5D7295589AC}.Release|x86.Build.0 = Release|Win32
		{B7FEF7DD-0135-4430-91CA-D09C0D444B31}.Debug|x64.ActiveCfg = Debug|x64
		{B7FEF7DD-0135-4430-91CA-D09C0D444B31}.Debug|x64.Build.0 = Debug|x64
		{B7FEF7DD-0135-4430-91CA-D09C0D444B31}.Debug|x86.ActiveCfg = Debug|Win32
		{B7FEF7DD-0135-4430-91CA-D09C0D444B31}.Debug|x86.Build.0 = Debug|Win32
		{B7FEF7DD-0135-4430-91CA-D09C0D444B31}.Release|x64.ActiveCfg = Release|x64
		{B7FEF7DD-0135-4430-91CA-D09C0D444B31}.Release|x64.Build.0 = Release|x64
		{B7FEF7DD-0135-4430-91CA-D09C0D444B31}.Release|x86.ActiveCfg = Release|Win32
		{B7FEF7DD-0135-4430-91CA-D09C0D444B31}.Release|x86.Build.0 = Release|Win32
		{8F7E48C5-37A3-41A3-AAF8-C50D892CD086}.Debug|x64.ActiveCfg = Debug|x64
		{8F7E48C5-37A3-41A3-AAF8-C50D892CD086}.Debug|x64.Build.0 = Debug|x64
		{8F7E48C5-37A3-41A3-AAF8-C50D892CD086}.Debug|x86.ActiveCfg = Debug|Win32
		{8F7E48C5-37A3-41A3-AAF8-C50D892CD086}.Debug|x86.Build.0 = Debug|Win32
		{8F7E48C5-37A3-41A3-AAF8-C50D892CD086}.Release|x64.ActiveCfg = Release|x64
		{8F7E48C5-37A3-41A3-AAF8-C50D892CD086}.Release|x64.Build.0 = Release|x64
		{8F7E48C5-37A3-41A3-AAF8-C50D892CD086}.Release|x86.ActiveCfg = Release|Win32
		{8F7E48C5-37A3-41A3-AAF8-C50D892CD086}.Release|x86.Build.0 = Release|Win32
		{A0BE3F0E-623C-4274-846B-F36B6E8CC32A}.Debug|x64.ActiveCfg = Debug|x64
		{A0BE3F0E-623C-4274-846B-F36B6E8CC32A}.Debug|x64.Build.0 = Debug|x64
		{A0BE3F0E-623C-4274-846B-F36B6E8CC32A}.Debug|x86.ActiveCfg = Debug|Win32
		{A0BE3F0E-623C-4274-846B-F36B6E8CC32A}.Debug|x86.Build.0 = Debug|Win32
		{A0BE3F0E-623C-4274-846B-F36B6E8CC32A}.Release|x64.ActiveCfg = Release|x64
		{A0BE3F0E-623C-4274-846B-F36B6E8CC32A}.Release|x64.Build.0 = Release|x64
		{A0BE3F0E-623C-4274-846B-F36B6E8CC32A}.Release|x86.ActiveCfg = Release|Win32
		{A0BE3F0E-623C-4274-846B-F36B6E8CC32A}.Release|x86.Build.0 = Release|Win32
		{82DDBDDF-2AD7-4520-8975-E88CF3C5A8B6}.Debug|x64.ActiveCfg = Debug|x64
		{82DDBDDF-2AD7-4520-8975-E88CF3C5A8B6}.Debug|x64.Build.0 = Debug|x64
		{82DDBDDF-2AD7-4520-8975-E88CF3C5A8B6}.Debug|x86.ActiveCfg = Debug|Win32
		{82DDBDDF-2AD7-4520-8975-E88CF3C5A8B6}.Debug|x86.Build.0 = Debug|Win32
		{82DDBDDF-2AD7-4520-8975-E88CF3C5A8B6}.Release|x64.ActiveCfg = Release|x64
		{82DDBDDF-2AD7-4520-8975-E88CF3C5A8B6}.Release|x64.Build.0 = Release|x64
		{82DDBDDF-2AD7-4520-8975-E88CF3C5A8B6}.Release|x86.ActiveCfg = Release|Win32
		{82DDBDDF-2AD7-4520-8975-E88CF3C5A8B6}.Release|x86.Build.0 = Release|Win32
		{C99AA3C0-3707-4482-95E7-C9812E830F7D}.Debug|x64.ActiveCfg = Debug|x64
		{C99AA3C0-3707-4482-95E7-C9812E830F7D}.Debug|x64.Build.0 = Debug|x64
		{C99AA3C0-3707-4482-95E7-C9812E830F7D}.Debug|x86.ActiveCfg = Debug|Win32
		{C99AA3C0-3707-4482-95E7-C9812E830F7D}.Debug|x86.Build.0 = Debug|Win32
		{C99AA3C0-3707-4482-95E7-C9812E830F7D}.Release|x64.ActiveCfg = Release|x64
		{C99AA3C0-3707-4482-95E7-C9812E830F7D}.Release|x64.Build.0 = Release|x64
		{C99AA3C0-3707-4482-95E7-C9812E830F7D}.Release|x86.ActiveCfg = Release|Win32
		{C99AA3C0-3707-4482-95E7-C9812E830F7D}.Release|x86.Build.0 = Release|Win32
		{D16FB350-D57C-4510-BD84-652644D5FAB6}.Debug|x64.ActiveCfg = Debug|x64
		{D16FB350-D57C-4510-BD84-652644D5FAB6}.Debug|x64.Build.0 = Debug|x64
		{D16FB350-D57C-4510-BD84-652644D5FAB6}.Debug|x86.ActiveCfg = Debug|Win32
		{D16FB350-D57C-4510-BD84-652644D5FAB6}.Debug|x86.Build.0 = Debug|Win32
		{D16FB350-D57C-4510-BD84-652644D5FAB6}.Release|x64.ActiveCfg = Release|x64
		{D16FB350-D57C-4510-BD84-652644D5FAB6}.Release|x64.Build.0 = Release|x64
		{D16FB350-D57C-4510-BD84-652644D5FAB6}.Release|x86.ActiveCfg = Release|Win32
		{D16FB350-D57C-4510-BD84-652644D5FAB6}.Release|x86.Build.0 = Release|Win32
		{32E83065-FE6F-4504-A035-D59266EF27DC}.Debug|x64.ActiveCfg = Debug|x64
		{32E83065-FE6F-4504-A035-D59266EF27DC}.Debug|x64.Build.0 = Debug|x64
		{32E83065-FE6F-4504-A035-D59266EF27DC}.Debug|x86.ActiveCfg = Debug|Win32
		{32E83065-FE6F-4504-A035-D59266EF27DC}.Debug|x86.Build.0 = Debug|Win32
		{32E83065-FE6F-4504-A035-D59266EF27DC}.Release|x64.ActiveCfg = Release|x64
		{32E83065-FE6F-4504-A035-D59266EF27DC}.Release|x64.Build.0 = Release|x64
		{32E83065-FE6F-4504-A035-D59266EF27DC}.Release|x86.ActiveCfg = Release|Win32
		{32E83065-FE6F-4504-A035-D59266EF27DC}.Release|x86.Build.0 = Release|Win32
		{E2C623BF-43BE-4EC3-8B8A-850637C55EAC}.Debug|x64.ActiveCfg = Debug|x64
		{E2C623BF-43BE-4EC3-8B8A-850637C55EAC}.Debug|x64.Build.0 = Debug|x64
		{E2C623BF-43BE-4EC3-8B8A-850637C55EAC}.Debug|x86.ActiveCfg = Debug|Win32
		{E2C623BF-43BE-4EC3-8B8A-850637C55EAC}.Debug|x86.Build.0 = Debug|Win32
		{E2C623BF-43BE-4EC3-8B8A-850637C55EAC}.Release|x64.ActiveCfg = Release|x64
		{E2C623BF-43BE-4EC3-8B8A-850637C55EAC}.Release|x64.Build.0 = Release|x64
		{E2C623BF-43BE-4EC3-8B8A-850637C55EAC}.Release|x86.ActiveCfg = Release|Win32
		{E2C623BF-43BE-4EC3-8B8A-850637C55EAC}.Release|x86.Build.0 = Release|Win32
		{56DA31FF-FEAB-471A-97A9-ED02D2ECDE48}.Debug|x64.ActiveCfg = Debug|x64
		{56DA31FF-FEAB-471A-97A9-ED02D2ECDE48}.Debug|x64.Build.0 = Debug|x64
		{56DA31FF-FEAB-471A-97A9-ED02D2ECDE48}.Debug|x86.ActiveCfg = Debug|Win32
		{56DA31FF-FEAB-471A-97A9-ED02D2ECDE48}.Debug|x86.Build.0 = Debug|Win32
		{56DA31FF-FEAB-471A-97A9-ED02D2ECDE48}.Release|x64.ActiveCfg = Release|x64
		{56DA31FF-FEAB-471A-97A9-ED02D2ECDE48}.Release|x64.Build.0 = Release|x64
		{56DA31FF-FEAB-471A-97A9-ED02D2ECDE48}.Release|x86.ActiveCfg = Release|Win32
		{56DA31FF-FEAB-471A-97A9-ED02D2ECDE48}.Release|x86.Build.0 = Release|Win32
		{053D806A-9C89-4F1C-A1B5-6A0DE1DA9736}.Debug|x64.ActiveCfg = Debug|x64
		{053D806A-9C89-4F1C-A1B5-6A0DE1DA9736}.Debug|x64.Build.0 = Debug|x64
		{053D806A-9C89-4F1C-A1B5-6A0DE1DA9736}.Debug|x86.ActiveCfg = Debug|Win32
		{053D806A-9C89-4F1C-A1B5-6A0DE1DA9736}.Debug|x86.Build.0 = Debug|Win32
		{053D806A-9C89-4F1C-A1B5-6A0DE1DA9736}.Release|x64.ActiveCfg = Release|x64
		{053D806A-9C89-4F1C-A1B5-6A0DE1DA9736}.Release|x64.Build.0 = Release|x64
		{053D806A-9C89-4F1C-A1B5-6A0DE1DA9736}.Release|x86.ActiveCfg = Release|Win32
		{053D806A-9C89-4F1C-A1B5-6A0DE1DA9736}.Release|x86.Build.0 = Release|Win32
		{673D5084-2F52-4B98-A4E0-2C887A370E14}.Debug|x64.ActiveCfg = Debug|x64
		{673D5084-2F52-4B98-A4E0-2C887A370E14}.Debug|x64.Build.0 = Debug|x64
		{673D5084-2F52-4B98-A4E0-2C887A370E14}.Debug|x86.ActiveCfg = Debug|Win32
		{673D5084-2F52-4B98-A4E0-2C887A370E14}.Debug|x86.Build.0 = Debug|Win32
		{673D5084-2F52-4B98-A4E0-2C887A370E14}.Release|x64.ActiveCfg = Release|x64
		{673D5084-2F52-4B98-A4E0-2C887A370E14}.Release|x64.Build.0 = Release|x64
		{673D5084-2F52-4B98-A4E0-2C887A370E14}.Release|x86.ActiveCfg = Release|Win32
		{673D5084-2F52-4B98-A4E0-2C887A370E14}.Release|x86.Build.0 = Release|Win32
		{FC81AD10-9AF4-46AC-8E94-E609062300A4}.Debug|x64.ActiveCfg = Debug|x64
		{FC81AD10-9AF4-46AC-8E94-E609062300A4}.Debug|x64.Build.0 = Debug|x64
		{FC81AD10-9AF4-46AC-8E94-E609062300A4}.Debug|x86.ActiveCfg = Debug|Win32
		{FC81AD10-9AF4-46AC-8E94-E609062300A4}.Debug|x86.Build.0 = Debug|Win32
		{FC81AD10-9AF4-46AC-8E94-E609062300A4}.Release|x64.ActiveCfg = Release|x64
		{FC81AD10-9AF4-46AC-8E94-E609062300A4}.Release|x64.Build.0 = Release|x64
		{FC81AD10-9AF4-46AC-8E94-E609062300A4}.Release|x86.ActiveCfg = Release|Win32
		{FC81AD10-9AF4-46AC-8E94-E609062300A4}.Release|x86.Build.0 = Release|Win32
		{2E720EF8-CA58-40E6-BF89-F593C3336874}.Debug|x64.ActiveCfg = Debug|x64
		{2E720EF8-CA58-40E6-BF89-F593C3336874}.Debug|x64.Build.0 = Debug|x64
		{2E720EF8-CA58-40E6-BF89-F593C3336874}.Debug|x86.ActiveCfg = Debug|Win32
		{2E720EF8-CA58-40E6-BF89-F593C3336874}.Debug|x86.Build.0 = Debug|Win32
		{2E720EF8-CA58-40E6-BF89-F593C3336874}.Release|x64.ActiveCfg = Release|x64
		{2E720EF8-CA58-40E6-BF89-F593C3336874}.Release|x64.Build.0 = Release|x64
		{2E720EF8-CA58-40E6-BF89-F593C3336874}.Release|x86.ActiveCfg = Release|Win32
		{2E720EF8-CA58-40E6-BF89-F593C3336874}.Release|x86.Build.0 = Release|Win32
		{59F4DCB5-76A9-4131-9A62-689F9A71D28E}.Debug|x64.ActiveCfg = Debug|x64
		{59F4DCB5-76A9-4131-9A62-689F9A71D28E}.Debug|x64.Build.0 = Debug|x64
		{59F4DCB5-76A9-4131-9A62-689F9A71D28E}.Debug|x86.ActiveCfg = Debug|Win32
		{59F4DCB5-76A9-4131-9A62-689F9A71D28E}.Debug|x86.Build.0 = Debug|Win32
		{59F4DCB5-76A9-4131-9A62-689F9A71D28E}.Release|x64.ActiveCfg = Release|x64
		{59F4DCB5-76A9-4131-9A62-689F9A71D28E}.Release|x64.Build.0 = Release|x64
		{59F4DCB5-76A9-4131-9A62-689F9A71D28E}.Release|x86.ActiveCfg = Release|Win32
		{59F4DCB5-76A9-4131-9A62-689F9A71D28E}.Release|x86.Build.0 = Release|Win32
		{DBFC98C0-F259-4D11-B30F-A286AFF2EF65}.Debug|x64.ActiveCfg = Debug|x64
		{DBFC98C0-F259-4D11-B30F-A286AFF2EF65}.Debug|x64.Build.0 = Debug|x64
		{DBFC98C0-F259-4D11-B30F-A286AFF2EF65}.Debug|x86.ActiveCfg = Debug|Win32
		{DBFC98C0-F259-4D11-B30F-A286AFF2EF65}.Debug|x86.Build.0 = Debug|Win32
		{DBFC98C0-F259-4D11-B30F-A286AFF2EF65}.Release|x64.ActiveCfg = Release|x64
		{DBFC98C0-F259-4D11-B30F-A286AFF2EF65}.Release|x64.Build.0 = Release|x64
		{DBFC98C0-F259-4D11-B30F-A286AFF2EF65}.Release|x86.ActiveCfg = Release|Win32
		{DBFC98C0-F259-4D11-B30F-A286AFF2EF65}.Release|x86.Build.0 = Release|Win32
		{B8D2DE1B-765E-4DC1-811C-7AB14F84B406}.Debug|x64.ActiveCfg = Debug|x64
		{B8D2DE1B-765E-4DC1-811C-7AB14F84B406}.Debug|x64.Build.0 = Debug|x64
		{B8D2DE1B-765E-4DC1-811C-7AB14F84B406}.Debug|x86.ActiveCfg = Debug|Win32
		{B8D2DE1B-765E-4DC1-811C-7AB14F84B406}.Debug|x86.Build.0 = Debug|Win32
		{B8D2DE1B-765E-4DC1-811C-7AB14F84B406}.Release|x64.ActiveCfg = Release|x64
		{B8D2DE1B-765E-4DC1-811C-7AB14F84B406}.Release|x64.Build.0 = Release|x64
		{B8D2DE1B-765E-4DC1-811C-7AB14F84B406}.Release|x86.ActiveCfg = Release|Win32
		{B8D2DE1B-765E-4DC1-811C-7AB14F84B406}.Release|x86.Build.0 = Release|Win32
		{A293EFF8-7AF8-4850-AE58-08F7078182DF}.Debug|x64.ActiveCfg = Debug|x64
		{A293EFF8-7AF8-4850-AE58-08F7078182DF}.Debug|x64.Build.0 = Debug|x64
		{A293EFF8-7AF8-4850-AE58-08F7078182DF}.Debug|x86.ActiveCfg = Debug|Win32
		{A293EFF8-7AF8-4850-AE58-08F7078182DF}.Debug|x86.Build.0 = Debug|Win32
		{A293EFF8-7AF8-4850-AE58-08F7078182DF}.Release|x64.ActiveCfg = Release|x64
		{A293EFF8-7AF8-4850-AE58-08F7078182DF}.Release|x64.Build.0 = Release|x64
		{A293EFF8-7AF8-4850-AE58-08F7078182DF}.Release|x86.ActiveCfg = Release|Win32
		{A293EFF8-7AF8-4850-AE58-08F7078182DF}.Release|x86.Build.0 = Release|Win32
		{44A2FA3D-A782-4E0A-8002-DB22AE7F3B90}.Debug|x64.ActiveCfg = Debug|x64
		{44A2FA3D-A782-4E0A-8002-DB22AE7F3B90}.Debug|x64.Build.0 = Debug|x64
		{44A2FA3D-A782-4E0A-8002-DB22AE7F3B90}.Debug|x86.ActiveCfg = Debug|Win32
		{44A2FA3D-A782-4E0A-8002-DB22AE7F3B90}.Debug|x86.Build.0 = Debug|Win32
		{44A2FA3D-A782-4E0A-8002-DB22AE7F3B90}.Release|x64.ActiveCfg = Release|x64
		{44A2FA3D-A782-4E0A-8002-DB22AE7F3B90}.Release|x64.Build.0 = Release|x64
		{44A2FA3D-A782-4E0A-8002-DB22AE7F3B90}.Release|x86.ActiveCfg = Release|Win32
		{44A2FA3D-A782-4E0A-8002-DB22AE7F3B90}.Release|x86.Build.0 = Release|Win32
		{AB7B5B9E-9955-4E25-A7FE-F17CA3F78ECD}.Debug|x64.ActiveCfg = Debug|x64
		{AB7B5B9E-9955-4E25-A7FE-F17CA3F78ECD}.Debug|x64.Build.0 = Debug|x64
		{AB7B5B9E-9955-4E25-A7FE-F17CA3F78ECD}.Debug|x86.ActiveCfg = Debug|Win32
		{AB7B5B9E-9955-4E25-A7FE-F17CA3F78ECD}.Debug|x86.Build.0 = Debug|Win32
		{AB7B5B9E-9955-4E25-A7FE-F17CA3F78ECD}.Release|x64.ActiveCfg = Release|x64
		{AB7B5B9E-9955-4E25-A7FE-F17CA3F78ECD}.Release|x64.Build.0 = Release|x64
		{AB7B5B9E-9955-4E25-A7FE-F17CA3F78ECD}.Release|x86.ActiveCfg = Release|Win32
		{AB7B5B9E-9955-4E25-A7FE-F17CA3F78ECD}.Release|x86.Build.0 = Release|Win32
		{2EE893DF-0BD3-4085-BACB-9E220891E20F}.Debug|x64.ActiveCfg = Debug|x64
		{2EE893DF-0BD3-4085-BACB-9E220891E20F}.Debug|x64.Build.0 = Debug|x64
		{2EE893DF-0BD3-4085-BACB-9E220891E20F}.Debug|x86.ActiveCfg = Debug|Win32
		{2EE893DF-0BD3-4085-BACB-9E220891E20F}.Debug|x86.Build.0 = Debug|Win32
		{2EE893DF-0BD3-4085-BACB-9E220891E20F}.Release|x64.ActiveCfg = Release|x64
		{2EE893DF-0BD3-4085-BACB-9E220891E20F}.Release|x64.Build.0 = Release|x64
		{2EE893DF-0BD3-4085-BACB-9E220891E20F}.Release|x86.ActiveCfg = Release|Win32
		{2EE893DF-0BD3-4085-BACB-9E220891E20F}.Release|x86.Build.0 = Release|Win32
		{8E96C1D9-D38B-4C62-A399-E534C427BEDE}.Debug|x64.ActiveCfg = Debug|x64
		{8E96C1D9-D38B-4C62-A399-E534C427BEDE}.Debug|x64.Build.0 = Debug|x64
		{8E96C1D9-D38B-4C62-A399-E534C427BEDE}.Debug|x86.ActiveCfg = Debug|Win32
		{8E96C1D9-D38B-4C62-A399-E534C427BEDE}.Debug|x86.Build.0 = Debug|Win32
		{8E96C1D9-D38B-4C62-A399-E534C427BEDE}.Release|x64.ActiveCfg = Release|x64
		{8E96C1D9-D38B-4C62-A399-E534C427BEDE}.Release|x64.Build.0 = Release|x64
		{8E96C1D9-D38B-4C62-A399-E534C427BEDE}.Release|x86.ActiveCfg = Release|Win32
		{8E96C1D9-D38B-4C62-A399-E534C427BEDE}.Release|x86.Build.0 = Release|Win32
		{D1966544-B01B-4646-BDF0-31AFA8294BCA}.Debug|x64.ActiveCfg = Debug|x64
		{D1966544-B01B-4646-BDF0-31AFA8294BCA}.Debug|x64.Build.0 = Debug|x64
		{D1966544-B01B-4646-BDF0-31AFA8294BCA}.Debug|x86.ActiveCfg = Debug|Win32
		{D1966544-B01B-4646-BDF0-31AFA8294BCA}.Debug|x86.Build.0 = Debug|Win32
		{D1966544-B01B-4646-BDF0-31AFA8294BCA}.Release|x64.ActiveCfg = Release|x64
		{D1966544-B01B-4646-BDF0-31AFA8294BCA}.Release|x64.Build.0 = Release|x64
		{D1966544-B01B-4646-BDF0-31AFA8294BCA}.Release|x86.ActiveCfg = Release|Win32
		{D1966544-B01B-4646-BDF0-31AFA8294BCA}.Release|x86.Build.0 = Release|Win32
		{FF80BD46-AC46-46C4-A953-EB2A3E68C739}.Debug|x64.ActiveCfg = Debug|x64
		{FF80BD46-AC46-46C4-A953-EB2A3E68C739}.Debug|x64.Build.0 = Debug|x64
		{FF80BD46-AC46-46C4-A953-EB2A3E68C739}.Debug|x86.ActiveCfg = Debug|Win32
		{FF80BD46-AC46-46C4-A953-EB2A3E68C739}.Debug|x86.Build.0 = Debug|Win32
		{FF80BD46-AC46-46C4-A953-EB2A3E68C739}.Release|x64.ActiveCfg = Release|x64
		{FF80BD46-AC46-46C4-A953-EB2A3E68C739}.Release|x64.Build.0 = Release|x64
		{FF80BD46-AC46-46C4-A953-EB2A3E68C739}.Release|x86.ActiveCfg = Release|Win32
		{FF80BD46-AC46-46C4-A953-EB2A3E68C739}.Release|x86.Build.0 = Release|Win32
		{4EB6ED78-A8B9-493C-9AC4-F7A5C17B250C}.Debug|x64.ActiveCfg = Debug|x64
		{4EB6ED78-A8B9-493C-9AC4-F7A5C17B250C}.Debug|x64.Build.0 = Debug|x64
		{4EB6ED78-A8B9-493C-9AC4-F7A5C17B250C}.Debug|x86.ActiveCfg = Debug|Win32
		{4EB6ED78-A8B9-493C-9AC4-F7A5C17B250C}.Debug|x86.Build.0 = Debug|Win32
		{4EB6ED78-A8B9-493C-9AC4-F7A5C17B250C}.Release|x64.ActiveCfg = Release|x64
		{4EB6ED78-A8B9-493C-9AC4-F7A5C17B250C}.Release|x64.Build.0 = Release|x64
		{4EB6ED78-A8B9-493C-9AC4-F7A5C17B250C}.Release|x86.ActiveCfg = Release|Win32
		{4EB6ED78-A8B9-493C-9AC4-F7A5C17B250C}.Release|x86.Build.0 = Release|Win32
		{EDCFFA70-765E-483D-9E6E-97FAC32DD105}.Debug|x64.ActiveCfg = Debug|x64
		{EDCFFA70-765E-483D-9E6E-97FAC32DD105}.Debug|x64.Build.0 = Debug|x64
		{EDCFFA70-765E-483D-9E6E-97FAC32DD105}.Debug|x86.ActiveCfg = Debug|Win32
		{EDCFFA70-765E-483D-9E6E-97FAC32DD105}.Debug|x86.Build.0 = Debug|Win32
		{EDCFFA70-765E-483D-9E6E-97FAC32DD105}.Release|x64.ActiveCfg = Release|x64
		{EDCFFA70-765E-483D-9E6E-97FAC32DD105}.Release|x64.Build.0 = Release|x64
		{EDCFFA70-765E-483D-9E6E-97FAC32DD105}.Release|x86.ActiveCfg = Release|Win32
		{EDCFFA70-765E-483D-9E6E-97FAC32DD105}.Release|x86.Build.0 = Release|Win32
		{66582C64-214C-4BAE-BBE2-0ADE1C5006B3}.Debug|x64.ActiveCfg = Debug|x64
		{66582C64-214C-4BAE-BBE2-0ADE1C5006B3}.Debug|x64.Build.0 = Debug|x64
		{66582C64-214C-4BAE-BBE2-0ADE1C5006B3}.Debug|x86.ActiveCfg = Debug|Win32
		{66582C64-214C-4BAE-BBE2-0ADE1C5006B3}.Debug|x86.Build.0 = Debug|Win32
		{66582C64-214C-4BAE-BBE2-0ADE1C5006B3}.Release|x64.ActiveCfg = Release|x64
		{66582C64-214C-4BAE-BBE2-0ADE1C5006B3}.Release|x64.Build.0 = Release|x64
		{66582C64-214C-4BAE-BBE2-0ADE1C5006B3}.Release|x86.ActiveCfg = Release|Win32
		{66582C64-214C-4BAE-BBE2-0ADE1C5006B3}.Release|x86.Build.0 = Release|Win32
		{7C4BCFC9-EC83-439D-A883-C301A2972248}.Debug|x64.ActiveCfg = Debug|x64
		{7C4BCFC9-EC83-439D-A883-C301A2972248}.Debug|x64.Build.0 = Debug|x64
		{7C4BCFC9-EC83-439D-A883-C301A2972248}.Debug|x86.ActiveCfg = Debug|Win32
		{7C4BCFC9-EC83-439D-A883-C301A2972248}.Debug|x86.Build.0 = Debug|Win32
		{7C4BCFC9-EC83-439D-A883-C301A2972248}.Release|x64.ActiveCfg = Release|x64
		{7C4BCFC9-EC83-439D-A883-C301A2972248}.Release|x64.Build.0 = Release|x64
		{7C4BCFC9-EC83-439D-A883-C301A2972248}.Release|x86.ActiveCfg = Release|Win32
		{7C4BCFC9-EC83-439D-A883-C301A2972248}.Release|x86.Build.0 = Release|Win32
		{266C1F23-CF3F-4BFE-AA71-ACE60A6AFE6D}.Debug|x64.ActiveCfg = Debug|x64
		{266C1F23-CF3F-4BFE-AA71-ACE60A6AFE6D}.Debug|x64.Build.0 = Debug|x64
		{266C1F23-CF3F-4BFE-AA71-ACE60A6AFE6D}.Debug|x86.ActiveCfg = Debug|Win32
		{266C1F23-CF3F-4BFE-AA71-ACE60A6AFE6D}.Debug|x86.Build.0 = Debug|Win32
		{266C1F23-CF3F-4BFE-AA71-ACE60A6AFE6D}.Release|x64.ActiveCfg = Release|x64
		{266C1F23-CF3F-4BFE-AA71-ACE60A6AFE6D}.Release|x64.Build.0 = Release|x64
		{266C1F23-CF3F-4BFE-AA71-ACE60A6AFE6D}.Release|x86.ActiveCfg = Release|Win32
		{266C1F23-CF3F-4BFE-AA71-ACE60A6AFE6D}.Release|x86.Build.0 = Release|Win32
		{3CF48222-2F40-47E3-B159-EFA1AA4A1F06}.Debug|x64.ActiveCfg = Debug|x64
		{3CF48222-2F40-47E3-B159-EFA1AA4A1F06}.Debug|x64.Build.0 = Debug|x64
		{3CF48222-2F40-47E3-B159-EFA1AA4A1F06}.Debug|x86.ActiveCfg = Debug|Win32
		{3CF48222-2F40-47E3-B159-EFA1AA4A1F06}.Debug|x86.Build.0 = Debug|Win32
		{3CF48222-2F40-47E3-B159-EFA1AA4A1F06}.Release|x64.ActiveCfg = Release|x64
		{3CF48222-2F40-47E3-B159-EFA1AA4A1F06}.Release|x64.Build.0 = Release|x64
		{3CF48222-2F40-47E3-B159-EFA1AA4A1F06}.Release|x86.ActiveCfg = Release|Win32
		{3CF48222-2F40-47E3-B159-EFA1AA4A1F06}.Release|x86.Build.0 = Release|Win32
		{591BBB64-32A4-446C-A1D6-2D16D7DB54E2}.Debug|x64.ActiveCfg = Debug|x64
		{591BBB64-32A4-446C-A1D6-2D16D7DB54E2}.Debug|x64.Build.0 = Debug|x64
		{591BBB64-32A4-446C-A1D6-2D16D7DB54E2}.Debug|x86.ActiveCfg = Debug|Win32
		{591BBB64-32A4-446C-A1D6-2D16D7DB54E2}.Debug|x86.Build.0 = Debug|Win32
		{591BBB64-32A4-446C-A1D6-2D16D7DB54E2}.Release|x64.ActiveCfg = Release|x64
		{591BBB64-32A4-446C-A1D6-2D16D7DB54E2}.Release|x64.Build.0 = Release|x64
		{591BBB64-32A4-446C-A1D6-2D16D7DB54E2}.Release|x86.ActiveCfg = Release|Win32
		{591BBB64-32A4-446C-A1D6-2D16D7DB54E2}.Release|x86.Build.0 = Release|Win32
		{60142B4F-C8E4-45B4-9B62-37971230DAC1}.Debug|x64.ActiveCfg = Debug|x64
		{60142B4F-C8E4-45B4-9B62-37971230DAC1}.Debug|x64.Build.0 = Debug|x64
		{60142B4F-C8E4-45B4-9B62-37971230DAC1}.Debug|x86.ActiveCfg = Debug|Win32
		{60142B4F-C8E4-45B4-9B62-37971230DAC1}.Debug|x86.Build.0 = Debug|Win32
		{60142B4F-C8E4-45B4-9B62-37971230DAC1}.Release|x64.ActiveCfg = Release|x64
		{60142B4F-C8E4-45B4-9B62-37971230DAC1}.Release|x64.Build.0 = Release|x64
		{60142B4F-C8E4-45B4-9B62-37971230DAC1}.Release|x86.ActiveCfg = Release|Win32
		{60142B4F-C8E4-45B4-9B62-37971230DAC1}.Release|x86.Build.0 = Release|Win32
		{576C5BCC-CEB6-4B48-B482-298CB3604A3A}.Debug|x64.ActiveCfg = Debug|x64
		{576C5BCC-CEB6-4B48-B482-298CB3604A3A}.Debug|x64.Build.0 = Debug|x64
		{576C5BCC-CEB6-4B48-B482-298CB3604A3A}.Debug|x86.ActiveCfg = Debug|Win32
		{576C5BCC-CEB6-4B48-B482-298CB3604A3A}.Debug|x86.Build.0 = Debug|Win32
		{576C5BCC-CEB6-4B48-B482-298CB3604A3A}.Release|x64.ActiveCfg = Release|x64
		{576C5BCC-CEB6-4B48-B482-298CB3604A3A}.Release|x64.Build.0 = Release|x64
		{576C5BCC-CEB6-4B48-B482-298CB3604A3A}.Release|x86.ActiveCfg = Release|Win32
		{576C5BCC-CEB6-4B48-B482-298CB3604A3A}.Release|x86.Build.0 = Release|Win32
		{41FBA2BE-423E-4C46-8708-C278A88BB852}.Debug|x64.ActiveCfg = Debug|x64
		{41FBA2BE-423E-4C46-8708-C278A88BB852}.Debug|x64.Build.0 = Debug|x64
		{41FBA2BE-423E-4C46-8708-C278A88BB852}.Debug|x86.ActiveCfg = Debug|Win32
		{41FBA2BE-423E-4C46-8708-C278A88BB852}.Debug|x86.Build.0 = Debug|Win32
		{41FBA2BE-423E-4C46-8708-C278A88BB852}.Release|x64.ActiveCfg = Release|x64
		{41FBA2BE-423E-4C46-8708-C278A88BB852}.Release|x64.Build.0 = Release|x64
		{41FBA2BE-423E-4C46-8708-C278A88BB852}.Release|x86.ActiveCfg = Release|Win32
		{41FBA2BE-423E-4C46-8708-C278A88BB852}.Release|x86.Build.0 = Release|Win32
		{B14CA410-33E2-4FCC-8203-DDEC2C57C802}.Debug|x64.ActiveCfg = Debug|x64
		{B14CA410-33E2-4FCC-8203-DDEC2C57C802}.Debug|x64.Build.0 = Debug|x64
		{B14CA410-33E2-4FCC-8203-DDEC2C57C802}.Debug|x86.ActiveCfg = Debug|Win32
		{B14CA410-33E2-4FCC-8203-DDEC2C57C802}.Debug|x86.Build.0 = Debug|Win32
		{B14CA410-33E2-4FCC-8203-DDEC2C57C802}.Release|x64.ActiveCfg = Release|x64
		{B14CA410-33E2-4FCC-8203-DDEC2C57C802}.Release|x64.Build.0 = Release|x64
		{B14CA410-33E2-4FCC-8203-DDEC2C57C802}.Release|x86.ActiveCfg = Release|Win32
		{B14CA410-33E2-4FCC-8203-DDEC2C57C802}.Release|x86.Build.0 = Release|Win32
		{911E6CE5-2C1E-448F-9557-A0B8D732E3B9}.Debug|x64.ActiveCfg = Debug|x64
		{911E6CE5-2C1E-448F-9557-A0B8D732E3B9}.Debug|x64.Build.0 = Debug|x64
		{911E6CE5-2C1E-448F-9557-A0B8D732E3B9}.Debug|x86.ActiveCfg = Debug|Win32
		{911E6CE5-2C1E-448F-9557-A0B8D732E3B9}.Debug|x86.Build.0 = Debug|Win32
		{911E6CE5-2C1E-448F-9557-A0B8D732E3B9}.Release|x64.ActiveCfg = Release|x64
		{911E6CE5-2C1E-448F-9557-A0B8D732E3B9}.Release|x64.Build.0 = Release|x64
		{911E6CE5-2C1E-448F-9557-A0B8D732E3B9}.Release|x86.ActiveCfg = Release|Win32
		{911E6CE5-2C1E-448F-9557-A0B8D732E3B9}.Release|x86.Build.0 = Release|Win32
		{F7BB5092-943B-4776-BC2B-FBD28FB4BAF4}.Debug|x64.ActiveCfg = Debug|x64
		{F7BB5092-943B-4776-BC2B-FBD28FB4BAF4}.Debug|x64.Build.0 = Debug|x64
		{F7BB5092-943B-4776-BC2B-FBD28FB4BAF4}.Debug|x86.ActiveCfg = Debug|Win32
		{F7BB5092-943B-4776-BC2B-FBD28FB4BAF4}.Debug|x86.Build.0 = Debug|Win32
		{F7BB5092-943B-4776-BC2B-FBD28FB4BAF4}.Release|x64.ActiveCfg = Release|x64
		{F7BB5092-943B-4776-BC2B-FBD28FB4BAF4}.Release|x64.Build.0 = Release|x64
		{F7BB5092-943B-4776-BC2B-FBD28FB4BAF4}.Release|x86.ActiveCfg = Release|Win32
		{F7BB5092-943B-4776-BC2B-FBD28FB4BAF4}.Release|x86.Build.0 = Release|Win32
		{56946665-3C7F-4A5D-9E2C-4FCE0EA20493}.Debug|x64.ActiveCfg = Debug|x64
		{56946665-3C7F-4A5D-9E2C-4FCE0EA20493}.Debug|x64.Build.0 = Debug|x64
		{56946665-3C7F-4A5D-9E2C-4FCE0EA20493}.Debug|x86.ActiveCfg = Debug|Win32
		{56946665-3C7F-4A5D-9E2C-4FCE0EA20493}.Debug|x86.Build.0 = Debug|Win32
		{56946665-3C7F-4A5D-9E2C-4FCE0EA20493}.Release|x64.ActiveCfg = Release|x64
		{56946665-3C7F-4A5D-9E2C-4FCE0EA20493}.Release|x64.Build.0 = Release|x64
		{56946665-3C7F-4A5D-9E2C-4FCE0EA20493}.Release|x86.ActiveCfg = Release|Win32
		{56946665-3C7F-4A5D-9E2C-4FCE0EA20493}.Release|x86.Build.0 = Release|Win32
		{753829DB-A189-4FB7-B687-5DC50E4B47C4}.Debug|x64.ActiveCfg = Debug|x64
		{753829DB-A189-4FB7-B687-5DC50E4B47C4}.Debug|x64.Build.0 = Debug|x64
		{753829DB-A189-4FB7-B687-5DC50E4B47C4}.Debug|x86.ActiveCfg = Debug|Win32
		{753829DB-A189-4FB7-B687-5DC50E4B47C4}.Debug|x86.Build.0 = Debug|Win32
		{753829DB-A189-4FB7-B687-5DC50E4B47C4}.Release|x64.ActiveCfg = Release|x64
		{753829DB-A189-4FB7-B687-5DC50E4B47C4}.Release|x64.Build.0 = Release|x64
		{753829DB-A189-4FB7-B687-5DC50E4B47C4}.Release|x86.ActiveCfg = Release|Win32
		{753829DB-A189-4FB7-B687-5DC50E4B47C4}.Release|x86.Build.0 = Release|Win32
		{922744B0-AC3A-4D62-BF88-0AE6FB10EBE4}.Debug|x64.ActiveCfg = Debug|x64
		{922744B0-AC3A-4D62-BF88-0AE6FB10EBE4}.Debug|x64.Build.0 = Debug|x64
		{922744B0-AC3A-4D62-BF88-0AE6FB10EBE4}.Debug|x86.ActiveCfg = Debug|Win32
		{922744B0-AC3A-4D62-BF88-0AE6FB10EBE4}.Debug|x86.Build.0 = Debug|Win32
		{922744B0-AC3A-4D62-BF88-0AE6FB10EBE4}.Release|x64.ActiveCfg = Release|x64
		{922744B0-AC3A-4D62-BF88-0AE6FB10EBE4}.Release|x64.Build.0 = Release|x64
		{922744B0-AC3A-4D62-BF88-0AE6FB10EBE4}.Release|x86.ActiveCfg = Release|Win32
		{922744B0-AC3A-4D62-BF88-0AE6FB10EBE4}.Release|x86.Build.0 = Release|Win32
		{1E990FC1-70DD-4027-8F55-5D2FE1C70D04}.Debug|x64.ActiveCfg = Debug|x64
		{1E990FC1-70DD-4027-8F55-5D2FE1C70D04}.Debug|x64.Build.0 = Debug|x64
		{1E990FC1-70DD-4027-8F55-5D2FE1C70D04}.Debug|x86.ActiveCfg = Debug|Win32
		{1E990FC1-70DD-4027-8F55-5D2FE1C70D04}.Debug|x86.Build.0 = Debug|Win32
		{1E990FC1-70DD-4027-8F55-5D2FE1C70D04}.Release|x64.ActiveCfg = Release|x64
		{1E990FC1-70DD-4027-8F55-5D2FE1C70D04}.Release|x64.Build.0 = Release|x64
		{1E990FC1-70DD-4027-8F55-5D2FE1C70D04}.Release|x86.ActiveCfg = Release|Win32
		{1E990FC1-70DD-4027-8F55-5D2FE1C70D04}.Release|x86.Build.0 = Release|Win32
		{CE2C83A8-29F9-4B71-AD5E-04E0664A6D55}.Debug|x64.ActiveCfg = Debug|x64
		{CE2C83A8-29F9-4B71-AD5E-04E0664A6D55}.Debug|x64.Build.0 = Debug|x64
		{CE2C83A8-29F9-4B71-AD5E-04E0664A6D55}.Debug|x86.ActiveCfg = Debug|Win32
		{CE2C83A8-29F9-4B71-AD5E-04E0664A6D55}.Debug|x86.Build.0 = Debug|Win32
		{CE2C83A8-29F9-4B71-AD5E-04E0664A6D55}.Release|x64.ActiveCfg = Release|x64
		{CE2C83A8-29F9-4B71-AD5E-04E0664A6D55}.Release|x64.Build.0 = Release|x64
		{CE2C83A8-29F9-4B71-AD5E-04E0664A6D55}.Release|x86.ActiveCfg = Release|Win32
		{CE2C83A8-29F9-4B71-AD5E-04E0664A6D55}.Release|x86.Build.0 = Release|Win32
	EndGlobalSection
	GlobalSection(SolutionProperties) = preSolution
		HideSolutionNode = FALSE
	EndGlobalSection
	GlobalSection(ExtensibilityGlobals) = postSolution
		SolutionGuid = {8B668D4F-70B4-432E-AB98-940636008264}
	EndGlobalSection
EndGlobal
